// !$*UTF8*$!
{
	archiveVersion = 1;
	classes = {
	};
	objectVersion = 46;
	objects = {

/* Begin PBXBuildFile section */
		E84E88731F6CF8E2004F4BE9 /* GCTableViewCellKeyValue.m in Sources */ = {isa = PBXBuildFile; fileRef = E84E88581F6CF8E2004F4BE9 /* GCTableViewCellKeyValue.m */; };
		E84E88741F6CF8E2004F4BE9 /* GCTableViewCellRightImage.m in Sources */ = {isa = PBXBuildFile; fileRef = E84E885C1F6CF8E2004F4BE9 /* GCTableViewCellRightImage.m */; };
		E84E88751F6CF8E2004F4BE9 /* GCTableViewCellRightImageDisclosure.m in Sources */ = {isa = PBXBuildFile; fileRef = E84E88601F6CF8E2004F4BE9 /* GCTableViewCellRightImageDisclosure.m */; };
		E84E88761F6CF8E2004F4BE9 /* GCTableViewCellSubtitleRightImage.m in Sources */ = {isa = PBXBuildFile; fileRef = E84E88641F6CF8E2004F4BE9 /* GCTableViewCellSubtitleRightImage.m */; };
		E84E88771F6CF8E2004F4BE9 /* GCTableViewCellSubtitleRightImageDisclosure.m in Sources */ = {isa = PBXBuildFile; fileRef = E84E88681F6CF8E2004F4BE9 /* GCTableViewCellSubtitleRightImageDisclosure.m */; };
		E84E88781F6CF8E2004F4BE9 /* GCTableViewCellSwitch.m in Sources */ = {isa = PBXBuildFile; fileRef = E84E886C1F6CF8E2004F4BE9 /* GCTableViewCellSwitch.m */; };
		E84E88791F6CF8E2004F4BE9 /* GCTableViewCellWithSubtitle.m in Sources */ = {isa = PBXBuildFile; fileRef = E84E88701F6CF8E2004F4BE9 /* GCTableViewCellWithSubtitle.m */; };
		E857843F1F6BE46D00D25EE6 /* GCViewController.m in Sources */ = {isa = PBXBuildFile; fileRef = E857843E1F6BE46D00D25EE6 /* GCViewController.m */; };
		E85784421F6BE6C400D25EE6 /* GCTableViewController.m in Sources */ = {isa = PBXBuildFile; fileRef = E85784411F6BE6C400D25EE6 /* GCTableViewController.m */; };
		E881C9DB1F6B788200A17060 /* GCTableViewCell.m in Sources */ = {isa = PBXBuildFile; fileRef = E881C9DA1F6B788100A17060 /* GCTableViewCell.m */; };
		E881CA881F6BB0A000A17060 /* GCURLRequest.m in Sources */ = {isa = PBXBuildFile; fileRef = E881CA871F6BB0A000A17060 /* GCURLRequest.m */; };
		E8EE47931F6B457C00AB13BC /* BaseObjectsLibrary.h in CopyFiles */ = {isa = PBXBuildFile; fileRef = E8EE47901F6B457C00AB13BC /* BaseObjectsLibrary.h */; };
		E8EE47AB1F6B45C700AB13BC /* GCArray.m in Sources */ = {isa = PBXBuildFile; fileRef = E8EE47AA1F6B45C700AB13BC /* GCArray.m */; };
		E8EE47BF1F6B479B00AB13BC /* GCDataObjects.m in Sources */ = {isa = PBXBuildFile; fileRef = E8EE47BA1F6B479B00AB13BC /* GCDataObjects.m */; };
		E8EE47C01F6B479B00AB13BC /* GCDictionary.m in Sources */ = {isa = PBXBuildFile; fileRef = E8EE47BC1F6B479B00AB13BC /* GCDictionary.m */; };
		E8EE47C11F6B479B00AB13BC /* GCString.m in Sources */ = {isa = PBXBuildFile; fileRef = E8EE47BE1F6B479B00AB13BC /* GCString.m */; };
		E8EE47C41F6B484200AB13BC /* GCLocationCoordinate2D.m in Sources */ = {isa = PBXBuildFile; fileRef = E8EE47C31F6B484200AB13BC /* GCLocationCoordinate2D.m */; };
		E8EE47CC1F6B4AA100AB13BC /* GCBoundingBox.m in Sources */ = {isa = PBXBuildFile; fileRef = E8EE47CB1F6B4AA100AB13BC /* GCBoundingBox.m */; };
		E8EE47E81F6B4ECC00AB13BC /* GCButton.m in Sources */ = {isa = PBXBuildFile; fileRef = E8EE47E71F6B4ECC00AB13BC /* GCButton.m */; };
		E8EE47EB1F6B50A100AB13BC /* GCFilterButton.m in Sources */ = {isa = PBXBuildFile; fileRef = E8EE47EA1F6B50A100AB13BC /* GCFilterButton.m */; };
		E8EE47EE1F6B514800AB13BC /* GCCloseButton.m in Sources */ = {isa = PBXBuildFile; fileRef = E8EE47ED1F6B514800AB13BC /* GCCloseButton.m */; };
		E8EE47F21F6B548000AB13BC /* GCLabel.m in Sources */ = {isa = PBXBuildFile; fileRef = E8EE47F11F6B548000AB13BC /* GCLabel.m */; };
		E8EE47F51F6B550600AB13BC /* GCSmallLabel.m in Sources */ = {isa = PBXBuildFile; fileRef = E8EE47F41F6B550600AB13BC /* GCSmallLabel.m */; };
		E8EE47FC1F6B567F00AB13BC /* GCImageView.m in Sources */ = {isa = PBXBuildFile; fileRef = E8EE47F71F6B567F00AB13BC /* GCImageView.m */; };
		E8EE47FD1F6B567F00AB13BC /* GCScrollView.m in Sources */ = {isa = PBXBuildFile; fileRef = E8EE47F91F6B567F00AB13BC /* GCScrollView.m */; };
		E8EE47FE1F6B567F00AB13BC /* GCSwitch.m in Sources */ = {isa = PBXBuildFile; fileRef = E8EE47FB1F6B567F00AB13BC /* GCSwitch.m */; };
		E8EE480A1F6B57DA00AB13BC /* GCTableViewHeaderFooterView.m in Sources */ = {isa = PBXBuildFile; fileRef = E8EE48021F6B57DA00AB13BC /* GCTableViewHeaderFooterView.m */; };
		E8EE480B1F6B57DA00AB13BC /* GCTextblock.m in Sources */ = {isa = PBXBuildFile; fileRef = E8EE48041F6B57DA00AB13BC /* GCTextblock.m */; };
		E8EE480C1F6B57DA00AB13BC /* GCView.m in Sources */ = {isa = PBXBuildFile; fileRef = E8EE48061F6B57DA00AB13BC /* GCView.m */; };
/* End PBXBuildFile section */

/* Begin PBXCopyFilesBuildPhase section */
		E8EE478B1F6B457C00AB13BC /* CopyFiles */ = {
			isa = PBXCopyFilesBuildPhase;
			buildActionMask = 2147483647;
			dstPath = "include/$(PRODUCT_NAME)";
			dstSubfolderSpec = 16;
			files = (
				E8EE47931F6B457C00AB13BC /* BaseObjectsLibrary.h in CopyFiles */,
			);
			runOnlyForDeploymentPostprocessing = 0;
		};
/* End PBXCopyFilesBuildPhase section */

/* Begin PBXFileReference section */
		E84E88571F6CF8E2004F4BE9 /* GCTableViewCellKeyValue.h */ = {isa = PBXFileReference; fileEncoding = 4; lastKnownFileType = sourcecode.c.h; path = GCTableViewCellKeyValue.h; sourceTree = "<group>"; };
		E84E88581F6CF8E2004F4BE9 /* GCTableViewCellKeyValue.m */ = {isa = PBXFileReference; fileEncoding = 4; lastKnownFileType = sourcecode.c.objc; path = GCTableViewCellKeyValue.m; sourceTree = "<group>"; };
		E84E88591F6CF8E2004F4BE9 /* GCTableViewCellKeyValue.xib */ = {isa = PBXFileReference; fileEncoding = 4; lastKnownFileType = file.xib; path = GCTableViewCellKeyValue.xib; sourceTree = "<group>"; };
		E84E885A1F6CF8E2004F4BE9 /* GCTableViewCellKeyValue~ipad.xib */ = {isa = PBXFileReference; fileEncoding = 4; lastKnownFileType = file.xib; path = "GCTableViewCellKeyValue~ipad.xib"; sourceTree = "<group>"; };
		E84E885B1F6CF8E2004F4BE9 /* GCTableViewCellRightImage.h */ = {isa = PBXFileReference; fileEncoding = 4; lastKnownFileType = sourcecode.c.h; path = GCTableViewCellRightImage.h; sourceTree = "<group>"; };
		E84E885C1F6CF8E2004F4BE9 /* GCTableViewCellRightImage.m */ = {isa = PBXFileReference; fileEncoding = 4; lastKnownFileType = sourcecode.c.objc; path = GCTableViewCellRightImage.m; sourceTree = "<group>"; };
		E84E885D1F6CF8E2004F4BE9 /* GCTableViewCellRightImage.xib */ = {isa = PBXFileReference; fileEncoding = 4; lastKnownFileType = file.xib; path = GCTableViewCellRightImage.xib; sourceTree = "<group>"; };
		E84E885E1F6CF8E2004F4BE9 /* GCTableViewCellRightImage~ipad.xib */ = {isa = PBXFileReference; fileEncoding = 4; lastKnownFileType = file.xib; path = "GCTableViewCellRightImage~ipad.xib"; sourceTree = "<group>"; };
		E84E885F1F6CF8E2004F4BE9 /* GCTableViewCellRightImageDisclosure.h */ = {isa = PBXFileReference; fileEncoding = 4; lastKnownFileType = sourcecode.c.h; path = GCTableViewCellRightImageDisclosure.h; sourceTree = "<group>"; };
		E84E88601F6CF8E2004F4BE9 /* GCTableViewCellRightImageDisclosure.m */ = {isa = PBXFileReference; fileEncoding = 4; lastKnownFileType = sourcecode.c.objc; path = GCTableViewCellRightImageDisclosure.m; sourceTree = "<group>"; };
		E84E88611F6CF8E2004F4BE9 /* GCTableViewCellRightImageDisclosure.xib */ = {isa = PBXFileReference; fileEncoding = 4; lastKnownFileType = file.xib; path = GCTableViewCellRightImageDisclosure.xib; sourceTree = "<group>"; };
		E84E88621F6CF8E2004F4BE9 /* GCTableViewCellRightImageDisclosure~ipad.xib */ = {isa = PBXFileReference; fileEncoding = 4; lastKnownFileType = file.xib; path = "GCTableViewCellRightImageDisclosure~ipad.xib"; sourceTree = "<group>"; };
		E84E88631F6CF8E2004F4BE9 /* GCTableViewCellSubtitleRightImage.h */ = {isa = PBXFileReference; fileEncoding = 4; lastKnownFileType = sourcecode.c.h; path = GCTableViewCellSubtitleRightImage.h; sourceTree = "<group>"; };
		E84E88641F6CF8E2004F4BE9 /* GCTableViewCellSubtitleRightImage.m */ = {isa = PBXFileReference; fileEncoding = 4; lastKnownFileType = sourcecode.c.objc; path = GCTableViewCellSubtitleRightImage.m; sourceTree = "<group>"; };
		E84E88651F6CF8E2004F4BE9 /* GCTableViewCellSubtitleRightImage.xib */ = {isa = PBXFileReference; fileEncoding = 4; lastKnownFileType = file.xib; path = GCTableViewCellSubtitleRightImage.xib; sourceTree = "<group>"; };
		E84E88661F6CF8E2004F4BE9 /* GCTableViewCellSubtitleRightImage~ipad.xib */ = {isa = PBXFileReference; fileEncoding = 4; lastKnownFileType = file.xib; path = "GCTableViewCellSubtitleRightImage~ipad.xib"; sourceTree = "<group>"; };
		E84E88671F6CF8E2004F4BE9 /* GCTableViewCellSubtitleRightImageDisclosure.h */ = {isa = PBXFileReference; fileEncoding = 4; lastKnownFileType = sourcecode.c.h; path = GCTableViewCellSubtitleRightImageDisclosure.h; sourceTree = "<group>"; };
		E84E88681F6CF8E2004F4BE9 /* GCTableViewCellSubtitleRightImageDisclosure.m */ = {isa = PBXFileReference; fileEncoding = 4; lastKnownFileType = sourcecode.c.objc; path = GCTableViewCellSubtitleRightImageDisclosure.m; sourceTree = "<group>"; };
		E84E88691F6CF8E2004F4BE9 /* GCTableViewCellSubtitleRightImageDisclosure.xib */ = {isa = PBXFileReference; fileEncoding = 4; lastKnownFileType = file.xib; path = GCTableViewCellSubtitleRightImageDisclosure.xib; sourceTree = "<group>"; };
		E84E886A1F6CF8E2004F4BE9 /* GCTableViewCellSubtitleRightImageDisclosure~ipad.xib */ = {isa = PBXFileReference; fileEncoding = 4; lastKnownFileType = file.xib; path = "GCTableViewCellSubtitleRightImageDisclosure~ipad.xib"; sourceTree = "<group>"; };
		E84E886B1F6CF8E2004F4BE9 /* GCTableViewCellSwitch.h */ = {isa = PBXFileReference; fileEncoding = 4; lastKnownFileType = sourcecode.c.h; path = GCTableViewCellSwitch.h; sourceTree = "<group>"; };
		E84E886C1F6CF8E2004F4BE9 /* GCTableViewCellSwitch.m */ = {isa = PBXFileReference; fileEncoding = 4; lastKnownFileType = sourcecode.c.objc; path = GCTableViewCellSwitch.m; sourceTree = "<group>"; };
		E84E886D1F6CF8E2004F4BE9 /* GCTableViewCellSwitch.xib */ = {isa = PBXFileReference; fileEncoding = 4; lastKnownFileType = file.xib; path = GCTableViewCellSwitch.xib; sourceTree = "<group>"; };
		E84E886E1F6CF8E2004F4BE9 /* GCTableViewCellSwitch~ipad.xib */ = {isa = PBXFileReference; fileEncoding = 4; lastKnownFileType = file.xib; path = "GCTableViewCellSwitch~ipad.xib"; sourceTree = "<group>"; };
		E84E886F1F6CF8E2004F4BE9 /* GCTableViewCellWithSubtitle.h */ = {isa = PBXFileReference; fileEncoding = 4; lastKnownFileType = sourcecode.c.h; path = GCTableViewCellWithSubtitle.h; sourceTree = "<group>"; };
		E84E88701F6CF8E2004F4BE9 /* GCTableViewCellWithSubtitle.m */ = {isa = PBXFileReference; fileEncoding = 4; lastKnownFileType = sourcecode.c.objc; path = GCTableViewCellWithSubtitle.m; sourceTree = "<group>"; };
		E84E88711F6CF8E2004F4BE9 /* GCTableViewCellWithSubtitle.xib */ = {isa = PBXFileReference; fileEncoding = 4; lastKnownFileType = file.xib; path = GCTableViewCellWithSubtitle.xib; sourceTree = "<group>"; };
		E84E88721F6CF8E2004F4BE9 /* GCTableViewCellWithSubtitle~ipad.xib */ = {isa = PBXFileReference; fileEncoding = 4; lastKnownFileType = file.xib; path = "GCTableViewCellWithSubtitle~ipad.xib"; sourceTree = "<group>"; };
		E857843D1F6BE46D00D25EE6 /* GCViewController.h */ = {isa = PBXFileReference; fileEncoding = 4; lastKnownFileType = sourcecode.c.h; path = GCViewController.h; sourceTree = "<group>"; };
		E857843E1F6BE46D00D25EE6 /* GCViewController.m */ = {isa = PBXFileReference; fileEncoding = 4; lastKnownFileType = sourcecode.c.objc; path = GCViewController.m; sourceTree = "<group>"; };
		E85784401F6BE6C400D25EE6 /* GCTableViewController.h */ = {isa = PBXFileReference; fileEncoding = 4; lastKnownFileType = sourcecode.c.h; path = GCTableViewController.h; sourceTree = "<group>"; };
		E85784411F6BE6C400D25EE6 /* GCTableViewController.m */ = {isa = PBXFileReference; fileEncoding = 4; lastKnownFileType = sourcecode.c.objc; path = GCTableViewController.m; sourceTree = "<group>"; };
		E881C9D91F6B788100A17060 /* GCTableViewCell.h */ = {isa = PBXFileReference; fileEncoding = 4; lastKnownFileType = sourcecode.c.h; path = GCTableViewCell.h; sourceTree = "<group>"; };
		E881C9DA1F6B788100A17060 /* GCTableViewCell.m */ = {isa = PBXFileReference; fileEncoding = 4; lastKnownFileType = sourcecode.c.objc; path = GCTableViewCell.m; sourceTree = "<group>"; };
		E881CA861F6BB0A000A17060 /* GCURLRequest.h */ = {isa = PBXFileReference; fileEncoding = 4; lastKnownFileType = sourcecode.c.h; path = GCURLRequest.h; sourceTree = "<group>"; };
		E881CA871F6BB0A000A17060 /* GCURLRequest.m */ = {isa = PBXFileReference; fileEncoding = 4; lastKnownFileType = sourcecode.c.objc; path = GCURLRequest.m; sourceTree = "<group>"; };
		E8EE478D1F6B457C00AB13BC /* libBaseObjectsLibrary.a */ = {isa = PBXFileReference; explicitFileType = archive.ar; includeInIndex = 0; path = libBaseObjectsLibrary.a; sourceTree = BUILT_PRODUCTS_DIR; };
		E8EE47901F6B457C00AB13BC /* BaseObjectsLibrary.h */ = {isa = PBXFileReference; lastKnownFileType = sourcecode.c.h; path = BaseObjectsLibrary.h; sourceTree = "<group>"; };
		E8EE47A91F6B45C700AB13BC /* GCArray.h */ = {isa = PBXFileReference; fileEncoding = 4; lastKnownFileType = sourcecode.c.h; path = GCArray.h; sourceTree = "<group>"; };
		E8EE47AA1F6B45C700AB13BC /* GCArray.m */ = {isa = PBXFileReference; fileEncoding = 4; lastKnownFileType = sourcecode.c.objc; path = GCArray.m; sourceTree = "<group>"; };
		E8EE47B91F6B479B00AB13BC /* GCDataObjects.h */ = {isa = PBXFileReference; fileEncoding = 4; lastKnownFileType = sourcecode.c.h; path = GCDataObjects.h; sourceTree = "<group>"; };
		E8EE47BA1F6B479B00AB13BC /* GCDataObjects.m */ = {isa = PBXFileReference; fileEncoding = 4; lastKnownFileType = sourcecode.c.objc; path = GCDataObjects.m; sourceTree = "<group>"; };
		E8EE47BB1F6B479B00AB13BC /* GCDictionary.h */ = {isa = PBXFileReference; fileEncoding = 4; lastKnownFileType = sourcecode.c.h; path = GCDictionary.h; sourceTree = "<group>"; };
		E8EE47BC1F6B479B00AB13BC /* GCDictionary.m */ = {isa = PBXFileReference; fileEncoding = 4; lastKnownFileType = sourcecode.c.objc; path = GCDictionary.m; sourceTree = "<group>"; };
		E8EE47BD1F6B479B00AB13BC /* GCString.h */ = {isa = PBXFileReference; fileEncoding = 4; lastKnownFileType = sourcecode.c.h; path = GCString.h; sourceTree = "<group>"; };
		E8EE47BE1F6B479B00AB13BC /* GCString.m */ = {isa = PBXFileReference; fileEncoding = 4; lastKnownFileType = sourcecode.c.objc; path = GCString.m; sourceTree = "<group>"; };
		E8EE47C21F6B484200AB13BC /* GCLocationCoordinate2D.h */ = {isa = PBXFileReference; fileEncoding = 4; lastKnownFileType = sourcecode.c.h; path = GCLocationCoordinate2D.h; sourceTree = "<group>"; };
		E8EE47C31F6B484200AB13BC /* GCLocationCoordinate2D.m */ = {isa = PBXFileReference; fileEncoding = 4; lastKnownFileType = sourcecode.c.objc; path = GCLocationCoordinate2D.m; sourceTree = "<group>"; };
		E8EE47CA1F6B4AA100AB13BC /* GCBoundingBox.h */ = {isa = PBXFileReference; fileEncoding = 4; lastKnownFileType = sourcecode.c.h; path = GCBoundingBox.h; sourceTree = "<group>"; };
		E8EE47CB1F6B4AA100AB13BC /* GCBoundingBox.m */ = {isa = PBXFileReference; fileEncoding = 4; lastKnownFileType = sourcecode.c.objc; path = GCBoundingBox.m; sourceTree = "<group>"; };
		E8EE47E61F6B4ECC00AB13BC /* GCButton.h */ = {isa = PBXFileReference; fileEncoding = 4; lastKnownFileType = sourcecode.c.h; path = GCButton.h; sourceTree = "<group>"; };
		E8EE47E71F6B4ECC00AB13BC /* GCButton.m */ = {isa = PBXFileReference; fileEncoding = 4; lastKnownFileType = sourcecode.c.objc; path = GCButton.m; sourceTree = "<group>"; };
		E8EE47E91F6B50A100AB13BC /* GCFilterButton.h */ = {isa = PBXFileReference; fileEncoding = 4; lastKnownFileType = sourcecode.c.h; path = GCFilterButton.h; sourceTree = "<group>"; };
		E8EE47EA1F6B50A100AB13BC /* GCFilterButton.m */ = {isa = PBXFileReference; fileEncoding = 4; lastKnownFileType = sourcecode.c.objc; path = GCFilterButton.m; sourceTree = "<group>"; };
		E8EE47EC1F6B514800AB13BC /* GCCloseButton.h */ = {isa = PBXFileReference; fileEncoding = 4; lastKnownFileType = sourcecode.c.h; path = GCCloseButton.h; sourceTree = "<group>"; };
		E8EE47ED1F6B514800AB13BC /* GCCloseButton.m */ = {isa = PBXFileReference; fileEncoding = 4; lastKnownFileType = sourcecode.c.objc; path = GCCloseButton.m; sourceTree = "<group>"; };
		E8EE47F01F6B548000AB13BC /* GCLabel.h */ = {isa = PBXFileReference; fileEncoding = 4; lastKnownFileType = sourcecode.c.h; path = GCLabel.h; sourceTree = "<group>"; };
		E8EE47F11F6B548000AB13BC /* GCLabel.m */ = {isa = PBXFileReference; fileEncoding = 4; lastKnownFileType = sourcecode.c.objc; path = GCLabel.m; sourceTree = "<group>"; };
		E8EE47F31F6B550600AB13BC /* GCSmallLabel.h */ = {isa = PBXFileReference; fileEncoding = 4; lastKnownFileType = sourcecode.c.h; path = GCSmallLabel.h; sourceTree = "<group>"; };
		E8EE47F41F6B550600AB13BC /* GCSmallLabel.m */ = {isa = PBXFileReference; fileEncoding = 4; lastKnownFileType = sourcecode.c.objc; path = GCSmallLabel.m; sourceTree = "<group>"; };
		E8EE47F61F6B567F00AB13BC /* GCImageView.h */ = {isa = PBXFileReference; fileEncoding = 4; lastKnownFileType = sourcecode.c.h; path = GCImageView.h; sourceTree = "<group>"; };
		E8EE47F71F6B567F00AB13BC /* GCImageView.m */ = {isa = PBXFileReference; fileEncoding = 4; lastKnownFileType = sourcecode.c.objc; path = GCImageView.m; sourceTree = "<group>"; };
		E8EE47F81F6B567F00AB13BC /* GCScrollView.h */ = {isa = PBXFileReference; fileEncoding = 4; lastKnownFileType = sourcecode.c.h; path = GCScrollView.h; sourceTree = "<group>"; };
		E8EE47F91F6B567F00AB13BC /* GCScrollView.m */ = {isa = PBXFileReference; fileEncoding = 4; lastKnownFileType = sourcecode.c.objc; path = GCScrollView.m; sourceTree = "<group>"; };
		E8EE47FA1F6B567F00AB13BC /* GCSwitch.h */ = {isa = PBXFileReference; fileEncoding = 4; lastKnownFileType = sourcecode.c.h; path = GCSwitch.h; sourceTree = "<group>"; };
		E8EE47FB1F6B567F00AB13BC /* GCSwitch.m */ = {isa = PBXFileReference; fileEncoding = 4; lastKnownFileType = sourcecode.c.objc; path = GCSwitch.m; sourceTree = "<group>"; };
		E8EE48011F6B57DA00AB13BC /* GCTableViewHeaderFooterView.h */ = {isa = PBXFileReference; fileEncoding = 4; lastKnownFileType = sourcecode.c.h; path = GCTableViewHeaderFooterView.h; sourceTree = "<group>"; };
		E8EE48021F6B57DA00AB13BC /* GCTableViewHeaderFooterView.m */ = {isa = PBXFileReference; fileEncoding = 4; lastKnownFileType = sourcecode.c.objc; path = GCTableViewHeaderFooterView.m; sourceTree = "<group>"; };
		E8EE48031F6B57DA00AB13BC /* GCTextblock.h */ = {isa = PBXFileReference; fileEncoding = 4; lastKnownFileType = sourcecode.c.h; path = GCTextblock.h; sourceTree = "<group>"; };
		E8EE48041F6B57DA00AB13BC /* GCTextblock.m */ = {isa = PBXFileReference; fileEncoding = 4; lastKnownFileType = sourcecode.c.objc; path = GCTextblock.m; sourceTree = "<group>"; };
		E8EE48051F6B57DA00AB13BC /* GCView.h */ = {isa = PBXFileReference; fileEncoding = 4; lastKnownFileType = sourcecode.c.h; path = GCView.h; sourceTree = "<group>"; };
		E8EE48061F6B57DA00AB13BC /* GCView.m */ = {isa = PBXFileReference; fileEncoding = 4; lastKnownFileType = sourcecode.c.objc; path = GCView.m; sourceTree = "<group>"; };
/* End PBXFileReference section */

/* Begin PBXFrameworksBuildPhase section */
		E8EE478A1F6B457C00AB13BC /* Frameworks */ = {
			isa = PBXFrameworksBuildPhase;
			buildActionMask = 2147483647;
			files = (
			);
			runOnlyForDeploymentPostprocessing = 0;
		};
/* End PBXFrameworksBuildPhase section */

/* Begin PBXGroup section */
		E84E88561F6CF8CC004F4BE9 /* GUI objects with XIB */ = {
			isa = PBXGroup;
			children = (
				E84E88571F6CF8E2004F4BE9 /* GCTableViewCellKeyValue.h */,
				E84E88581F6CF8E2004F4BE9 /* GCTableViewCellKeyValue.m */,
				E84E88591F6CF8E2004F4BE9 /* GCTableViewCellKeyValue.xib */,
				E84E885A1F6CF8E2004F4BE9 /* GCTableViewCellKeyValue~ipad.xib */,
				E84E885B1F6CF8E2004F4BE9 /* GCTableViewCellRightImage.h */,
				E84E885C1F6CF8E2004F4BE9 /* GCTableViewCellRightImage.m */,
				E84E885D1F6CF8E2004F4BE9 /* GCTableViewCellRightImage.xib */,
				E84E885E1F6CF8E2004F4BE9 /* GCTableViewCellRightImage~ipad.xib */,
				E84E885F1F6CF8E2004F4BE9 /* GCTableViewCellRightImageDisclosure.h */,
				E84E88601F6CF8E2004F4BE9 /* GCTableViewCellRightImageDisclosure.m */,
				E84E88611F6CF8E2004F4BE9 /* GCTableViewCellRightImageDisclosure.xib */,
				E84E88621F6CF8E2004F4BE9 /* GCTableViewCellRightImageDisclosure~ipad.xib */,
				E84E88631F6CF8E2004F4BE9 /* GCTableViewCellSubtitleRightImage.h */,
				E84E88641F6CF8E2004F4BE9 /* GCTableViewCellSubtitleRightImage.m */,
				E84E88651F6CF8E2004F4BE9 /* GCTableViewCellSubtitleRightImage.xib */,
				E84E88661F6CF8E2004F4BE9 /* GCTableViewCellSubtitleRightImage~ipad.xib */,
				E84E88671F6CF8E2004F4BE9 /* GCTableViewCellSubtitleRightImageDisclosure.h */,
				E84E88681F6CF8E2004F4BE9 /* GCTableViewCellSubtitleRightImageDisclosure.m */,
				E84E88691F6CF8E2004F4BE9 /* GCTableViewCellSubtitleRightImageDisclosure.xib */,
				E84E886A1F6CF8E2004F4BE9 /* GCTableViewCellSubtitleRightImageDisclosure~ipad.xib */,
				E84E886B1F6CF8E2004F4BE9 /* GCTableViewCellSwitch.h */,
				E84E886C1F6CF8E2004F4BE9 /* GCTableViewCellSwitch.m */,
				E84E886D1F6CF8E2004F4BE9 /* GCTableViewCellSwitch.xib */,
				E84E886E1F6CF8E2004F4BE9 /* GCTableViewCellSwitch~ipad.xib */,
				E84E886F1F6CF8E2004F4BE9 /* GCTableViewCellWithSubtitle.h */,
				E84E88701F6CF8E2004F4BE9 /* GCTableViewCellWithSubtitle.m */,
				E84E88711F6CF8E2004F4BE9 /* GCTableViewCellWithSubtitle.xib */,
				E84E88721F6CF8E2004F4BE9 /* GCTableViewCellWithSubtitle~ipad.xib */,
			);
			name = "GUI objects with XIB";
			sourceTree = "<group>";
		};
		E8EE47841F6B457C00AB13BC = {
			isa = PBXGroup;
			children = (
				E8EE478F1F6B457C00AB13BC /* BaseObjectsLibrary */,
				E8EE478E1F6B457C00AB13BC /* Products */,
			);
			sourceTree = "<group>";
		};
		E8EE478E1F6B457C00AB13BC /* Products */ = {
			isa = PBXGroup;
			children = (
				E8EE478D1F6B457C00AB13BC /* libBaseObjectsLibrary.a */,
			);
			name = Products;
			sourceTree = "<group>";
		};
		E8EE478F1F6B457C00AB13BC /* BaseObjectsLibrary */ = {
			isa = PBXGroup;
			children = (
				E8EE47901F6B457C00AB13BC /* BaseObjectsLibrary.h */,
				E8EE47E41F6B4D6500AB13BC /* Classes */,
				E84E88561F6CF8CC004F4BE9 /* GUI objects with XIB */,
				E8EE47E51F6B4E2A00AB13BC /* GUI objects */,
			);
			path = BaseObjectsLibrary;
			sourceTree = "<group>";
		};
		E8EE47E41F6B4D6500AB13BC /* Classes */ = {
			isa = PBXGroup;
			children = (
				E8EE47A91F6B45C700AB13BC /* GCArray.h */,
				E8EE47AA1F6B45C700AB13BC /* GCArray.m */,
				E8EE47CA1F6B4AA100AB13BC /* GCBoundingBox.h */,
				E8EE47CB1F6B4AA100AB13BC /* GCBoundingBox.m */,
				E8EE47B91F6B479B00AB13BC /* GCDataObjects.h */,
				E8EE47BA1F6B479B00AB13BC /* GCDataObjects.m */,
				E8EE47BB1F6B479B00AB13BC /* GCDictionary.h */,
				E8EE47BC1F6B479B00AB13BC /* GCDictionary.m */,
				E8EE47C21F6B484200AB13BC /* GCLocationCoordinate2D.h */,
				E8EE47C31F6B484200AB13BC /* GCLocationCoordinate2D.m */,
				E8EE47BD1F6B479B00AB13BC /* GCString.h */,
				E8EE47BE1F6B479B00AB13BC /* GCString.m */,
				E881CA861F6BB0A000A17060 /* GCURLRequest.h */,
				E881CA871F6BB0A000A17060 /* GCURLRequest.m */,
			);
			name = Classes;
			sourceTree = "<group>";
		};
		E8EE47E51F6B4E2A00AB13BC /* GUI objects */ = {
			isa = PBXGroup;
			children = (
				E8EE47E61F6B4ECC00AB13BC /* GCButton.h */,
				E8EE47E71F6B4ECC00AB13BC /* GCButton.m */,
				E8EE47EC1F6B514800AB13BC /* GCCloseButton.h */,
				E8EE47ED1F6B514800AB13BC /* GCCloseButton.m */,
				E8EE47E91F6B50A100AB13BC /* GCFilterButton.h */,
				E8EE47EA1F6B50A100AB13BC /* GCFilterButton.m */,
				E8EE47F61F6B567F00AB13BC /* GCImageView.h */,
				E8EE47F71F6B567F00AB13BC /* GCImageView.m */,
				E8EE47F01F6B548000AB13BC /* GCLabel.h */,
				E8EE47F11F6B548000AB13BC /* GCLabel.m */,
				E8EE47F81F6B567F00AB13BC /* GCScrollView.h */,
				E8EE47F91F6B567F00AB13BC /* GCScrollView.m */,
				E8EE47F31F6B550600AB13BC /* GCSmallLabel.h */,
				E8EE47F41F6B550600AB13BC /* GCSmallLabel.m */,
				E8EE47FA1F6B567F00AB13BC /* GCSwitch.h */,
				E8EE47FB1F6B567F00AB13BC /* GCSwitch.m */,
				E881C9D91F6B788100A17060 /* GCTableViewCell.h */,
				E881C9DA1F6B788100A17060 /* GCTableViewCell.m */,
				E8EE48011F6B57DA00AB13BC /* GCTableViewHeaderFooterView.h */,
				E8EE48021F6B57DA00AB13BC /* GCTableViewHeaderFooterView.m */,
				E8EE48031F6B57DA00AB13BC /* GCTextblock.h */,
				E8EE48041F6B57DA00AB13BC /* GCTextblock.m */,
				E8EE48051F6B57DA00AB13BC /* GCView.h */,
				E8EE48061F6B57DA00AB13BC /* GCView.m */,
				E857843D1F6BE46D00D25EE6 /* GCViewController.h */,
				E857843E1F6BE46D00D25EE6 /* GCViewController.m */,
				E85784401F6BE6C400D25EE6 /* GCTableViewController.h */,
				E85784411F6BE6C400D25EE6 /* GCTableViewController.m */,
			);
			name = "GUI objects";
			sourceTree = "<group>";
		};
/* End PBXGroup section */

/* Begin PBXNativeTarget section */
		E8EE478C1F6B457C00AB13BC /* BaseObjectsLibrary */ = {
			isa = PBXNativeTarget;
			buildConfigurationList = E8EE47961F6B457C00AB13BC /* Build configuration list for PBXNativeTarget "BaseObjectsLibrary" */;
			buildPhases = (
				E8EE47891F6B457C00AB13BC /* Sources */,
				E8EE478A1F6B457C00AB13BC /* Frameworks */,
				E8EE478B1F6B457C00AB13BC /* CopyFiles */,
			);
			buildRules = (
			);
			dependencies = (
			);
			name = BaseObjectsLibrary;
			productName = BaseObjectsLibrary;
			productReference = E8EE478D1F6B457C00AB13BC /* libBaseObjectsLibrary.a */;
			productType = "com.apple.product-type.library.static";
		};
/* End PBXNativeTarget section */

/* Begin PBXProject section */
		E8EE47851F6B457C00AB13BC /* Project object */ = {
			isa = PBXProject;
			attributes = {
				LastUpgradeCheck = 0830;
				ORGANIZATIONNAME = "Edwin Groothuis";
				TargetAttributes = {
					E8EE478C1F6B457C00AB13BC = {
						CreatedOnToolsVersion = 8.3.3;
						DevelopmentTeam = NRQ2A5FE8M;
						ProvisioningStyle = Automatic;
					};
				};
			};
			buildConfigurationList = E8EE47881F6B457C00AB13BC /* Build configuration list for PBXProject "BaseObjectsLibrary" */;
			compatibilityVersion = "Xcode 3.2";
			developmentRegion = English;
			hasScannedForEncodings = 0;
			knownRegions = (
				en,
			);
			mainGroup = E8EE47841F6B457C00AB13BC;
			productRefGroup = E8EE478E1F6B457C00AB13BC /* Products */;
			projectDirPath = "";
			projectRoot = "";
			targets = (
				E8EE478C1F6B457C00AB13BC /* BaseObjectsLibrary */,
			);
		};
/* End PBXProject section */

/* Begin PBXSourcesBuildPhase section */
		E8EE47891F6B457C00AB13BC /* Sources */ = {
			isa = PBXSourcesBuildPhase;
			buildActionMask = 2147483647;
			files = (
				E84E88741F6CF8E2004F4BE9 /* GCTableViewCellRightImage.m in Sources */,
				E881CA881F6BB0A000A17060 /* GCURLRequest.m in Sources */,
				E84E88731F6CF8E2004F4BE9 /* GCTableViewCellKeyValue.m in Sources */,
				E84E88781F6CF8E2004F4BE9 /* GCTableViewCellSwitch.m in Sources */,
				E84E88751F6CF8E2004F4BE9 /* GCTableViewCellRightImageDisclosure.m in Sources */,
				E8EE47FC1F6B567F00AB13BC /* GCImageView.m in Sources */,
				E857843F1F6BE46D00D25EE6 /* GCViewController.m in Sources */,
				E8EE47FE1F6B567F00AB13BC /* GCSwitch.m in Sources */,
				E84E88771F6CF8E2004F4BE9 /* GCTableViewCellSubtitleRightImageDisclosure.m in Sources */,
				E8EE480C1F6B57DA00AB13BC /* GCView.m in Sources */,
				E8EE47E81F6B4ECC00AB13BC /* GCButton.m in Sources */,
				E8EE47F51F6B550600AB13BC /* GCSmallLabel.m in Sources */,
				E8EE47BF1F6B479B00AB13BC /* GCDataObjects.m in Sources */,
				E84E88791F6CF8E2004F4BE9 /* GCTableViewCellWithSubtitle.m in Sources */,
				E85784421F6BE6C400D25EE6 /* GCTableViewController.m in Sources */,
				E8EE47C01F6B479B00AB13BC /* GCDictionary.m in Sources */,
				E8EE47FD1F6B567F00AB13BC /* GCScrollView.m in Sources */,
				E8EE47C11F6B479B00AB13BC /* GCString.m in Sources */,
				E8EE480A1F6B57DA00AB13BC /* GCTableViewHeaderFooterView.m in Sources */,
				E8EE47CC1F6B4AA100AB13BC /* GCBoundingBox.m in Sources */,
				E881C9DB1F6B788200A17060 /* GCTableViewCell.m in Sources */,
				E8EE47C41F6B484200AB13BC /* GCLocationCoordinate2D.m in Sources */,
				E8EE47F21F6B548000AB13BC /* GCLabel.m in Sources */,
				E8EE47AB1F6B45C700AB13BC /* GCArray.m in Sources */,
				E84E88761F6CF8E2004F4BE9 /* GCTableViewCellSubtitleRightImage.m in Sources */,
				E8EE47EE1F6B514800AB13BC /* GCCloseButton.m in Sources */,
				E8EE480B1F6B57DA00AB13BC /* GCTextblock.m in Sources */,
				E8EE47EB1F6B50A100AB13BC /* GCFilterButton.m in Sources */,
			);
			runOnlyForDeploymentPostprocessing = 0;
		};
/* End PBXSourcesBuildPhase section */

/* Begin XCBuildConfiguration section */
		E8EE47941F6B457C00AB13BC /* Debug */ = {
			isa = XCBuildConfiguration;
			buildSettings = {
				ALWAYS_SEARCH_USER_PATHS = NO;
				CLANG_ANALYZER_NONNULL = YES;
				CLANG_ANALYZER_NUMBER_OBJECT_CONVERSION = YES_AGGRESSIVE;
				CLANG_CXX_LANGUAGE_STANDARD = "gnu++0x";
				CLANG_CXX_LIBRARY = "libc++";
				CLANG_ENABLE_MODULES = YES;
				CLANG_ENABLE_OBJC_ARC = YES;
				CLANG_WARN_BOOL_CONVERSION = YES;
				CLANG_WARN_CONSTANT_CONVERSION = YES;
				CLANG_WARN_DIRECT_OBJC_ISA_USAGE = YES_ERROR;
				CLANG_WARN_DOCUMENTATION_COMMENTS = YES;
				CLANG_WARN_EMPTY_BODY = YES;
				CLANG_WARN_ENUM_CONVERSION = YES;
				CLANG_WARN_INFINITE_RECURSION = YES;
				CLANG_WARN_INT_CONVERSION = YES;
				CLANG_WARN_OBJC_ROOT_CLASS = YES_ERROR;
				CLANG_WARN_SUSPICIOUS_MOVE = YES;
				CLANG_WARN_UNREACHABLE_CODE = YES;
				CLANG_WARN__DUPLICATE_METHOD_MATCH = YES;
				"CODE_SIGN_IDENTITY[sdk=iphoneos*]" = "iPhone Developer";
				COPY_PHASE_STRIP = NO;
				DEBUG_INFORMATION_FORMAT = dwarf;
				ENABLE_STRICT_OBJC_MSGSEND = YES;
				ENABLE_TESTABILITY = YES;
				GCC_C_LANGUAGE_STANDARD = gnu99;
				GCC_DYNAMIC_NO_PIC = NO;
				GCC_NO_COMMON_BLOCKS = YES;
				GCC_OPTIMIZATION_LEVEL = 0;
				GCC_PREPROCESSOR_DEFINITIONS = (
					"DEBUG=1",
					"$(inherited)",
				);
				GCC_WARN_64_TO_32_BIT_CONVERSION = YES;
				GCC_WARN_ABOUT_RETURN_TYPE = YES_ERROR;
				GCC_WARN_UNDECLARED_SELECTOR = YES;
				GCC_WARN_UNINITIALIZED_AUTOS = YES_AGGRESSIVE;
				GCC_WARN_UNUSED_FUNCTION = YES;
				GCC_WARN_UNUSED_VARIABLE = YES;
				HEADER_SEARCH_PATHS = (
					"${SRCROOT}/../Geocube",
					"${SRCROOT}/../ToolsLibrary",
					"${SRCROOT}/../ManagersLibrary",
					"${SRCROOT}/../ThemesLibrary",
					"${SRCROOT}/../ContribLibrary",
					"${SRCROOT}/../BaseObjectsLibrary",
					"${SRCROOT}/../DatabaseLibrary",
				);
				IPHONEOS_DEPLOYMENT_TARGET = 9.1;
				MTL_ENABLE_DEBUG_INFO = YES;
				ONLY_ACTIVE_ARCH = YES;
				SDKROOT = iphoneos;
			};
			name = Debug;
		};
		E8EE47951F6B457C00AB13BC /* Release */ = {
			isa = XCBuildConfiguration;
			buildSettings = {
				ALWAYS_SEARCH_USER_PATHS = NO;
				CLANG_ANALYZER_NONNULL = YES;
				CLANG_ANALYZER_NUMBER_OBJECT_CONVERSION = YES_AGGRESSIVE;
				CLANG_CXX_LANGUAGE_STANDARD = "gnu++0x";
				CLANG_CXX_LIBRARY = "libc++";
				CLANG_ENABLE_MODULES = YES;
				CLANG_ENABLE_OBJC_ARC = YES;
				CLANG_WARN_BOOL_CONVERSION = YES;
				CLANG_WARN_CONSTANT_CONVERSION = YES;
				CLANG_WARN_DIRECT_OBJC_ISA_USAGE = YES_ERROR;
				CLANG_WARN_DOCUMENTATION_COMMENTS = YES;
				CLANG_WARN_EMPTY_BODY = YES;
				CLANG_WARN_ENUM_CONVERSION = YES;
				CLANG_WARN_INFINITE_RECURSION = YES;
				CLANG_WARN_INT_CONVERSION = YES;
				CLANG_WARN_OBJC_ROOT_CLASS = YES_ERROR;
				CLANG_WARN_SUSPICIOUS_MOVE = YES;
				CLANG_WARN_UNREACHABLE_CODE = YES;
				CLANG_WARN__DUPLICATE_METHOD_MATCH = YES;
				"CODE_SIGN_IDENTITY[sdk=iphoneos*]" = "iPhone Developer";
				COPY_PHASE_STRIP = NO;
				DEBUG_INFORMATION_FORMAT = "dwarf-with-dsym";
				ENABLE_NS_ASSERTIONS = NO;
				ENABLE_STRICT_OBJC_MSGSEND = YES;
				GCC_C_LANGUAGE_STANDARD = gnu99;
				GCC_NO_COMMON_BLOCKS = YES;
				GCC_WARN_64_TO_32_BIT_CONVERSION = YES;
				GCC_WARN_ABOUT_RETURN_TYPE = YES_ERROR;
				GCC_WARN_UNDECLARED_SELECTOR = YES;
				GCC_WARN_UNINITIALIZED_AUTOS = YES_AGGRESSIVE;
				GCC_WARN_UNUSED_FUNCTION = YES;
				GCC_WARN_UNUSED_VARIABLE = YES;
				HEADER_SEARCH_PATHS = (
					"${SRCROOT}/../Geocube",
					"${SRCROOT}/../ToolsLibrary",
					"${SRCROOT}/../ManagersLibrary",
					"${SRCROOT}/../ThemesLibrary",
					"${SRCROOT}/../ContribLibrary",
					"${SRCROOT}/../BaseObjectsLibrary",
					"${SRCROOT}/../DatabaseLibrary",
				);
				IPHONEOS_DEPLOYMENT_TARGET = 9.1;
				MTL_ENABLE_DEBUG_INFO = NO;
				SDKROOT = iphoneos;
				VALIDATE_PRODUCT = YES;
			};
			name = Release;
		};
		E8EE47971F6B457C00AB13BC /* Debug */ = {
			isa = XCBuildConfiguration;
			buildSettings = {
				DEVELOPMENT_TEAM = NRQ2A5FE8M;
				OTHER_LDFLAGS = "-ObjC";
				PRODUCT_NAME = "$(TARGET_NAME)";
				SKIP_INSTALL = YES;
			};
			name = Debug;
		};
		E8EE47981F6B457C00AB13BC /* Release */ = {
			isa = XCBuildConfiguration;
			buildSettings = {
				DEVELOPMENT_TEAM = NRQ2A5FE8M;
				OTHER_LDFLAGS = "-ObjC";
				PRODUCT_NAME = "$(TARGET_NAME)";
				SKIP_INSTALL = YES;
			};
			name = Release;
		};
/* End XCBuildConfiguration section */

/* Begin XCConfigurationList section */
		E8EE47881F6B457C00AB13BC /* Build configuration list for PBXProject "BaseObjectsLibrary" */ = {
			isa = XCConfigurationList;
			buildConfigurations = (
				E8EE47941F6B457C00AB13BC /* Debug */,
				E8EE47951F6B457C00AB13BC /* Release */,
			);
			defaultConfigurationIsVisible = 0;
			defaultConfigurationName = Release;
		};
		E8EE47961F6B457C00AB13BC /* Build configuration list for PBXNativeTarget "BaseObjectsLibrary" */ = {
			isa = XCConfigurationList;
			buildConfigurations = (
				E8EE47971F6B457C00AB13BC /* Debug */,
				E8EE47981F6B457C00AB13BC /* Release */,
			);
			defaultConfigurationIsVisible = 0;
			defaultConfigurationName = Release;
		};
/* End XCConfigurationList section */
	};
	rootObject = E8EE47851F6B457C00AB13BC /* Project object */;
}
