// !$*UTF8*$!
{
	archiveVersion = 1;
	classes = {
	};
	objectVersion = 46;
	objects = {

/* Begin PBXBuildFile section */
		E84E89FE1F6F5B9D004F4BE9 /* MapsLibrary.h in CopyFiles */ = {isa = PBXBuildFile; fileRef = E84E89FB1F6F5B9D004F4BE9 /* MapsLibrary.h */; };
		E84E8A3E1F6F5C6E004F4BE9 /* MapAllWPViewController.m in Sources */ = {isa = PBXBuildFile; fileRef = E84E8A211F6F5C6E004F4BE9 /* MapAllWPViewController.m */; };
		E84E8A3F1F6F5C6E004F4BE9 /* MapApple.m in Sources */ = {isa = PBXBuildFile; fileRef = E84E8A231F6F5C6E004F4BE9 /* MapApple.m */; };
		E84E8A401F6F5C6E004F4BE9 /* MapAppleCache.m in Sources */ = {isa = PBXBuildFile; fileRef = E84E8A251F6F5C6E004F4BE9 /* MapAppleCache.m */; };
		E84E8A411F6F5C6E004F4BE9 /* MapAppleTemplate.m in Sources */ = {isa = PBXBuildFile; fileRef = E84E8A271F6F5C6E004F4BE9 /* MapAppleTemplate.m */; };
		E84E8A421F6F5C6E004F4BE9 /* MapBrand.m in Sources */ = {isa = PBXBuildFile; fileRef = E84E8A291F6F5C6E004F4BE9 /* MapBrand.m */; };
		E84E8A431F6F5C6E004F4BE9 /* MapESRIWorldTopo.m in Sources */ = {isa = PBXBuildFile; fileRef = E84E8A2B1F6F5C6E004F4BE9 /* MapESRIWorldTopo.m */; };
		E84E8A441F6F5C6E004F4BE9 /* MapGoogle.m in Sources */ = {isa = PBXBuildFile; fileRef = E84E8A2D1F6F5C6E004F4BE9 /* MapGoogle.m */; };
		E84E8A451F6F5C6E004F4BE9 /* MapLogsViewController.m in Sources */ = {isa = PBXBuildFile; fileRef = E84E8A2F1F6F5C6E004F4BE9 /* MapLogsViewController.m */; };
		E84E8A461F6F5C6E004F4BE9 /* MapOneWPViewController.m in Sources */ = {isa = PBXBuildFile; fileRef = E84E8A311F6F5C6E004F4BE9 /* MapOneWPViewController.m */; };
		E84E8A471F6F5C6E004F4BE9 /* MapOSM.m in Sources */ = {isa = PBXBuildFile; fileRef = E84E8A331F6F5C6E004F4BE9 /* MapOSM.m */; };
		E84E8A481F6F5C6E004F4BE9 /* MapTemplate.m in Sources */ = {isa = PBXBuildFile; fileRef = E84E8A351F6F5C6E004F4BE9 /* MapTemplate.m */; };
		E84E8A491F6F5C6E004F4BE9 /* MapTemplateViewController.m in Sources */ = {isa = PBXBuildFile; fileRef = E84E8A371F6F5C6E004F4BE9 /* MapTemplateViewController.m */; };
		E84E8A4A1F6F5C6E004F4BE9 /* MapTrackViewController.m in Sources */ = {isa = PBXBuildFile; fileRef = E84E8A391F6F5C6E004F4BE9 /* MapTrackViewController.m */; };
		E84E8A4B1F6F5C6E004F4BE9 /* MapWaypointInfoView.m in Sources */ = {isa = PBXBuildFile; fileRef = E84E8A3B1F6F5C6E004F4BE9 /* MapWaypointInfoView.m */; };
/* End PBXBuildFile section */

/* Begin PBXCopyFilesBuildPhase section */
		E84E89F61F6F5B9D004F4BE9 /* CopyFiles */ = {
			isa = PBXCopyFilesBuildPhase;
			buildActionMask = 2147483647;
			dstPath = "include/$(PRODUCT_NAME)";
			dstSubfolderSpec = 16;
			files = (
				E84E89FE1F6F5B9D004F4BE9 /* MapsLibrary.h in CopyFiles */,
			);
			runOnlyForDeploymentPostprocessing = 0;
		};
/* End PBXCopyFilesBuildPhase section */

/* Begin PBXFileReference section */
		E84E89F81F6F5B9D004F4BE9 /* libMapsLibrary.a */ = {isa = PBXFileReference; explicitFileType = archive.ar; includeInIndex = 0; path = libMapsLibrary.a; sourceTree = BUILT_PRODUCTS_DIR; };
		E84E89FB1F6F5B9D004F4BE9 /* MapsLibrary.h */ = {isa = PBXFileReference; lastKnownFileType = sourcecode.c.h; path = MapsLibrary.h; sourceTree = "<group>"; };
		E84E8A201F6F5C6E004F4BE9 /* MapAllWPViewController.h */ = {isa = PBXFileReference; fileEncoding = 4; lastKnownFileType = sourcecode.c.h; path = MapAllWPViewController.h; sourceTree = "<group>"; };
		E84E8A211F6F5C6E004F4BE9 /* MapAllWPViewController.m */ = {isa = PBXFileReference; fileEncoding = 4; lastKnownFileType = sourcecode.c.objc; path = MapAllWPViewController.m; sourceTree = "<group>"; };
		E84E8A221F6F5C6E004F4BE9 /* MapApple.h */ = {isa = PBXFileReference; fileEncoding = 4; lastKnownFileType = sourcecode.c.h; path = MapApple.h; sourceTree = "<group>"; };
		E84E8A231F6F5C6E004F4BE9 /* MapApple.m */ = {isa = PBXFileReference; fileEncoding = 4; lastKnownFileType = sourcecode.c.objc; path = MapApple.m; sourceTree = "<group>"; };
		E84E8A241F6F5C6E004F4BE9 /* MapAppleCache.h */ = {isa = PBXFileReference; fileEncoding = 4; lastKnownFileType = sourcecode.c.h; path = MapAppleCache.h; sourceTree = "<group>"; };
		E84E8A251F6F5C6E004F4BE9 /* MapAppleCache.m */ = {isa = PBXFileReference; fileEncoding = 4; lastKnownFileType = sourcecode.c.objc; path = MapAppleCache.m; sourceTree = "<group>"; };
		E84E8A261F6F5C6E004F4BE9 /* MapAppleTemplate.h */ = {isa = PBXFileReference; fileEncoding = 4; lastKnownFileType = sourcecode.c.h; path = MapAppleTemplate.h; sourceTree = "<group>"; };
		E84E8A271F6F5C6E004F4BE9 /* MapAppleTemplate.m */ = {isa = PBXFileReference; fileEncoding = 4; lastKnownFileType = sourcecode.c.objc; path = MapAppleTemplate.m; sourceTree = "<group>"; };
		E84E8A281F6F5C6E004F4BE9 /* MapBrand.h */ = {isa = PBXFileReference; fileEncoding = 4; lastKnownFileType = sourcecode.c.h; path = MapBrand.h; sourceTree = "<group>"; };
		E84E8A291F6F5C6E004F4BE9 /* MapBrand.m */ = {isa = PBXFileReference; fileEncoding = 4; lastKnownFileType = sourcecode.c.objc; path = MapBrand.m; sourceTree = "<group>"; };
		E84E8A2A1F6F5C6E004F4BE9 /* MapESRIWorldTopo.h */ = {isa = PBXFileReference; fileEncoding = 4; lastKnownFileType = sourcecode.c.h; path = MapESRIWorldTopo.h; sourceTree = "<group>"; };
		E84E8A2B1F6F5C6E004F4BE9 /* MapESRIWorldTopo.m */ = {isa = PBXFileReference; fileEncoding = 4; lastKnownFileType = sourcecode.c.objc; path = MapESRIWorldTopo.m; sourceTree = "<group>"; };
		E84E8A2C1F6F5C6E004F4BE9 /* MapGoogle.h */ = {isa = PBXFileReference; fileEncoding = 4; lastKnownFileType = sourcecode.c.h; path = MapGoogle.h; sourceTree = "<group>"; };
		E84E8A2D1F6F5C6E004F4BE9 /* MapGoogle.m */ = {isa = PBXFileReference; fileEncoding = 4; lastKnownFileType = sourcecode.c.objc; path = MapGoogle.m; sourceTree = "<group>"; };
		E84E8A2E1F6F5C6E004F4BE9 /* MapLogsViewController.h */ = {isa = PBXFileReference; fileEncoding = 4; lastKnownFileType = sourcecode.c.h; path = MapLogsViewController.h; sourceTree = "<group>"; };
		E84E8A2F1F6F5C6E004F4BE9 /* MapLogsViewController.m */ = {isa = PBXFileReference; fileEncoding = 4; lastKnownFileType = sourcecode.c.objc; path = MapLogsViewController.m; sourceTree = "<group>"; };
		E84E8A301F6F5C6E004F4BE9 /* MapOneWPViewController.h */ = {isa = PBXFileReference; fileEncoding = 4; lastKnownFileType = sourcecode.c.h; path = MapOneWPViewController.h; sourceTree = "<group>"; };
		E84E8A311F6F5C6E004F4BE9 /* MapOneWPViewController.m */ = {isa = PBXFileReference; fileEncoding = 4; lastKnownFileType = sourcecode.c.objc; path = MapOneWPViewController.m; sourceTree = "<group>"; };
		E84E8A321F6F5C6E004F4BE9 /* MapOSM.h */ = {isa = PBXFileReference; fileEncoding = 4; lastKnownFileType = sourcecode.c.h; path = MapOSM.h; sourceTree = "<group>"; };
		E84E8A331F6F5C6E004F4BE9 /* MapOSM.m */ = {isa = PBXFileReference; fileEncoding = 4; lastKnownFileType = sourcecode.c.objc; path = MapOSM.m; sourceTree = "<group>"; };
		E84E8A341F6F5C6E004F4BE9 /* MapTemplate.h */ = {isa = PBXFileReference; fileEncoding = 4; lastKnownFileType = sourcecode.c.h; path = MapTemplate.h; sourceTree = "<group>"; };
		E84E8A351F6F5C6E004F4BE9 /* MapTemplate.m */ = {isa = PBXFileReference; fileEncoding = 4; lastKnownFileType = sourcecode.c.objc; path = MapTemplate.m; sourceTree = "<group>"; };
		E84E8A361F6F5C6E004F4BE9 /* MapTemplateViewController.h */ = {isa = PBXFileReference; fileEncoding = 4; lastKnownFileType = sourcecode.c.h; path = MapTemplateViewController.h; sourceTree = "<group>"; };
		E84E8A371F6F5C6E004F4BE9 /* MapTemplateViewController.m */ = {isa = PBXFileReference; fileEncoding = 4; lastKnownFileType = sourcecode.c.objc; path = MapTemplateViewController.m; sourceTree = "<group>"; };
		E84E8A381F6F5C6E004F4BE9 /* MapTrackViewController.h */ = {isa = PBXFileReference; fileEncoding = 4; lastKnownFileType = sourcecode.c.h; path = MapTrackViewController.h; sourceTree = "<group>"; };
		E84E8A391F6F5C6E004F4BE9 /* MapTrackViewController.m */ = {isa = PBXFileReference; fileEncoding = 4; lastKnownFileType = sourcecode.c.objc; path = MapTrackViewController.m; sourceTree = "<group>"; };
		E84E8A3A1F6F5C6E004F4BE9 /* MapWaypointInfoView.h */ = {isa = PBXFileReference; fileEncoding = 4; lastKnownFileType = sourcecode.c.h; path = MapWaypointInfoView.h; sourceTree = "<group>"; };
		E84E8A3B1F6F5C6E004F4BE9 /* MapWaypointInfoView.m */ = {isa = PBXFileReference; fileEncoding = 4; lastKnownFileType = sourcecode.c.objc; path = MapWaypointInfoView.m; sourceTree = "<group>"; };
		E84E8A3C1F6F5C6E004F4BE9 /* MapWaypointInfoView.xib */ = {isa = PBXFileReference; fileEncoding = 4; lastKnownFileType = file.xib; path = MapWaypointInfoView.xib; sourceTree = "<group>"; };
		E84E8A3D1F6F5C6E004F4BE9 /* MapWaypointInfoView~ipad.xib */ = {isa = PBXFileReference; fileEncoding = 4; lastKnownFileType = file.xib; path = "MapWaypointInfoView~ipad.xib"; sourceTree = "<group>"; };
		E84E8A501F6F5FFA004F4BE9 /* MapTemplateViewController-enum.h */ = {isa = PBXFileReference; lastKnownFileType = sourcecode.c.h; path = "MapTemplateViewController-enum.h"; sourceTree = "<group>"; };
/* End PBXFileReference section */

/* Begin PBXFrameworksBuildPhase section */
		E84E89F51F6F5B9D004F4BE9 /* Frameworks */ = {
			isa = PBXFrameworksBuildPhase;
			buildActionMask = 2147483647;
			files = (
			);
			runOnlyForDeploymentPostprocessing = 0;
		};
/* End PBXFrameworksBuildPhase section */

/* Begin PBXGroup section */
		E84E89EF1F6F5B9D004F4BE9 = {
			isa = PBXGroup;
			children = (
				E84E89FA1F6F5B9D004F4BE9 /* MapsLibrary */,
				E84E89F91F6F5B9D004F4BE9 /* Products */,
			);
			sourceTree = "<group>";
		};
		E84E89F91F6F5B9D004F4BE9 /* Products */ = {
			isa = PBXGroup;
			children = (
				E84E89F81F6F5B9D004F4BE9 /* libMapsLibrary.a */,
			);
			name = Products;
			sourceTree = "<group>";
		};
		E84E89FA1F6F5B9D004F4BE9 /* MapsLibrary */ = {
			isa = PBXGroup;
			children = (
				E84E89FB1F6F5B9D004F4BE9 /* MapsLibrary.h */,
				E84E8A1E1F6F5C4C004F4BE9 /* Map Viewcontrollers */,
				E84E8A1F1F6F5C54004F4BE9 /* Map Suppliers */,
				E84E8A241F6F5C6E004F4BE9 /* MapAppleCache.h */,
				E84E8A251F6F5C6E004F4BE9 /* MapAppleCache.m */,
				E84E8A281F6F5C6E004F4BE9 /* MapBrand.h */,
				E84E8A291F6F5C6E004F4BE9 /* MapBrand.m */,
				E84E8A3A1F6F5C6E004F4BE9 /* MapWaypointInfoView.h */,
				E84E8A3B1F6F5C6E004F4BE9 /* MapWaypointInfoView.m */,
				E84E8A3C1F6F5C6E004F4BE9 /* MapWaypointInfoView.xib */,
				E84E8A3D1F6F5C6E004F4BE9 /* MapWaypointInfoView~ipad.xib */,
			);
			path = MapsLibrary;
			sourceTree = "<group>";
		};
		E84E8A1E1F6F5C4C004F4BE9 /* Map Viewcontrollers */ = {
			isa = PBXGroup;
			children = (
				E84E8A361F6F5C6E004F4BE9 /* MapTemplateViewController.h */,
				E84E8A501F6F5FFA004F4BE9 /* MapTemplateViewController-enum.h */,
				E84E8A371F6F5C6E004F4BE9 /* MapTemplateViewController.m */,
				E84E8A201F6F5C6E004F4BE9 /* MapAllWPViewController.h */,
				E84E8A211F6F5C6E004F4BE9 /* MapAllWPViewController.m */,
				E84E8A301F6F5C6E004F4BE9 /* MapOneWPViewController.h */,
				E84E8A311F6F5C6E004F4BE9 /* MapOneWPViewController.m */,
				E84E8A381F6F5C6E004F4BE9 /* MapTrackViewController.h */,
				E84E8A391F6F5C6E004F4BE9 /* MapTrackViewController.m */,
				E84E8A2E1F6F5C6E004F4BE9 /* MapLogsViewController.h */,
				E84E8A2F1F6F5C6E004F4BE9 /* MapLogsViewController.m */,
			);
			name = "Map Viewcontrollers";
			sourceTree = "<group>";
		};
		E84E8A1F1F6F5C54004F4BE9 /* Map Suppliers */ = {
			isa = PBXGroup;
			children = (
				E84E8A341F6F5C6E004F4BE9 /* MapTemplate.h */,
				E84E8A351F6F5C6E004F4BE9 /* MapTemplate.m */,
				E84E8A221F6F5C6E004F4BE9 /* MapApple.h */,
				E84E8A231F6F5C6E004F4BE9 /* MapApple.m */,
				E84E8A261F6F5C6E004F4BE9 /* MapAppleTemplate.h */,
				E84E8A271F6F5C6E004F4BE9 /* MapAppleTemplate.m */,
				E84E8A2A1F6F5C6E004F4BE9 /* MapESRIWorldTopo.h */,
				E84E8A2B1F6F5C6E004F4BE9 /* MapESRIWorldTopo.m */,
				E84E8A2C1F6F5C6E004F4BE9 /* MapGoogle.h */,
				E84E8A2D1F6F5C6E004F4BE9 /* MapGoogle.m */,
				E84E8A321F6F5C6E004F4BE9 /* MapOSM.h */,
				E84E8A331F6F5C6E004F4BE9 /* MapOSM.m */,
			);
			name = "Map Suppliers";
			sourceTree = "<group>";
		};
/* End PBXGroup section */

/* Begin PBXNativeTarget section */
		E84E89F71F6F5B9D004F4BE9 /* MapsLibrary */ = {
			isa = PBXNativeTarget;
			buildConfigurationList = E84E8A011F6F5B9D004F4BE9 /* Build configuration list for PBXNativeTarget "MapsLibrary" */;
			buildPhases = (
				E84E89F41F6F5B9D004F4BE9 /* Sources */,
				E84E89F51F6F5B9D004F4BE9 /* Frameworks */,
				E84E89F61F6F5B9D004F4BE9 /* CopyFiles */,
			);
			buildRules = (
			);
			dependencies = (
			);
			name = MapsLibrary;
			productName = MapsLibrary;
			productReference = E84E89F81F6F5B9D004F4BE9 /* libMapsLibrary.a */;
			productType = "com.apple.product-type.library.static";
		};
/* End PBXNativeTarget section */

/* Begin PBXProject section */
		E84E89F01F6F5B9D004F4BE9 /* Project object */ = {
			isa = PBXProject;
			attributes = {
				LastUpgradeCheck = 0830;
				ORGANIZATIONNAME = "Edwin Groothuis";
				TargetAttributes = {
					E84E89F71F6F5B9D004F4BE9 = {
						CreatedOnToolsVersion = 8.3.3;
						DevelopmentTeam = NRQ2A5FE8M;
						ProvisioningStyle = Automatic;
					};
				};
			};
			buildConfigurationList = E84E89F31F6F5B9D004F4BE9 /* Build configuration list for PBXProject "MapsLibrary" */;
			compatibilityVersion = "Xcode 3.2";
			developmentRegion = English;
			hasScannedForEncodings = 0;
			knownRegions = (
				en,
			);
			mainGroup = E84E89EF1F6F5B9D004F4BE9;
			productRefGroup = E84E89F91F6F5B9D004F4BE9 /* Products */;
			projectDirPath = "";
			projectRoot = "";
			targets = (
				E84E89F71F6F5B9D004F4BE9 /* MapsLibrary */,
			);
		};
/* End PBXProject section */

/* Begin PBXSourcesBuildPhase section */
		E84E89F41F6F5B9D004F4BE9 /* Sources */ = {
			isa = PBXSourcesBuildPhase;
			buildActionMask = 2147483647;
			files = (
				E84E8A471F6F5C6E004F4BE9 /* MapOSM.m in Sources */,
				E84E8A461F6F5C6E004F4BE9 /* MapOneWPViewController.m in Sources */,
				E84E8A4B1F6F5C6E004F4BE9 /* MapWaypointInfoView.m in Sources */,
				E84E8A3E1F6F5C6E004F4BE9 /* MapAllWPViewController.m in Sources */,
				E84E8A4A1F6F5C6E004F4BE9 /* MapTrackViewController.m in Sources */,
				E84E8A411F6F5C6E004F4BE9 /* MapAppleTemplate.m in Sources */,
				E84E8A481F6F5C6E004F4BE9 /* MapTemplate.m in Sources */,
				E84E8A431F6F5C6E004F4BE9 /* MapESRIWorldTopo.m in Sources */,
				E84E8A441F6F5C6E004F4BE9 /* MapGoogle.m in Sources */,
				E84E8A451F6F5C6E004F4BE9 /* MapLogsViewController.m in Sources */,
				E84E8A3F1F6F5C6E004F4BE9 /* MapApple.m in Sources */,
				E84E8A401F6F5C6E004F4BE9 /* MapAppleCache.m in Sources */,
				E84E8A421F6F5C6E004F4BE9 /* MapBrand.m in Sources */,
				E84E8A491F6F5C6E004F4BE9 /* MapTemplateViewController.m in Sources */,
			);
			runOnlyForDeploymentPostprocessing = 0;
		};
/* End PBXSourcesBuildPhase section */

/* Begin XCBuildConfiguration section */
		E84E89FF1F6F5B9D004F4BE9 /* Debug */ = {
			isa = XCBuildConfiguration;
			buildSettings = {
				ALWAYS_SEARCH_USER_PATHS = NO;
				CLANG_ANALYZER_NONNULL = YES;
				CLANG_ANALYZER_NUMBER_OBJECT_CONVERSION = YES_AGGRESSIVE;
				CLANG_CXX_LANGUAGE_STANDARD = "gnu++0x";
				CLANG_CXX_LIBRARY = "libc++";
				CLANG_ENABLE_MODULES = NO;
				CLANG_ENABLE_OBJC_ARC = YES;
				CLANG_WARN_BOOL_CONVERSION = YES;
				CLANG_WARN_CONSTANT_CONVERSION = YES;
				CLANG_WARN_DIRECT_OBJC_ISA_USAGE = YES_ERROR;
				CLANG_WARN_DOCUMENTATION_COMMENTS = YES;
				CLANG_WARN_EMPTY_BODY = YES;
				CLANG_WARN_ENUM_CONVERSION = YES;
				CLANG_WARN_INFINITE_RECURSION = YES;
				CLANG_WARN_INT_CONVERSION = YES;
				CLANG_WARN_OBJC_ROOT_CLASS = YES_ERROR;
				CLANG_WARN_SUSPICIOUS_MOVE = YES;
				CLANG_WARN_UNREACHABLE_CODE = YES;
				CLANG_WARN__DUPLICATE_METHOD_MATCH = YES;
				"CODE_SIGN_IDENTITY[sdk=iphoneos*]" = "iPhone Developer";
				COPY_PHASE_STRIP = NO;
				DEBUG_INFORMATION_FORMAT = dwarf;
				ENABLE_STRICT_OBJC_MSGSEND = YES;
				ENABLE_TESTABILITY = YES;
				GCC_C_LANGUAGE_STANDARD = gnu99;
				GCC_DYNAMIC_NO_PIC = NO;
				GCC_NO_COMMON_BLOCKS = YES;
				GCC_OPTIMIZATION_LEVEL = 0;
				GCC_PREPROCESSOR_DEFINITIONS = (
					"DEBUG=1",
					"$(inherited)",
				);
				GCC_WARN_64_TO_32_BIT_CONVERSION = YES;
				GCC_WARN_ABOUT_RETURN_TYPE = YES_ERROR;
				GCC_WARN_UNDECLARED_SELECTOR = YES;
				GCC_WARN_UNINITIALIZED_AUTOS = YES_AGGRESSIVE;
				GCC_WARN_UNUSED_FUNCTION = YES;
				GCC_WARN_UNUSED_VARIABLE = YES;
				HEADER_SEARCH_PATHS = (
					"${SRCROOT}/../ManagersLibrary",
					"${SRCROOT}/../BaseObjectsLibrary",
					"${SRCROOT}/../ContribLibrary",
					"${SRCROOT}/../Pods/Headers/Public/GoogleMaps",
					"${SRCROOT}/../ToolsLibrary",
					"${SRCROOT}/../MapsLibrary",
					"${SRCROOT}/../NetworkLibrary",
					"${SRCROOT}/../DatabaseLibrary",
					"${SRCROOT}/../Geocube",
					"${SRCROOT}/../ThemesLibrary",
					"${SRCROOT}/../ConvertorsLibrary",
					"${SDKROOT}/usr/include/libxml2",
				);
				IPHONEOS_DEPLOYMENT_TARGET = 9.1;
				MTL_ENABLE_DEBUG_INFO = YES;
				ONLY_ACTIVE_ARCH = YES;
				SDKROOT = iphoneos;
				SKIP_INSTALL = YES;
			};
			name = Debug;
		};
		E84E8A001F6F5B9D004F4BE9 /* Release */ = {
			isa = XCBuildConfiguration;
			buildSettings = {
				ALWAYS_SEARCH_USER_PATHS = NO;
				CLANG_ANALYZER_NONNULL = YES;
				CLANG_ANALYZER_NUMBER_OBJECT_CONVERSION = YES_AGGRESSIVE;
				CLANG_CXX_LANGUAGE_STANDARD = "gnu++0x";
				CLANG_CXX_LIBRARY = "libc++";
				CLANG_ENABLE_MODULES = NO;
				CLANG_ENABLE_OBJC_ARC = YES;
				CLANG_WARN_BOOL_CONVERSION = YES;
				CLANG_WARN_CONSTANT_CONVERSION = YES;
				CLANG_WARN_DIRECT_OBJC_ISA_USAGE = YES_ERROR;
				CLANG_WARN_DOCUMENTATION_COMMENTS = YES;
				CLANG_WARN_EMPTY_BODY = YES;
				CLANG_WARN_ENUM_CONVERSION = YES;
				CLANG_WARN_INFINITE_RECURSION = YES;
				CLANG_WARN_INT_CONVERSION = YES;
				CLANG_WARN_OBJC_ROOT_CLASS = YES_ERROR;
				CLANG_WARN_SUSPICIOUS_MOVE = YES;
				CLANG_WARN_UNREACHABLE_CODE = YES;
				CLANG_WARN__DUPLICATE_METHOD_MATCH = YES;
				"CODE_SIGN_IDENTITY[sdk=iphoneos*]" = "iPhone Developer";
				COPY_PHASE_STRIP = NO;
				DEBUG_INFORMATION_FORMAT = "dwarf-with-dsym";
				ENABLE_NS_ASSERTIONS = NO;
				ENABLE_STRICT_OBJC_MSGSEND = YES;
				GCC_C_LANGUAGE_STANDARD = gnu99;
				GCC_NO_COMMON_BLOCKS = YES;
				GCC_WARN_64_TO_32_BIT_CONVERSION = YES;
				GCC_WARN_ABOUT_RETURN_TYPE = YES_ERROR;
				GCC_WARN_UNDECLARED_SELECTOR = YES;
				GCC_WARN_UNINITIALIZED_AUTOS = YES_AGGRESSIVE;
				GCC_WARN_UNUSED_FUNCTION = YES;
				GCC_WARN_UNUSED_VARIABLE = YES;
				HEADER_SEARCH_PATHS = (
					"${SRCROOT}/../ManagersLibrary",
					"${SRCROOT}/../BaseObjectsLibrary",
					"${SRCROOT}/../ContribLibrary",
					"${SRCROOT}/../Pods/Headers/Public/GoogleMaps",
					"${SRCROOT}/../ToolsLibrary",
					"${SRCROOT}/../MapsLibrary",
					"${SRCROOT}/../NetworkLibrary",
					"${SRCROOT}/../DatabaseLibrary",
					"${SRCROOT}/../Geocube",
					"${SRCROOT}/../ThemesLibrary",
					"${SRCROOT}/../ConvertorsLibrary",
					"${SDKROOT}/usr/include/libxml2",
				);
				IPHONEOS_DEPLOYMENT_TARGET = 9.1;
				MTL_ENABLE_DEBUG_INFO = NO;
				SDKROOT = iphoneos;
				SKIP_INSTALL = YES;
				VALIDATE_PRODUCT = YES;
			};
			name = Release;
		};
		E84E8A021F6F5B9D004F4BE9 /* Debug */ = {
			isa = XCBuildConfiguration;
			buildSettings = {
				DEVELOPMENT_TEAM = NRQ2A5FE8M;
				OTHER_LDFLAGS = "-ObjC";
				PRODUCT_NAME = "$(TARGET_NAME)";
				SKIP_INSTALL = YES;
			};
			name = Debug;
		};
		E84E8A031F6F5B9D004F4BE9 /* Release */ = {
			isa = XCBuildConfiguration;
			buildSettings = {
				DEVELOPMENT_TEAM = NRQ2A5FE8M;
				OTHER_LDFLAGS = "-ObjC";
				PRODUCT_NAME = "$(TARGET_NAME)";
				SKIP_INSTALL = YES;
			};
			name = Release;
		};
/* End XCBuildConfiguration section */

/* Begin XCConfigurationList section */
		E84E89F31F6F5B9D004F4BE9 /* Build configuration list for PBXProject "MapsLibrary" */ = {
			isa = XCConfigurationList;
			buildConfigurations = (
				E84E89FF1F6F5B9D004F4BE9 /* Debug */,
				E84E8A001F6F5B9D004F4BE9 /* Release */,
			);
			defaultConfigurationIsVisible = 0;
			defaultConfigurationName = Release;
		};
		E84E8A011F6F5B9D004F4BE9 /* Build configuration list for PBXNativeTarget "MapsLibrary" */ = {
			isa = XCConfigurationList;
			buildConfigurations = (
				E84E8A021F6F5B9D004F4BE9 /* Debug */,
				E84E8A031F6F5B9D004F4BE9 /* Release */,
			);
			defaultConfigurationIsVisible = 0;
			defaultConfigurationName = Release;
		};
/* End XCConfigurationList section */
	};
	rootObject = E84E89F01F6F5B9D004F4BE9 /* Project object */;
}
