// !$*UTF8*$!
{
	archiveVersion = 1;
	classes = {
	};
	objectVersion = 46;
	objects = {

/* Begin PBXBuildFile section */
		B5CD37DBF5F6EDE349986CB3 /* libPods.a in Frameworks */ = {isa = PBXBuildFile; fileRef = B7FCDB95B810A028E770E84C /* libPods.a */; };
		E8027BD01B514956003FD5A6 /* CachingsOfflineGoogleMapsViewController.m in Sources */ = {isa = PBXBuildFile; fileRef = E8027BCF1B514956003FD5A6 /* CachingsOfflineGoogleMapsViewController.m */; };
		E80F73731B530C4600F35528 /* ImportGPXViewController.m in Sources */ = {isa = PBXBuildFile; fileRef = E80F73721B530C4600F35528 /* ImportGPXViewController.m */; };
		E82840F51B510AE10055EE59 /* dbContainerSize.m in Sources */ = {isa = PBXBuildFile; fileRef = E82840F41B510AE10055EE59 /* dbContainerSize.m */; };
		E82FBB271B4613C20009AB6D /* GCViewController.m in Sources */ = {isa = PBXBuildFile; fileRef = E82FBB261B4613C20009AB6D /* GCViewController.m */; };
		E82FBB2A1B4613D70009AB6D /* GCTableViewController.m in Sources */ = {isa = PBXBuildFile; fileRef = E82FBB291B4613D70009AB6D /* GCTableViewController.m */; };
		E8467C8E1B4E04EE00FFA253 /* Coordinates.m in Sources */ = {isa = PBXBuildFile; fileRef = E8467C8D1B4E04EE00FFA253 /* Coordinates.m */; };
		E85DAFD41B450C3600C738A8 /* DOPNavbarMenu.m in Sources */ = {isa = PBXBuildFile; fileRef = E85DAFD31B450C3600C738A8 /* DOPNavbarMenu.m */; };
		E85DAFD71B450EAA00C738A8 /* UIView+DOPExtension.m in Sources */ = {isa = PBXBuildFile; fileRef = E85DAFD61B450EAA00C738A8 /* UIView+DOPExtension.m */; };
		E85DAFDA1B453D4D00C738A8 /* GlobalMenu.m in Sources */ = {isa = PBXBuildFile; fileRef = E85DAFD91B453D4D00C738A8 /* GlobalMenu.m */; };
		E85DAFDD1B45429500C738A8 /* UserProfileViewController.m in Sources */ = {isa = PBXBuildFile; fileRef = E85DAFDC1B45429500C738A8 /* UserProfileViewController.m */; };
		E862F7C31B50C134007C3470 /* CacheGroupsViewController.m in Sources */ = {isa = PBXBuildFile; fileRef = E862F7C21B50C134007C3470 /* CacheGroupsViewController.m */; };
		E862F7C61B50CC0B007C3470 /* CacheHeaderTableViewCell.m in Sources */ = {isa = PBXBuildFile; fileRef = E862F7C51B50CC0B007C3470 /* CacheHeaderTableViewCell.m */; };
		E86C655C1B49EC5C00E2ABFE /* CachesOfflineListViewController.m in Sources */ = {isa = PBXBuildFile; fileRef = E86C655B1B49EC5C00E2ABFE /* CachesOfflineListViewController.m */; };
		E86C65621B4B243000E2ABFE /* WaypointTableViewCell.m in Sources */ = {isa = PBXBuildFile; fileRef = E86C65611B4B243000E2ABFE /* WaypointTableViewCell.m */; };
		E86C656C1B4BC57900E2ABFE /* waypoint favourites 20x30.png in Resources */ = {isa = PBXBuildFile; fileRef = E86C656B1B4BC57900E2ABFE /* waypoint favourites 20x30.png */; };
		E86C65701B4BC74200E2ABFE /* waypoint rating star half 18x18.png in Resources */ = {isa = PBXBuildFile; fileRef = E86C656D1B4BC74200E2ABFE /* waypoint rating star half 18x18.png */; };
		E86C65721B4BC74200E2ABFE /* waypoint rating star on 19x18.png in Resources */ = {isa = PBXBuildFile; fileRef = E86C656F1B4BC74200E2ABFE /* waypoint rating star on 19x18.png */; };
		E86C65741B4BC81D00E2ABFE /* waypoint rating star off 18x18.png in Resources */ = {isa = PBXBuildFile; fileRef = E86C65731B4BC81D00E2ABFE /* waypoint rating star off 18x18.png */; };
		E86C65801B4BCE4600E2ABFE /* cache - benchmark - 30x30.png in Resources */ = {isa = PBXBuildFile; fileRef = E86C65761B4BCE4600E2ABFE /* cache - benchmark - 30x30.png */; };
		E86C65811B4BCE4600E2ABFE /* cache - cito - 30x30.png in Resources */ = {isa = PBXBuildFile; fileRef = E86C65771B4BCE4600E2ABFE /* cache - cito - 30x30.png */; };
		E86C65821B4BCE4600E2ABFE /* cache - earth - 30x30.png in Resources */ = {isa = PBXBuildFile; fileRef = E86C65781B4BCE4600E2ABFE /* cache - earth - 30x30.png */; };
		E86C65831B4BCE4600E2ABFE /* cache - event - 30x30.png in Resources */ = {isa = PBXBuildFile; fileRef = E86C65791B4BCE4600E2ABFE /* cache - event - 30x30.png */; };
		E86C65841B4BCE4600E2ABFE /* cache - groundspeak hq - 30x30.png in Resources */ = {isa = PBXBuildFile; fileRef = E86C657A1B4BCE4600E2ABFE /* cache - groundspeak hq - 30x30.png */; };
		E86C65851B4BCE4600E2ABFE /* cache - letterbox - 30x30.png in Resources */ = {isa = PBXBuildFile; fileRef = E86C657B1B4BCE4600E2ABFE /* cache - letterbox - 30x30.png */; };
		E86C65861B4BCE4600E2ABFE /* cache - maze - 30x30.png in Resources */ = {isa = PBXBuildFile; fileRef = E86C657C1B4BCE4600E2ABFE /* cache - maze - 30x30.png */; };
		E86C65871B4BCE4600E2ABFE /* cache - mega - 30x30.png in Resources */ = {isa = PBXBuildFile; fileRef = E86C657D1B4BCE4600E2ABFE /* cache - mega - 30x30.png */; };
		E86C65881B4BCE4600E2ABFE /* cache - multi - 30x30.png in Resources */ = {isa = PBXBuildFile; fileRef = E86C657E1B4BCE4600E2ABFE /* cache - multi - 30x30.png */; };
		E86C65891B4BCE4600E2ABFE /* cache - mystery - 30x30.png in Resources */ = {isa = PBXBuildFile; fileRef = E86C657F1B4BCE4600E2ABFE /* cache - mystery - 30x30.png */; };
		E86C65901B4BCE7100E2ABFE /* cache - traditional - 30x30.png in Resources */ = {isa = PBXBuildFile; fileRef = E86C658A1B4BCE7100E2ABFE /* cache - traditional - 30x30.png */; };
		E86C65911B4BCE7100E2ABFE /* cache - unknown - 30x30.png in Resources */ = {isa = PBXBuildFile; fileRef = E86C658B1B4BCE7100E2ABFE /* cache - unknown - 30x30.png */; };
		E86C65921B4BCE7100E2ABFE /* cache - virtual - 30x30.png in Resources */ = {isa = PBXBuildFile; fileRef = E86C658C1B4BCE7100E2ABFE /* cache - virtual - 30x30.png */; };
		E86C65931B4BCE7100E2ABFE /* cache - waymark - 30x30.png in Resources */ = {isa = PBXBuildFile; fileRef = E86C658D1B4BCE7100E2ABFE /* cache - waymark - 30x30.png */; };
		E86C65941B4BCE7100E2ABFE /* cache - webcam - 30x30.png in Resources */ = {isa = PBXBuildFile; fileRef = E86C658E1B4BCE7100E2ABFE /* cache - webcam - 30x30.png */; };
		E86C65951B4BCE7100E2ABFE /* cache - whereigo - 30x30.png in Resources */ = {isa = PBXBuildFile; fileRef = E86C658F1B4BCE7100E2ABFE /* cache - whereigo - 30x30.png */; };
		E86C659E1B4BD3D300E2ABFE /* waypoint - finish - 30x30.png in Resources */ = {isa = PBXBuildFile; fileRef = E86C65971B4BD3D300E2ABFE /* waypoint - finish - 30x30.png */; };
		E86C659F1B4BD3D300E2ABFE /* waypoint - flag - 30x30.png in Resources */ = {isa = PBXBuildFile; fileRef = E86C65981B4BD3D300E2ABFE /* waypoint - flag - 30x30.png */; };
		E86C65A01B4BD3D300E2ABFE /* waypoint - multi - 30x30.png in Resources */ = {isa = PBXBuildFile; fileRef = E86C65991B4BD3D300E2ABFE /* waypoint - multi - 30x30.png */; };
		E86C65A11B4BD3D300E2ABFE /* waypoint - parking - 30x30.png in Resources */ = {isa = PBXBuildFile; fileRef = E86C659A1B4BD3D300E2ABFE /* waypoint - parking - 30x30.png */; };
		E86C65A21B4BD3D300E2ABFE /* waypoint - question - 30x30.png in Resources */ = {isa = PBXBuildFile; fileRef = E86C659B1B4BD3D300E2ABFE /* waypoint - question - 30x30.png */; };
		E86C65A31B4BD3D300E2ABFE /* waypoint - trailhead - 30x30.png in Resources */ = {isa = PBXBuildFile; fileRef = E86C659C1B4BD3D300E2ABFE /* waypoint - trailhead - 30x30.png */; };
		E86C65A41B4BD3D300E2ABFE /* waypoint - unknown - 30x30.png in Resources */ = {isa = PBXBuildFile; fileRef = E86C659D1B4BD3D300E2ABFE /* waypoint - unknown - 30x30.png */; };
		E86C65A71B4BD44000E2ABFE /* ImageLibrary.m in Sources */ = {isa = PBXBuildFile; fileRef = E86C65A61B4BD44000E2ABFE /* ImageLibrary.m */; };
		E86C65A91B4D388600E2ABFE /* cache - giga - 30x30.png in Resources */ = {isa = PBXBuildFile; fileRef = E86C65A81B4D388600E2ABFE /* cache - giga - 30x30.png */; };
		E86C65AC1B4D431100E2ABFE /* database-cache.m in Sources */ = {isa = PBXBuildFile; fileRef = E86C65AB1B4D431100E2ABFE /* database-cache.m */; };
		E86C65AE1B4DCC6900E2ABFE /* dbObject.m in Sources */ = {isa = PBXBuildFile; fileRef = E86C65AD1B4DCC6900E2ABFE /* dbObject.m */; };
		E8740F9B1B4E3C6A002527DA /* CacheViewController.m in Sources */ = {isa = PBXBuildFile; fileRef = E8740F9A1B4E3C6A002527DA /* CacheViewController.m */; };
		E8740FA01B4E6C5F002527DA /* icons - sad - 30x30.png in Resources */ = {isa = PBXBuildFile; fileRef = E8740F9D1B4E6C5F002527DA /* icons - sad - 30x30.png */; };
		E8740FA11B4E6C5F002527DA /* icons - smiley - 15x15.png in Resources */ = {isa = PBXBuildFile; fileRef = E8740F9E1B4E6C5F002527DA /* icons - smiley - 15x15.png */; };
		E8740FA21B4E6C5F002527DA /* icons - target - 20x20.png in Resources */ = {isa = PBXBuildFile; fileRef = E8740F9F1B4E6C5F002527DA /* icons - target - 20x20.png */; };
		E8740FAA1B4E86D9002527DA /* log - archived - 30x30.png in Resources */ = {isa = PBXBuildFile; fileRef = E8740FA41B4E86D9002527DA /* log - archived - 30x30.png */; };
		E8740FAB1B4E86D9002527DA /* log - attended - 30x30.png in Resources */ = {isa = PBXBuildFile; fileRef = E8740FA51B4E86D9002527DA /* log - attended - 30x30.png */; };
		E8740FAC1B4E86D9002527DA /* log - coordinates - 30x30.png in Resources */ = {isa = PBXBuildFile; fileRef = E8740FA61B4E86D9002527DA /* log - coordinates - 30x30.png */; };
		E8740FAD1B4E86D9002527DA /* log - didnotfind - 30x30.png in Resources */ = {isa = PBXBuildFile; fileRef = E8740FA71B4E86D9002527DA /* log - didnotfind - 30x30.png */; };
		E8740FAE1B4E86D9002527DA /* log - disabled - 18x18.png in Resources */ = {isa = PBXBuildFile; fileRef = E8740FA81B4E86D9002527DA /* log - disabled - 18x18.png */; };
		E8740FAF1B4E86D9002527DA /* log - enabled - 30x30.png in Resources */ = {isa = PBXBuildFile; fileRef = E8740FA91B4E86D9002527DA /* log - enabled - 30x30.png */; };
		E8740FBA1B4E86F6002527DA /* log - found - 30x30.png in Resources */ = {isa = PBXBuildFile; fileRef = E8740FB11B4E86F6002527DA /* log - found - 30x30.png */; };
		E8740FBB1B4E86F6002527DA /* log - needsarchiving - 30x30.png in Resources */ = {isa = PBXBuildFile; fileRef = E8740FB21B4E86F6002527DA /* log - needsarchiving - 30x30.png */; };
		E8740FBC1B4E86F6002527DA /* log - needsmaintenance - 30x30.png in Resources */ = {isa = PBXBuildFile; fileRef = E8740FB31B4E86F6002527DA /* log - needsmaintenance - 30x30.png */; };
		E8740FBD1B4E86F6002527DA /* log - note - 30x30.png in Resources */ = {isa = PBXBuildFile; fileRef = E8740FB41B4E86F6002527DA /* log - note - 30x30.png */; };
		E8740FBE1B4E86F6002527DA /* log - ownermaintenance - 30x30.png in Resources */ = {isa = PBXBuildFile; fileRef = E8740FB51B4E86F6002527DA /* log - ownermaintenance - 30x30.png */; };
		E8740FBF1B4E86F6002527DA /* log - published - 30x30.png in Resources */ = {isa = PBXBuildFile; fileRef = E8740FB61B4E86F6002527DA /* log - published - 30x30.png */; };
		E8740FC01B4E86F6002527DA /* log - reviewernote - 30x30.png in Resources */ = {isa = PBXBuildFile; fileRef = E8740FB71B4E86F6002527DA /* log - reviewernote - 30x30.png */; };
		E8740FC11B4E86F6002527DA /* log - unarchived - 30x30.png in Resources */ = {isa = PBXBuildFile; fileRef = E8740FB81B4E86F6002527DA /* log - unarchived - 30x30.png */; };
		E8740FC41B4E870D002527DA /* log - unknown - 30x30.png in Resources */ = {isa = PBXBuildFile; fileRef = E8740FC21B4E870D002527DA /* log - unknown - 30x30.png */; };
		E8740FC51B4E870D002527DA /* log - willattend - 30x30.png in Resources */ = {isa = PBXBuildFile; fileRef = E8740FC31B4E870D002527DA /* log - willattend - 30x30.png */; };
		E8740FC71B4E8824002527DA /* icons - smiley - 30x30.png in Resources */ = {isa = PBXBuildFile; fileRef = E8740FC61B4E8824002527DA /* icons - smiley - 30x30.png */; };
		E8740FCA1B4E90D7002527DA /* dbContainerType.m in Sources */ = {isa = PBXBuildFile; fileRef = E8740FC91B4E90D7002527DA /* dbContainerType.m */; };
		E8740FCD1B4E90EB002527DA /* dbLogType.m in Sources */ = {isa = PBXBuildFile; fileRef = E8740FCC1B4E90EB002527DA /* dbLogType.m */; };
		E8740FD51B4E9D76002527DA /* container - large - 70x20.png in Resources */ = {isa = PBXBuildFile; fileRef = E8740FCF1B4E9D76002527DA /* container - large - 70x20.png */; };
		E8740FD61B4E9D76002527DA /* container - micro - 70x20.png in Resources */ = {isa = PBXBuildFile; fileRef = E8740FD01B4E9D76002527DA /* container - micro - 70x20.png */; };
		E8740FD71B4E9D76002527DA /* container - notchosen - 70x20.png in Resources */ = {isa = PBXBuildFile; fileRef = E8740FD11B4E9D76002527DA /* container - notchosen - 70x20.png */; };
		E8740FD81B4E9D76002527DA /* container - regular - 70x20.png in Resources */ = {isa = PBXBuildFile; fileRef = E8740FD21B4E9D76002527DA /* container - regular - 70x20.png */; };
		E8740FD91B4E9D76002527DA /* container - small - 70x20.png in Resources */ = {isa = PBXBuildFile; fileRef = E8740FD31B4E9D76002527DA /* container - small - 70x20.png */; };
		E8740FDA1B4E9D76002527DA /* container - unknown - 70x20.png in Resources */ = {isa = PBXBuildFile; fileRef = E8740FD41B4E9D76002527DA /* container - unknown - 70x20.png */; };
		E8740FDC1B4E9DBB002527DA /* container - other - 70x20.png in Resources */ = {isa = PBXBuildFile; fileRef = E8740FDB1B4E9DBB002527DA /* container - other - 70x20.png */; };
		E8740FDF1B4F87D2002527DA /* dbLog.m in Sources */ = {isa = PBXBuildFile; fileRef = E8740FDE1B4F87D2002527DA /* dbLog.m */; };
		E8740FE21B4FDD1A002527DA /* CacheDescriptionViewController.m in Sources */ = {isa = PBXBuildFile; fileRef = E8740FE11B4FDD1A002527DA /* CacheDescriptionViewController.m */; };
		E8740FE51B4FFB46002527DA /* CacheHintViewController.m in Sources */ = {isa = PBXBuildFile; fileRef = E8740FE41B4FFB46002527DA /* CacheHintViewController.m */; };
		E8740FE81B508BBE002527DA /* CacheLogsViewController.m in Sources */ = {isa = PBXBuildFile; fileRef = E8740FE71B508BBE002527DA /* CacheLogsViewController.m */; };
		E8740FEC1B509575002527DA /* LogTableViewCell.m in Sources */ = {isa = PBXBuildFile; fileRef = E8740FEB1B509575002527DA /* LogTableViewCell.m */; };
		E88FD8F31B4160A700D0CCE7 /* dbWaypointGroup.m in Sources */ = {isa = PBXBuildFile; fileRef = E88FD8F21B4160A700D0CCE7 /* dbWaypointGroup.m */; };
		E8A3F4631B51E9AD009F2F46 /* map - cross dnf - 19x19.png in Resources */ = {isa = PBXBuildFile; fileRef = E8A3F4561B51E9AD009F2F46 /* map - cross dnf - 19x19.png */; };
		E8A3F4641B51E9AD009F2F46 /* map - dnf stick - 35x42.png in Resources */ = {isa = PBXBuildFile; fileRef = E8A3F4571B51E9AD009F2F46 /* map - dnf stick - 35x42.png */; };
		E8A3F4651B51E9AD009F2F46 /* map - found stick - 35x42.png in Resources */ = {isa = PBXBuildFile; fileRef = E8A3F4581B51E9AD009F2F46 /* map - found stick - 35x42.png */; };
		E8A3F4661B51E9AD009F2F46 /* map - own overlay - 18x18.png in Resources */ = {isa = PBXBuildFile; fileRef = E8A3F4591B51E9AD009F2F46 /* map - own overlay - 18x18.png */; };
		E8A3F4671B51E9AD009F2F46 /* map - pin stick - 35x42.png in Resources */ = {isa = PBXBuildFile; fileRef = E8A3F45A1B51E9AD009F2F46 /* map - pin stick - 35x42.png */; };
		E8A3F4681B51E9AD009F2F46 /* map - pinhead black - 15x15.png in Resources */ = {isa = PBXBuildFile; fileRef = E8A3F45B1B51E9AD009F2F46 /* map - pinhead black - 15x15.png */; };
		E8A3F4691B51E9AD009F2F46 /* map - pinhead green - 15x15.png in Resources */ = {isa = PBXBuildFile; fileRef = E8A3F45C1B51E9AD009F2F46 /* map - pinhead green - 15x15.png */; };
		E8A3F46A1B51E9AD009F2F46 /* map - pinhead pink - 15x15.png in Resources */ = {isa = PBXBuildFile; fileRef = E8A3F45D1B51E9AD009F2F46 /* map - pinhead pink - 15x15.png */; };
		E8A3F46B1B51E9AD009F2F46 /* map - pinhead purple - 15x15.png in Resources */ = {isa = PBXBuildFile; fileRef = E8A3F45E1B51E9AD009F2F46 /* map - pinhead purple - 15x15.png */; };
		E8A3F46C1B51E9AD009F2F46 /* map - pinhead red - 15x15.png in Resources */ = {isa = PBXBuildFile; fileRef = E8A3F45F1B51E9AD009F2F46 /* map - pinhead red - 15x15.png */; };
		E8A3F46D1B51E9AD009F2F46 /* map - pinhead white - 15x15.png in Resources */ = {isa = PBXBuildFile; fileRef = E8A3F4601B51E9AD009F2F46 /* map - pinhead white - 15x15.png */; };
		E8A3F46E1B51E9AD009F2F46 /* map - pinhead yellow - 15x15.png in Resources */ = {isa = PBXBuildFile; fileRef = E8A3F4611B51E9AD009F2F46 /* map - pinhead yellow - 15x15.png */; };
		E8A3F46F1B51E9AD009F2F46 /* map - tick found - 24x21.png in Resources */ = {isa = PBXBuildFile; fileRef = E8A3F4621B51E9AD009F2F46 /* map - tick found - 24x21.png */; };
		E8BD824A1B46A4E50029CDC9 /* global menu icon.png in Resources */ = {isa = PBXBuildFile; fileRef = E8BD82491B46A4E50029CDC9 /* global menu icon.png */; };
		E8DA95C61B423EBC003E46A4 /* GCA - 7248.zip in Resources */ = {isa = PBXBuildFile; fileRef = E8DA95C51B423EBC003E46A4 /* GCA - 7248.zip */; };
		E8DA95CC1B4261B1003E46A4 /* GroupsViewController.m in Sources */ = {isa = PBXBuildFile; fileRef = E8DA95CB1B4261B1003E46A4 /* GroupsViewController.m */; };
		E8DA95CF1B426B71003E46A4 /* FilesViewController.m in Sources */ = {isa = PBXBuildFile; fileRef = E8DA95CE1B426B71003E46A4 /* FilesViewController.m */; };
		E8DF1A851B42AF7900FFCC95 /* NullViewController.m in Sources */ = {isa = PBXBuildFile; fileRef = E8DF1A841B42AF7900FFCC95 /* NullViewController.m */; };
		E8F570591B3F7255003F020C /* main.m in Sources */ = {isa = PBXBuildFile; fileRef = E8F570581B3F7255003F020C /* main.m */; };
		E8F5705C1B3F7255003F020C /* AppDelegate.m in Sources */ = {isa = PBXBuildFile; fileRef = E8F5705B1B3F7255003F020C /* AppDelegate.m */; };
		E8F570621B3F7255003F020C /* Main.storyboard in Resources */ = {isa = PBXBuildFile; fileRef = E8F570601B3F7255003F020C /* Main.storyboard */; };
		E8F570641B3F7255003F020C /* Images.xcassets in Resources */ = {isa = PBXBuildFile; fileRef = E8F570631B3F7255003F020C /* Images.xcassets */; };
		E8F570671B3F7255003F020C /* LaunchScreen.xib in Resources */ = {isa = PBXBuildFile; fileRef = E8F570651B3F7255003F020C /* LaunchScreen.xib */; };
		E8F570731B3F7255003F020C /* GeocubeTests.m in Sources */ = {isa = PBXBuildFile; fileRef = E8F570721B3F7255003F020C /* GeocubeTests.m */; };
		E8F570901B3F7A9C003F020C /* GC - 15670269_ACT-1.zip in Resources */ = {isa = PBXBuildFile; fileRef = E8F5708F1B3F7A9C003F020C /* GC - 15670269_ACT-1.zip */; };
		E8F570921B3F7CAE003F020C /* libz.dylib in Frameworks */ = {isa = PBXBuildFile; fileRef = E8F570911B3F7CAE003F020C /* libz.dylib */; };
		E8F570A31B3F7F6A003F020C /* ioapi.c in Sources */ = {isa = PBXBuildFile; fileRef = E8F570991B3F7F6A003F020C /* ioapi.c */; };
		E8F570A41B3F7F6A003F020C /* mztools.c in Sources */ = {isa = PBXBuildFile; fileRef = E8F5709B1B3F7F6A003F020C /* mztools.c */; };
		E8F570A51B3F7F6A003F020C /* unzip.c in Sources */ = {isa = PBXBuildFile; fileRef = E8F5709D1B3F7F6A003F020C /* unzip.c */; };
		E8F570A61B3F7F6A003F020C /* zip.c in Sources */ = {isa = PBXBuildFile; fileRef = E8F5709F1B3F7F6A003F020C /* zip.c */; };
		E8F570A71B3F7F6A003F020C /* SSZipArchive.m in Sources */ = {isa = PBXBuildFile; fileRef = E8F570A21B3F7F6A003F020C /* SSZipArchive.m */; };
		E8F570AD1B3FE5C6003F020C /* database.m in Sources */ = {isa = PBXBuildFile; fileRef = E8F570AC1B3FE5C6003F020C /* database.m */; };
		E8F570AF1B3FE711003F020C /* libsqlite3.dylib in Frameworks */ = {isa = PBXBuildFile; fileRef = E8F570AE1B3FE711003F020C /* libsqlite3.dylib */; };
		E8F570B41B3FED0A003F020C /* My Tools.m in Sources */ = {isa = PBXBuildFile; fileRef = E8F570B31B3FED0A003F020C /* My Tools.m */; };
		E8F570B81B3FF4AA003F020C /* Settings.bundle in Resources */ = {isa = PBXBuildFile; fileRef = E8F570B71B3FF4AA003F020C /* Settings.bundle */; };
		E8F570BC1B400124003F020C /* schema.sql in Resources */ = {isa = PBXBuildFile; fileRef = E8F570BB1B400124003F020C /* schema.sql */; };
		E8F570BE1B400137003F020C /* empty.db in Resources */ = {isa = PBXBuildFile; fileRef = E8F570BD1B400137003F020C /* empty.db */; };
		E8F570C51B40059F003F020C /* dbConfig.m in Sources */ = {isa = PBXBuildFile; fileRef = E8F570C41B40059F003F020C /* dbConfig.m */; };
		E8F570C81B4008C3003F020C /* dbWaypoint.m in Sources */ = {isa = PBXBuildFile; fileRef = E8F570C71B4008C3003F020C /* dbWaypoint.m */; };
		E8F570CB1B4008DD003F020C /* dbWaypointType.m in Sources */ = {isa = PBXBuildFile; fileRef = E8F570CA1B4008DD003F020C /* dbWaypointType.m */; };
		E8F570CE1B40147E003F020C /* Import_GPX.m in Sources */ = {isa = PBXBuildFile; fileRef = E8F570CD1B40147E003F020C /* Import_GPX.m */; };
/* End PBXBuildFile section */

/* Begin PBXContainerItemProxy section */
		E8F5706D1B3F7255003F020C /* PBXContainerItemProxy */ = {
			isa = PBXContainerItemProxy;
			containerPortal = E8F5704B1B3F7255003F020C /* Project object */;
			proxyType = 1;
			remoteGlobalIDString = E8F570521B3F7255003F020C;
			remoteInfo = Geocube;
		};
/* End PBXContainerItemProxy section */

/* Begin PBXFileReference section */
		8C1A9513093211440A37A173 /* Pods.debug.xcconfig */ = {isa = PBXFileReference; includeInIndex = 1; lastKnownFileType = text.xcconfig; name = Pods.debug.xcconfig; path = "Pods/Target Support Files/Pods/Pods.debug.xcconfig"; sourceTree = "<group>"; };
		A98980CF2A6219D8CB3D4A89 /* Pods.release.xcconfig */ = {isa = PBXFileReference; includeInIndex = 1; lastKnownFileType = text.xcconfig; name = Pods.release.xcconfig; path = "Pods/Target Support Files/Pods/Pods.release.xcconfig"; sourceTree = "<group>"; };
		B7FCDB95B810A028E770E84C /* libPods.a */ = {isa = PBXFileReference; explicitFileType = archive.ar; includeInIndex = 0; path = libPods.a; sourceTree = BUILT_PRODUCTS_DIR; };
		E8027BCE1B514956003FD5A6 /* CachingsOfflineGoogleMapsViewController.h */ = {isa = PBXFileReference; fileEncoding = 4; lastKnownFileType = sourcecode.c.h; path = CachingsOfflineGoogleMapsViewController.h; sourceTree = "<group>"; };
		E8027BCF1B514956003FD5A6 /* CachingsOfflineGoogleMapsViewController.m */ = {isa = PBXFileReference; fileEncoding = 4; lastKnownFileType = sourcecode.c.objc; path = CachingsOfflineGoogleMapsViewController.m; sourceTree = "<group>"; };
		E80F73711B530C4600F35528 /* ImportGPXViewController.h */ = {isa = PBXFileReference; fileEncoding = 4; lastKnownFileType = sourcecode.c.h; path = ImportGPXViewController.h; sourceTree = "<group>"; };
		E80F73721B530C4600F35528 /* ImportGPXViewController.m */ = {isa = PBXFileReference; fileEncoding = 4; lastKnownFileType = sourcecode.c.objc; path = ImportGPXViewController.m; sourceTree = "<group>"; };
		E82840F31B510AE10055EE59 /* dbContainerSize.h */ = {isa = PBXFileReference; fileEncoding = 4; lastKnownFileType = sourcecode.c.h; path = dbContainerSize.h; sourceTree = "<group>"; };
		E82840F41B510AE10055EE59 /* dbContainerSize.m */ = {isa = PBXFileReference; fileEncoding = 4; lastKnownFileType = sourcecode.c.objc; path = dbContainerSize.m; sourceTree = "<group>"; };
		E82FBB251B4613C20009AB6D /* GCViewController.h */ = {isa = PBXFileReference; fileEncoding = 4; lastKnownFileType = sourcecode.c.h; path = GCViewController.h; sourceTree = "<group>"; };
		E82FBB261B4613C20009AB6D /* GCViewController.m */ = {isa = PBXFileReference; fileEncoding = 4; lastKnownFileType = sourcecode.c.objc; path = GCViewController.m; sourceTree = "<group>"; };
		E82FBB281B4613D70009AB6D /* GCTableViewController.h */ = {isa = PBXFileReference; fileEncoding = 4; lastKnownFileType = sourcecode.c.h; path = GCTableViewController.h; sourceTree = "<group>"; };
		E82FBB291B4613D70009AB6D /* GCTableViewController.m */ = {isa = PBXFileReference; fileEncoding = 4; lastKnownFileType = sourcecode.c.objc; path = GCTableViewController.m; sourceTree = "<group>"; };
		E8467C8C1B4E04EE00FFA253 /* Coordinates.h */ = {isa = PBXFileReference; fileEncoding = 4; lastKnownFileType = sourcecode.c.h; path = Coordinates.h; sourceTree = "<group>"; };
		E8467C8D1B4E04EE00FFA253 /* Coordinates.m */ = {isa = PBXFileReference; fileEncoding = 4; lastKnownFileType = sourcecode.c.objc; path = Coordinates.m; sourceTree = "<group>"; };
		E8467C8F1B4E06F800FFA253 /* Geocube-Prefix.pch */ = {isa = PBXFileReference; lastKnownFileType = sourcecode.c.h; path = "Geocube-Prefix.pch"; sourceTree = "<group>"; };
		E85DAFD21B450C3600C738A8 /* DOPNavbarMenu.h */ = {isa = PBXFileReference; fileEncoding = 4; lastKnownFileType = sourcecode.c.h; name = DOPNavbarMenu.h; path = DOPNavbarMenu/DOPNavbarMenu.h; sourceTree = "<group>"; };
		E85DAFD31B450C3600C738A8 /* DOPNavbarMenu.m */ = {isa = PBXFileReference; fileEncoding = 4; lastKnownFileType = sourcecode.c.objc; name = DOPNavbarMenu.m; path = DOPNavbarMenu/DOPNavbarMenu.m; sourceTree = "<group>"; };
		E85DAFD51B450EAA00C738A8 /* UIView+DOPExtension.h */ = {isa = PBXFileReference; fileEncoding = 4; lastKnownFileType = sourcecode.c.h; name = "UIView+DOPExtension.h"; path = "DOPNavbarMenu/UIView+DOPExtension.h"; sourceTree = "<group>"; };
		E85DAFD61B450EAA00C738A8 /* UIView+DOPExtension.m */ = {isa = PBXFileReference; fileEncoding = 4; lastKnownFileType = sourcecode.c.objc; name = "UIView+DOPExtension.m"; path = "DOPNavbarMenu/UIView+DOPExtension.m"; sourceTree = "<group>"; };
		E85DAFD81B453D4D00C738A8 /* GlobalMenu.h */ = {isa = PBXFileReference; fileEncoding = 4; lastKnownFileType = sourcecode.c.h; path = GlobalMenu.h; sourceTree = "<group>"; };
		E85DAFD91B453D4D00C738A8 /* GlobalMenu.m */ = {isa = PBXFileReference; fileEncoding = 4; lastKnownFileType = sourcecode.c.objc; path = GlobalMenu.m; sourceTree = "<group>"; };
		E85DAFDB1B45429500C738A8 /* UserProfileViewController.h */ = {isa = PBXFileReference; fileEncoding = 4; lastKnownFileType = sourcecode.c.h; path = UserProfileViewController.h; sourceTree = "<group>"; };
		E85DAFDC1B45429500C738A8 /* UserProfileViewController.m */ = {isa = PBXFileReference; fileEncoding = 4; lastKnownFileType = sourcecode.c.objc; path = UserProfileViewController.m; sourceTree = "<group>"; };
		E862F7C11B50C134007C3470 /* CacheGroupsViewController.h */ = {isa = PBXFileReference; fileEncoding = 4; lastKnownFileType = sourcecode.c.h; path = CacheGroupsViewController.h; sourceTree = "<group>"; };
		E862F7C21B50C134007C3470 /* CacheGroupsViewController.m */ = {isa = PBXFileReference; fileEncoding = 4; lastKnownFileType = sourcecode.c.objc; path = CacheGroupsViewController.m; sourceTree = "<group>"; };
		E862F7C41B50CC0B007C3470 /* CacheHeaderTableViewCell.h */ = {isa = PBXFileReference; fileEncoding = 4; lastKnownFileType = sourcecode.c.h; path = CacheHeaderTableViewCell.h; sourceTree = "<group>"; };
		E862F7C51B50CC0B007C3470 /* CacheHeaderTableViewCell.m */ = {isa = PBXFileReference; fileEncoding = 4; lastKnownFileType = sourcecode.c.objc; path = CacheHeaderTableViewCell.m; sourceTree = "<group>"; };
		E86C655A1B49EC5C00E2ABFE /* CachesOfflineListViewController.h */ = {isa = PBXFileReference; fileEncoding = 4; lastKnownFileType = sourcecode.c.h; path = CachesOfflineListViewController.h; sourceTree = "<group>"; };
		E86C655B1B49EC5C00E2ABFE /* CachesOfflineListViewController.m */ = {isa = PBXFileReference; fileEncoding = 4; lastKnownFileType = sourcecode.c.objc; path = CachesOfflineListViewController.m; sourceTree = "<group>"; };
		E86C65601B4B243000E2ABFE /* WaypointTableViewCell.h */ = {isa = PBXFileReference; fileEncoding = 4; lastKnownFileType = sourcecode.c.h; path = WaypointTableViewCell.h; sourceTree = "<group>"; };
		E86C65611B4B243000E2ABFE /* WaypointTableViewCell.m */ = {isa = PBXFileReference; fileEncoding = 4; lastKnownFileType = sourcecode.c.objc; path = WaypointTableViewCell.m; sourceTree = "<group>"; };
		E86C656B1B4BC57900E2ABFE /* waypoint favourites 20x30.png */ = {isa = PBXFileReference; lastKnownFileType = image.png; name = "waypoint favourites 20x30.png"; path = "images/waypoint favourites 20x30.png"; sourceTree = "<group>"; };
		E86C656D1B4BC74200E2ABFE /* waypoint rating star half 18x18.png */ = {isa = PBXFileReference; lastKnownFileType = image.png; name = "waypoint rating star half 18x18.png"; path = "images/waypoint rating star half 18x18.png"; sourceTree = "<group>"; };
		E86C656F1B4BC74200E2ABFE /* waypoint rating star on 19x18.png */ = {isa = PBXFileReference; lastKnownFileType = image.png; name = "waypoint rating star on 19x18.png"; path = "images/waypoint rating star on 19x18.png"; sourceTree = "<group>"; };
		E86C65731B4BC81D00E2ABFE /* waypoint rating star off 18x18.png */ = {isa = PBXFileReference; lastKnownFileType = image.png; name = "waypoint rating star off 18x18.png"; path = "images/waypoint rating star off 18x18.png"; sourceTree = "<group>"; };
		E86C65761B4BCE4600E2ABFE /* cache - benchmark - 30x30.png */ = {isa = PBXFileReference; lastKnownFileType = image.png; name = "cache - benchmark - 30x30.png"; path = "images/cache - benchmark - 30x30.png"; sourceTree = "<group>"; };
		E86C65771B4BCE4600E2ABFE /* cache - cito - 30x30.png */ = {isa = PBXFileReference; lastKnownFileType = image.png; name = "cache - cito - 30x30.png"; path = "images/cache - cito - 30x30.png"; sourceTree = "<group>"; };
		E86C65781B4BCE4600E2ABFE /* cache - earth - 30x30.png */ = {isa = PBXFileReference; lastKnownFileType = image.png; name = "cache - earth - 30x30.png"; path = "images/cache - earth - 30x30.png"; sourceTree = "<group>"; };
		E86C65791B4BCE4600E2ABFE /* cache - event - 30x30.png */ = {isa = PBXFileReference; lastKnownFileType = image.png; name = "cache - event - 30x30.png"; path = "images/cache - event - 30x30.png"; sourceTree = "<group>"; };
		E86C657A1B4BCE4600E2ABFE /* cache - groundspeak hq - 30x30.png */ = {isa = PBXFileReference; lastKnownFileType = image.png; name = "cache - groundspeak hq - 30x30.png"; path = "images/cache - groundspeak hq - 30x30.png"; sourceTree = "<group>"; };
		E86C657B1B4BCE4600E2ABFE /* cache - letterbox - 30x30.png */ = {isa = PBXFileReference; lastKnownFileType = image.png; name = "cache - letterbox - 30x30.png"; path = "images/cache - letterbox - 30x30.png"; sourceTree = "<group>"; };
		E86C657C1B4BCE4600E2ABFE /* cache - maze - 30x30.png */ = {isa = PBXFileReference; lastKnownFileType = image.png; name = "cache - maze - 30x30.png"; path = "images/cache - maze - 30x30.png"; sourceTree = "<group>"; };
		E86C657D1B4BCE4600E2ABFE /* cache - mega - 30x30.png */ = {isa = PBXFileReference; lastKnownFileType = image.png; name = "cache - mega - 30x30.png"; path = "images/cache - mega - 30x30.png"; sourceTree = "<group>"; };
		E86C657E1B4BCE4600E2ABFE /* cache - multi - 30x30.png */ = {isa = PBXFileReference; lastKnownFileType = image.png; name = "cache - multi - 30x30.png"; path = "images/cache - multi - 30x30.png"; sourceTree = "<group>"; };
		E86C657F1B4BCE4600E2ABFE /* cache - mystery - 30x30.png */ = {isa = PBXFileReference; lastKnownFileType = image.png; name = "cache - mystery - 30x30.png"; path = "images/cache - mystery - 30x30.png"; sourceTree = "<group>"; };
		E86C658A1B4BCE7100E2ABFE /* cache - traditional - 30x30.png */ = {isa = PBXFileReference; lastKnownFileType = image.png; name = "cache - traditional - 30x30.png"; path = "images/cache - traditional - 30x30.png"; sourceTree = "<group>"; };
		E86C658B1B4BCE7100E2ABFE /* cache - unknown - 30x30.png */ = {isa = PBXFileReference; lastKnownFileType = image.png; name = "cache - unknown - 30x30.png"; path = "images/cache - unknown - 30x30.png"; sourceTree = "<group>"; };
		E86C658C1B4BCE7100E2ABFE /* cache - virtual - 30x30.png */ = {isa = PBXFileReference; lastKnownFileType = image.png; name = "cache - virtual - 30x30.png"; path = "images/cache - virtual - 30x30.png"; sourceTree = "<group>"; };
		E86C658D1B4BCE7100E2ABFE /* cache - waymark - 30x30.png */ = {isa = PBXFileReference; lastKnownFileType = image.png; name = "cache - waymark - 30x30.png"; path = "images/cache - waymark - 30x30.png"; sourceTree = "<group>"; };
		E86C658E1B4BCE7100E2ABFE /* cache - webcam - 30x30.png */ = {isa = PBXFileReference; lastKnownFileType = image.png; name = "cache - webcam - 30x30.png"; path = "images/cache - webcam - 30x30.png"; sourceTree = "<group>"; };
		E86C658F1B4BCE7100E2ABFE /* cache - whereigo - 30x30.png */ = {isa = PBXFileReference; lastKnownFileType = image.png; name = "cache - whereigo - 30x30.png"; path = "images/cache - whereigo - 30x30.png"; sourceTree = "<group>"; };
		E86C65971B4BD3D300E2ABFE /* waypoint - finish - 30x30.png */ = {isa = PBXFileReference; lastKnownFileType = image.png; name = "waypoint - finish - 30x30.png"; path = "images/waypoint - finish - 30x30.png"; sourceTree = "<group>"; };
		E86C65981B4BD3D300E2ABFE /* waypoint - flag - 30x30.png */ = {isa = PBXFileReference; lastKnownFileType = image.png; name = "waypoint - flag - 30x30.png"; path = "images/waypoint - flag - 30x30.png"; sourceTree = "<group>"; };
		E86C65991B4BD3D300E2ABFE /* waypoint - multi - 30x30.png */ = {isa = PBXFileReference; lastKnownFileType = image.png; name = "waypoint - multi - 30x30.png"; path = "images/waypoint - multi - 30x30.png"; sourceTree = "<group>"; };
		E86C659A1B4BD3D300E2ABFE /* waypoint - parking - 30x30.png */ = {isa = PBXFileReference; lastKnownFileType = image.png; name = "waypoint - parking - 30x30.png"; path = "images/waypoint - parking - 30x30.png"; sourceTree = "<group>"; };
		E86C659B1B4BD3D300E2ABFE /* waypoint - question - 30x30.png */ = {isa = PBXFileReference; lastKnownFileType = image.png; name = "waypoint - question - 30x30.png"; path = "images/waypoint - question - 30x30.png"; sourceTree = "<group>"; };
		E86C659C1B4BD3D300E2ABFE /* waypoint - trailhead - 30x30.png */ = {isa = PBXFileReference; lastKnownFileType = image.png; name = "waypoint - trailhead - 30x30.png"; path = "images/waypoint - trailhead - 30x30.png"; sourceTree = "<group>"; };
		E86C659D1B4BD3D300E2ABFE /* waypoint - unknown - 30x30.png */ = {isa = PBXFileReference; lastKnownFileType = image.png; name = "waypoint - unknown - 30x30.png"; path = "images/waypoint - unknown - 30x30.png"; sourceTree = "<group>"; };
		E86C65A51B4BD44000E2ABFE /* ImageLibrary.h */ = {isa = PBXFileReference; fileEncoding = 4; lastKnownFileType = sourcecode.c.h; path = ImageLibrary.h; sourceTree = "<group>"; };
		E86C65A61B4BD44000E2ABFE /* ImageLibrary.m */ = {isa = PBXFileReference; fileEncoding = 4; lastKnownFileType = sourcecode.c.objc; path = ImageLibrary.m; sourceTree = "<group>"; };
		E86C65A81B4D388600E2ABFE /* cache - giga - 30x30.png */ = {isa = PBXFileReference; lastKnownFileType = image.png; name = "cache - giga - 30x30.png"; path = "images/cache - giga - 30x30.png"; sourceTree = "<group>"; };
		E86C65AA1B4D431100E2ABFE /* database-cache.h */ = {isa = PBXFileReference; fileEncoding = 4; lastKnownFileType = sourcecode.c.h; path = "database-cache.h"; sourceTree = "<group>"; };
		E86C65AB1B4D431100E2ABFE /* database-cache.m */ = {isa = PBXFileReference; fileEncoding = 4; lastKnownFileType = sourcecode.c.objc; path = "database-cache.m"; sourceTree = "<group>"; };
		E86C65AD1B4DCC6900E2ABFE /* dbObject.m */ = {isa = PBXFileReference; fileEncoding = 4; lastKnownFileType = sourcecode.c.objc; path = dbObject.m; sourceTree = "<group>"; };
		E86C65AF1B4DCEE400E2ABFE /* dbObject.h */ = {isa = PBXFileReference; lastKnownFileType = sourcecode.c.h; path = dbObject.h; sourceTree = "<group>"; };
		E8740F991B4E3C6A002527DA /* CacheViewController.h */ = {isa = PBXFileReference; fileEncoding = 4; lastKnownFileType = sourcecode.c.h; path = CacheViewController.h; sourceTree = "<group>"; };
		E8740F9A1B4E3C6A002527DA /* CacheViewController.m */ = {isa = PBXFileReference; fileEncoding = 4; lastKnownFileType = sourcecode.c.objc; path = CacheViewController.m; sourceTree = "<group>"; };
		E8740F9D1B4E6C5F002527DA /* icons - sad - 30x30.png */ = {isa = PBXFileReference; lastKnownFileType = image.png; name = "icons - sad - 30x30.png"; path = "images/icons - sad - 30x30.png"; sourceTree = "<group>"; };
		E8740F9E1B4E6C5F002527DA /* icons - smiley - 15x15.png */ = {isa = PBXFileReference; lastKnownFileType = image.png; name = "icons - smiley - 15x15.png"; path = "images/icons - smiley - 15x15.png"; sourceTree = "<group>"; };
		E8740F9F1B4E6C5F002527DA /* icons - target - 20x20.png */ = {isa = PBXFileReference; lastKnownFileType = image.png; name = "icons - target - 20x20.png"; path = "images/icons - target - 20x20.png"; sourceTree = "<group>"; };
		E8740FA41B4E86D9002527DA /* log - archived - 30x30.png */ = {isa = PBXFileReference; lastKnownFileType = image.png; name = "log - archived - 30x30.png"; path = "images/log - archived - 30x30.png"; sourceTree = "<group>"; };
		E8740FA51B4E86D9002527DA /* log - attended - 30x30.png */ = {isa = PBXFileReference; lastKnownFileType = image.png; name = "log - attended - 30x30.png"; path = "images/log - attended - 30x30.png"; sourceTree = "<group>"; };
		E8740FA61B4E86D9002527DA /* log - coordinates - 30x30.png */ = {isa = PBXFileReference; lastKnownFileType = image.png; name = "log - coordinates - 30x30.png"; path = "images/log - coordinates - 30x30.png"; sourceTree = "<group>"; };
		E8740FA71B4E86D9002527DA /* log - didnotfind - 30x30.png */ = {isa = PBXFileReference; lastKnownFileType = image.png; name = "log - didnotfind - 30x30.png"; path = "images/log - didnotfind - 30x30.png"; sourceTree = "<group>"; };
		E8740FA81B4E86D9002527DA /* log - disabled - 18x18.png */ = {isa = PBXFileReference; lastKnownFileType = image.png; name = "log - disabled - 18x18.png"; path = "images/log - disabled - 18x18.png"; sourceTree = "<group>"; };
		E8740FA91B4E86D9002527DA /* log - enabled - 30x30.png */ = {isa = PBXFileReference; lastKnownFileType = image.png; name = "log - enabled - 30x30.png"; path = "images/log - enabled - 30x30.png"; sourceTree = "<group>"; };
		E8740FB11B4E86F6002527DA /* log - found - 30x30.png */ = {isa = PBXFileReference; lastKnownFileType = image.png; name = "log - found - 30x30.png"; path = "images/log - found - 30x30.png"; sourceTree = "<group>"; };
		E8740FB21B4E86F6002527DA /* log - needsarchiving - 30x30.png */ = {isa = PBXFileReference; lastKnownFileType = image.png; name = "log - needsarchiving - 30x30.png"; path = "images/log - needsarchiving - 30x30.png"; sourceTree = "<group>"; };
		E8740FB31B4E86F6002527DA /* log - needsmaintenance - 30x30.png */ = {isa = PBXFileReference; lastKnownFileType = image.png; name = "log - needsmaintenance - 30x30.png"; path = "images/log - needsmaintenance - 30x30.png"; sourceTree = "<group>"; };
		E8740FB41B4E86F6002527DA /* log - note - 30x30.png */ = {isa = PBXFileReference; lastKnownFileType = image.png; name = "log - note - 30x30.png"; path = "images/log - note - 30x30.png"; sourceTree = "<group>"; };
		E8740FB51B4E86F6002527DA /* log - ownermaintenance - 30x30.png */ = {isa = PBXFileReference; lastKnownFileType = image.png; name = "log - ownermaintenance - 30x30.png"; path = "images/log - ownermaintenance - 30x30.png"; sourceTree = "<group>"; };
		E8740FB61B4E86F6002527DA /* log - published - 30x30.png */ = {isa = PBXFileReference; lastKnownFileType = image.png; name = "log - published - 30x30.png"; path = "images/log - published - 30x30.png"; sourceTree = "<group>"; };
		E8740FB71B4E86F6002527DA /* log - reviewernote - 30x30.png */ = {isa = PBXFileReference; lastKnownFileType = image.png; name = "log - reviewernote - 30x30.png"; path = "images/log - reviewernote - 30x30.png"; sourceTree = "<group>"; };
		E8740FB81B4E86F6002527DA /* log - unarchived - 30x30.png */ = {isa = PBXFileReference; lastKnownFileType = image.png; name = "log - unarchived - 30x30.png"; path = "images/log - unarchived - 30x30.png"; sourceTree = "<group>"; };
		E8740FC21B4E870D002527DA /* log - unknown - 30x30.png */ = {isa = PBXFileReference; lastKnownFileType = image.png; name = "log - unknown - 30x30.png"; path = "images/log - unknown - 30x30.png"; sourceTree = "<group>"; };
		E8740FC31B4E870D002527DA /* log - willattend - 30x30.png */ = {isa = PBXFileReference; lastKnownFileType = image.png; name = "log - willattend - 30x30.png"; path = "images/log - willattend - 30x30.png"; sourceTree = "<group>"; };
		E8740FC61B4E8824002527DA /* icons - smiley - 30x30.png */ = {isa = PBXFileReference; lastKnownFileType = image.png; name = "icons - smiley - 30x30.png"; path = "images/icons - smiley - 30x30.png"; sourceTree = "<group>"; };
		E8740FC81B4E90D7002527DA /* dbContainerType.h */ = {isa = PBXFileReference; fileEncoding = 4; lastKnownFileType = sourcecode.c.h; path = dbContainerType.h; sourceTree = "<group>"; };
		E8740FC91B4E90D7002527DA /* dbContainerType.m */ = {isa = PBXFileReference; fileEncoding = 4; lastKnownFileType = sourcecode.c.objc; path = dbContainerType.m; sourceTree = "<group>"; };
		E8740FCB1B4E90EB002527DA /* dbLogType.h */ = {isa = PBXFileReference; fileEncoding = 4; lastKnownFileType = sourcecode.c.h; path = dbLogType.h; sourceTree = "<group>"; };
		E8740FCC1B4E90EB002527DA /* dbLogType.m */ = {isa = PBXFileReference; fileEncoding = 4; lastKnownFileType = sourcecode.c.objc; path = dbLogType.m; sourceTree = "<group>"; };
		E8740FCF1B4E9D76002527DA /* container - large - 70x20.png */ = {isa = PBXFileReference; lastKnownFileType = image.png; name = "container - large - 70x20.png"; path = "images/container - large - 70x20.png"; sourceTree = "<group>"; };
		E8740FD01B4E9D76002527DA /* container - micro - 70x20.png */ = {isa = PBXFileReference; lastKnownFileType = image.png; name = "container - micro - 70x20.png"; path = "images/container - micro - 70x20.png"; sourceTree = "<group>"; };
		E8740FD11B4E9D76002527DA /* container - notchosen - 70x20.png */ = {isa = PBXFileReference; lastKnownFileType = image.png; name = "container - notchosen - 70x20.png"; path = "images/container - notchosen - 70x20.png"; sourceTree = "<group>"; };
		E8740FD21B4E9D76002527DA /* container - regular - 70x20.png */ = {isa = PBXFileReference; lastKnownFileType = image.png; name = "container - regular - 70x20.png"; path = "images/container - regular - 70x20.png"; sourceTree = "<group>"; };
		E8740FD31B4E9D76002527DA /* container - small - 70x20.png */ = {isa = PBXFileReference; lastKnownFileType = image.png; name = "container - small - 70x20.png"; path = "images/container - small - 70x20.png"; sourceTree = "<group>"; };
		E8740FD41B4E9D76002527DA /* container - unknown - 70x20.png */ = {isa = PBXFileReference; lastKnownFileType = image.png; name = "container - unknown - 70x20.png"; path = "images/container - unknown - 70x20.png"; sourceTree = "<group>"; };
		E8740FDB1B4E9DBB002527DA /* container - other - 70x20.png */ = {isa = PBXFileReference; lastKnownFileType = image.png; name = "container - other - 70x20.png"; path = "images/container - other - 70x20.png"; sourceTree = "<group>"; };
		E8740FDD1B4F87D2002527DA /* dbLog.h */ = {isa = PBXFileReference; fileEncoding = 4; lastKnownFileType = sourcecode.c.h; path = dbLog.h; sourceTree = "<group>"; };
		E8740FDE1B4F87D2002527DA /* dbLog.m */ = {isa = PBXFileReference; fileEncoding = 4; lastKnownFileType = sourcecode.c.objc; path = dbLog.m; sourceTree = "<group>"; };
		E8740FE01B4FDD1A002527DA /* CacheDescriptionViewController.h */ = {isa = PBXFileReference; fileEncoding = 4; lastKnownFileType = sourcecode.c.h; path = CacheDescriptionViewController.h; sourceTree = "<group>"; };
		E8740FE11B4FDD1A002527DA /* CacheDescriptionViewController.m */ = {isa = PBXFileReference; fileEncoding = 4; lastKnownFileType = sourcecode.c.objc; path = CacheDescriptionViewController.m; sourceTree = "<group>"; };
		E8740FE31B4FFB46002527DA /* CacheHintViewController.h */ = {isa = PBXFileReference; fileEncoding = 4; lastKnownFileType = sourcecode.c.h; path = CacheHintViewController.h; sourceTree = "<group>"; };
		E8740FE41B4FFB46002527DA /* CacheHintViewController.m */ = {isa = PBXFileReference; fileEncoding = 4; lastKnownFileType = sourcecode.c.objc; path = CacheHintViewController.m; sourceTree = "<group>"; };
		E8740FE61B508BBE002527DA /* CacheLogsViewController.h */ = {isa = PBXFileReference; fileEncoding = 4; lastKnownFileType = sourcecode.c.h; path = CacheLogsViewController.h; sourceTree = "<group>"; };
		E8740FE71B508BBE002527DA /* CacheLogsViewController.m */ = {isa = PBXFileReference; fileEncoding = 4; lastKnownFileType = sourcecode.c.objc; path = CacheLogsViewController.m; sourceTree = "<group>"; };
		E8740FEA1B509575002527DA /* LogTableViewCell.h */ = {isa = PBXFileReference; fileEncoding = 4; lastKnownFileType = sourcecode.c.h; path = LogTableViewCell.h; sourceTree = "<group>"; };
		E8740FEB1B509575002527DA /* LogTableViewCell.m */ = {isa = PBXFileReference; fileEncoding = 4; lastKnownFileType = sourcecode.c.objc; path = LogTableViewCell.m; sourceTree = "<group>"; };
		E88FD8F11B4160A700D0CCE7 /* dbWaypointGroup.h */ = {isa = PBXFileReference; fileEncoding = 4; lastKnownFileType = sourcecode.c.h; path = dbWaypointGroup.h; sourceTree = "<group>"; };
		E88FD8F21B4160A700D0CCE7 /* dbWaypointGroup.m */ = {isa = PBXFileReference; fileEncoding = 4; lastKnownFileType = sourcecode.c.objc; path = dbWaypointGroup.m; sourceTree = "<group>"; };
		E8A3F4561B51E9AD009F2F46 /* map - cross dnf - 19x19.png */ = {isa = PBXFileReference; lastKnownFileType = image.png; name = "map - cross dnf - 19x19.png"; path = "images/map - cross dnf - 19x19.png"; sourceTree = "<group>"; };
		E8A3F4571B51E9AD009F2F46 /* map - dnf stick - 35x42.png */ = {isa = PBXFileReference; lastKnownFileType = image.png; name = "map - dnf stick - 35x42.png"; path = "images/map - dnf stick - 35x42.png"; sourceTree = "<group>"; };
		E8A3F4581B51E9AD009F2F46 /* map - found stick - 35x42.png */ = {isa = PBXFileReference; lastKnownFileType = image.png; name = "map - found stick - 35x42.png"; path = "images/map - found stick - 35x42.png"; sourceTree = "<group>"; };
		E8A3F4591B51E9AD009F2F46 /* map - own overlay - 18x18.png */ = {isa = PBXFileReference; lastKnownFileType = image.png; name = "map - own overlay - 18x18.png"; path = "images/map - own overlay - 18x18.png"; sourceTree = "<group>"; };
		E8A3F45A1B51E9AD009F2F46 /* map - pin stick - 35x42.png */ = {isa = PBXFileReference; lastKnownFileType = image.png; name = "map - pin stick - 35x42.png"; path = "images/map - pin stick - 35x42.png"; sourceTree = "<group>"; };
		E8A3F45B1B51E9AD009F2F46 /* map - pinhead black - 15x15.png */ = {isa = PBXFileReference; lastKnownFileType = image.png; name = "map - pinhead black - 15x15.png"; path = "images/map - pinhead black - 15x15.png"; sourceTree = "<group>"; };
		E8A3F45C1B51E9AD009F2F46 /* map - pinhead green - 15x15.png */ = {isa = PBXFileReference; lastKnownFileType = image.png; name = "map - pinhead green - 15x15.png"; path = "images/map - pinhead green - 15x15.png"; sourceTree = "<group>"; };
		E8A3F45D1B51E9AD009F2F46 /* map - pinhead pink - 15x15.png */ = {isa = PBXFileReference; lastKnownFileType = image.png; name = "map - pinhead pink - 15x15.png"; path = "images/map - pinhead pink - 15x15.png"; sourceTree = "<group>"; };
		E8A3F45E1B51E9AD009F2F46 /* map - pinhead purple - 15x15.png */ = {isa = PBXFileReference; lastKnownFileType = image.png; name = "map - pinhead purple - 15x15.png"; path = "images/map - pinhead purple - 15x15.png"; sourceTree = "<group>"; };
		E8A3F45F1B51E9AD009F2F46 /* map - pinhead red - 15x15.png */ = {isa = PBXFileReference; lastKnownFileType = image.png; name = "map - pinhead red - 15x15.png"; path = "images/map - pinhead red - 15x15.png"; sourceTree = "<group>"; };
		E8A3F4601B51E9AD009F2F46 /* map - pinhead white - 15x15.png */ = {isa = PBXFileReference; lastKnownFileType = image.png; name = "map - pinhead white - 15x15.png"; path = "images/map - pinhead white - 15x15.png"; sourceTree = "<group>"; };
		E8A3F4611B51E9AD009F2F46 /* map - pinhead yellow - 15x15.png */ = {isa = PBXFileReference; lastKnownFileType = image.png; name = "map - pinhead yellow - 15x15.png"; path = "images/map - pinhead yellow - 15x15.png"; sourceTree = "<group>"; };
		E8A3F4621B51E9AD009F2F46 /* map - tick found - 24x21.png */ = {isa = PBXFileReference; lastKnownFileType = image.png; name = "map - tick found - 24x21.png"; path = "images/map - tick found - 24x21.png"; sourceTree = "<group>"; };
		E8BD82491B46A4E50029CDC9 /* global menu icon.png */ = {isa = PBXFileReference; lastKnownFileType = image.png; name = "global menu icon.png"; path = "images/global menu icon.png"; sourceTree = "<group>"; };
		E8DA95C51B423EBC003E46A4 /* GCA - 7248.zip */ = {isa = PBXFileReference; lastKnownFileType = archive.zip; path = "GCA - 7248.zip"; sourceTree = "<group>"; };
		E8DA95CA1B4261B1003E46A4 /* GroupsViewController.h */ = {isa = PBXFileReference; fileEncoding = 4; lastKnownFileType = sourcecode.c.h; path = GroupsViewController.h; sourceTree = "<group>"; };
		E8DA95CB1B4261B1003E46A4 /* GroupsViewController.m */ = {isa = PBXFileReference; fileEncoding = 4; lastKnownFileType = sourcecode.c.objc; path = GroupsViewController.m; sourceTree = "<group>"; };
		E8DA95CD1B426B71003E46A4 /* FilesViewController.h */ = {isa = PBXFileReference; fileEncoding = 4; lastKnownFileType = sourcecode.c.h; path = FilesViewController.h; sourceTree = "<group>"; };
		E8DA95CE1B426B71003E46A4 /* FilesViewController.m */ = {isa = PBXFileReference; fileEncoding = 4; lastKnownFileType = sourcecode.c.objc; path = FilesViewController.m; sourceTree = "<group>"; };
		E8DF1A831B42AF7900FFCC95 /* NullViewController.h */ = {isa = PBXFileReference; fileEncoding = 4; lastKnownFileType = sourcecode.c.h; path = NullViewController.h; sourceTree = "<group>"; };
		E8DF1A841B42AF7900FFCC95 /* NullViewController.m */ = {isa = PBXFileReference; fileEncoding = 4; lastKnownFileType = sourcecode.c.objc; path = NullViewController.m; sourceTree = "<group>"; };
		E8F570531B3F7255003F020C /* Geocube.app */ = {isa = PBXFileReference; explicitFileType = wrapper.application; includeInIndex = 0; path = Geocube.app; sourceTree = BUILT_PRODUCTS_DIR; };
		E8F570571B3F7255003F020C /* Info.plist */ = {isa = PBXFileReference; lastKnownFileType = text.plist.xml; path = Info.plist; sourceTree = "<group>"; };
		E8F570581B3F7255003F020C /* main.m */ = {isa = PBXFileReference; lastKnownFileType = sourcecode.c.objc; path = main.m; sourceTree = "<group>"; };
		E8F5705A1B3F7255003F020C /* AppDelegate.h */ = {isa = PBXFileReference; lastKnownFileType = sourcecode.c.h; path = AppDelegate.h; sourceTree = "<group>"; };
		E8F5705B1B3F7255003F020C /* AppDelegate.m */ = {isa = PBXFileReference; lastKnownFileType = sourcecode.c.objc; path = AppDelegate.m; sourceTree = "<group>"; };
		E8F570611B3F7255003F020C /* Base */ = {isa = PBXFileReference; lastKnownFileType = file.storyboard; name = Base; path = Base.lproj/Main.storyboard; sourceTree = "<group>"; };
		E8F570631B3F7255003F020C /* Images.xcassets */ = {isa = PBXFileReference; lastKnownFileType = folder.assetcatalog; path = Images.xcassets; sourceTree = "<group>"; };
		E8F570661B3F7255003F020C /* Base */ = {isa = PBXFileReference; lastKnownFileType = file.xib; name = Base; path = Base.lproj/LaunchScreen.xib; sourceTree = "<group>"; };
		E8F5706C1B3F7255003F020C /* GeocubeTests.xctest */ = {isa = PBXFileReference; explicitFileType = wrapper.cfbundle; includeInIndex = 0; path = GeocubeTests.xctest; sourceTree = BUILT_PRODUCTS_DIR; };
		E8F570711B3F7255003F020C /* Info.plist */ = {isa = PBXFileReference; lastKnownFileType = text.plist.xml; path = Info.plist; sourceTree = "<group>"; };
		E8F570721B3F7255003F020C /* GeocubeTests.m */ = {isa = PBXFileReference; lastKnownFileType = sourcecode.c.objc; path = GeocubeTests.m; sourceTree = "<group>"; };
		E8F5708F1B3F7A9C003F020C /* GC - 15670269_ACT-1.zip */ = {isa = PBXFileReference; lastKnownFileType = archive.zip; path = "GC - 15670269_ACT-1.zip"; sourceTree = "<group>"; };
		E8F570911B3F7CAE003F020C /* libz.dylib */ = {isa = PBXFileReference; lastKnownFileType = "compiled.mach-o.dylib"; name = libz.dylib; path = usr/lib/libz.dylib; sourceTree = SDKROOT; };
		E8F570981B3F7F6A003F020C /* crypt.h */ = {isa = PBXFileReference; fileEncoding = 4; lastKnownFileType = sourcecode.c.h; path = crypt.h; sourceTree = "<group>"; };
		E8F570991B3F7F6A003F020C /* ioapi.c */ = {isa = PBXFileReference; fileEncoding = 4; lastKnownFileType = sourcecode.c.c; path = ioapi.c; sourceTree = "<group>"; };
		E8F5709A1B3F7F6A003F020C /* ioapi.h */ = {isa = PBXFileReference; fileEncoding = 4; lastKnownFileType = sourcecode.c.h; path = ioapi.h; sourceTree = "<group>"; };
		E8F5709B1B3F7F6A003F020C /* mztools.c */ = {isa = PBXFileReference; fileEncoding = 4; lastKnownFileType = sourcecode.c.c; path = mztools.c; sourceTree = "<group>"; };
		E8F5709C1B3F7F6A003F020C /* mztools.h */ = {isa = PBXFileReference; fileEncoding = 4; lastKnownFileType = sourcecode.c.h; path = mztools.h; sourceTree = "<group>"; };
		E8F5709D1B3F7F6A003F020C /* unzip.c */ = {isa = PBXFileReference; fileEncoding = 4; lastKnownFileType = sourcecode.c.c; path = unzip.c; sourceTree = "<group>"; };
		E8F5709E1B3F7F6A003F020C /* unzip.h */ = {isa = PBXFileReference; fileEncoding = 4; lastKnownFileType = sourcecode.c.h; path = unzip.h; sourceTree = "<group>"; };
		E8F5709F1B3F7F6A003F020C /* zip.c */ = {isa = PBXFileReference; fileEncoding = 4; lastKnownFileType = sourcecode.c.c; path = zip.c; sourceTree = "<group>"; };
		E8F570A01B3F7F6A003F020C /* zip.h */ = {isa = PBXFileReference; fileEncoding = 4; lastKnownFileType = sourcecode.c.h; path = zip.h; sourceTree = "<group>"; };
		E8F570A11B3F7F6A003F020C /* SSZipArchive.h */ = {isa = PBXFileReference; fileEncoding = 4; lastKnownFileType = sourcecode.c.h; path = SSZipArchive.h; sourceTree = "<group>"; };
		E8F570A21B3F7F6A003F020C /* SSZipArchive.m */ = {isa = PBXFileReference; fileEncoding = 4; lastKnownFileType = sourcecode.c.objc; path = SSZipArchive.m; sourceTree = "<group>"; };
		E8F570AB1B3FE5C6003F020C /* database.h */ = {isa = PBXFileReference; fileEncoding = 4; lastKnownFileType = sourcecode.c.h; path = database.h; sourceTree = "<group>"; };
		E8F570AC1B3FE5C6003F020C /* database.m */ = {isa = PBXFileReference; fileEncoding = 4; lastKnownFileType = sourcecode.c.objc; path = database.m; sourceTree = "<group>"; };
		E8F570AE1B3FE711003F020C /* libsqlite3.dylib */ = {isa = PBXFileReference; lastKnownFileType = "compiled.mach-o.dylib"; name = libsqlite3.dylib; path = usr/lib/libsqlite3.dylib; sourceTree = SDKROOT; };
		E8F570B31B3FED0A003F020C /* My Tools.m */ = {isa = PBXFileReference; fileEncoding = 4; lastKnownFileType = sourcecode.c.objc; path = "My Tools.m"; sourceTree = "<group>"; };
		E8F570B51B3FED24003F020C /* My Tools.h */ = {isa = PBXFileReference; lastKnownFileType = sourcecode.c.h; path = "My Tools.h"; sourceTree = "<group>"; };
		E8F570B71B3FF4AA003F020C /* Settings.bundle */ = {isa = PBXFileReference; lastKnownFileType = "wrapper.plug-in"; path = Settings.bundle; sourceTree = "<group>"; };
		E8F570BB1B400124003F020C /* schema.sql */ = {isa = PBXFileReference; fileEncoding = 4; lastKnownFileType = text; path = schema.sql; sourceTree = "<group>"; };
		E8F570BD1B400137003F020C /* empty.db */ = {isa = PBXFileReference; lastKnownFileType = file; path = empty.db; sourceTree = "<group>"; };
		E8F570BF1B400166003F020C /* Geocube.h */ = {isa = PBXFileReference; lastKnownFileType = sourcecode.c.h; path = Geocube.h; sourceTree = "<group>"; };
		E8F570C31B40059F003F020C /* dbConfig.h */ = {isa = PBXFileReference; fileEncoding = 4; lastKnownFileType = sourcecode.c.h; path = dbConfig.h; sourceTree = "<group>"; };
		E8F570C41B40059F003F020C /* dbConfig.m */ = {isa = PBXFileReference; fileEncoding = 4; lastKnownFileType = sourcecode.c.objc; path = dbConfig.m; sourceTree = "<group>"; };
		E8F570C61B4008C3003F020C /* dbWaypoint.h */ = {isa = PBXFileReference; fileEncoding = 4; lastKnownFileType = sourcecode.c.h; path = dbWaypoint.h; sourceTree = "<group>"; };
		E8F570C71B4008C3003F020C /* dbWaypoint.m */ = {isa = PBXFileReference; fileEncoding = 4; lastKnownFileType = sourcecode.c.objc; path = dbWaypoint.m; sourceTree = "<group>"; };
		E8F570C91B4008DD003F020C /* dbWaypointType.h */ = {isa = PBXFileReference; fileEncoding = 4; lastKnownFileType = sourcecode.c.h; path = dbWaypointType.h; sourceTree = "<group>"; };
		E8F570CA1B4008DD003F020C /* dbWaypointType.m */ = {isa = PBXFileReference; fileEncoding = 4; lastKnownFileType = sourcecode.c.objc; path = dbWaypointType.m; sourceTree = "<group>"; };
		E8F570CC1B40147E003F020C /* Import_GPX.h */ = {isa = PBXFileReference; fileEncoding = 4; lastKnownFileType = sourcecode.c.h; path = Import_GPX.h; sourceTree = "<group>"; };
		E8F570CD1B40147E003F020C /* Import_GPX.m */ = {isa = PBXFileReference; fileEncoding = 4; lastKnownFileType = sourcecode.c.objc; path = Import_GPX.m; sourceTree = "<group>"; };
/* End PBXFileReference section */

/* Begin PBXFrameworksBuildPhase section */
		E8F570501B3F7255003F020C /* Frameworks */ = {
			isa = PBXFrameworksBuildPhase;
			buildActionMask = 2147483647;
			files = (
				E8F570AF1B3FE711003F020C /* libsqlite3.dylib in Frameworks */,
				E8F570921B3F7CAE003F020C /* libz.dylib in Frameworks */,
				B5CD37DBF5F6EDE349986CB3 /* libPods.a in Frameworks */,
			);
			runOnlyForDeploymentPostprocessing = 0;
		};
		E8F570691B3F7255003F020C /* Frameworks */ = {
			isa = PBXFrameworksBuildPhase;
			buildActionMask = 2147483647;
			files = (
			);
			runOnlyForDeploymentPostprocessing = 0;
		};
/* End PBXFrameworksBuildPhase section */

/* Begin PBXGroup section */
		6917C4AD2B052674BDDB3A0D /* Frameworks */ = {
			isa = PBXGroup;
			children = (
				B7FCDB95B810A028E770E84C /* libPods.a */,
			);
			name = Frameworks;
			sourceTree = "<group>";
		};
		C52879D9FDE55D2D5B94688C /* Pods */ = {
			isa = PBXGroup;
			children = (
				8C1A9513093211440A37A173 /* Pods.debug.xcconfig */,
				A98980CF2A6219D8CB3D4A89 /* Pods.release.xcconfig */,
			);
			name = Pods;
			sourceTree = "<group>";
		};
		E80F721D1B5275D200F35528 /* Caches Offline */ = {
			isa = PBXGroup;
			children = (
				E86C655A1B49EC5C00E2ABFE /* CachesOfflineListViewController.h */,
				E86C655B1B49EC5C00E2ABFE /* CachesOfflineListViewController.m */,
				E8027BCE1B514956003FD5A6 /* CachingsOfflineGoogleMapsViewController.h */,
				E8027BCF1B514956003FD5A6 /* CachingsOfflineGoogleMapsViewController.m */,
			);
			name = "Caches Offline";
			sourceTree = "<group>";
		};
		E82FBB2B1B4613E90009AB6D /* Base */ = {
			isa = PBXGroup;
			children = (
				E82FBB251B4613C20009AB6D /* GCViewController.h */,
				E82FBB261B4613C20009AB6D /* GCViewController.m */,
				E82FBB281B4613D70009AB6D /* GCTableViewController.h */,
				E82FBB291B4613D70009AB6D /* GCTableViewController.m */,
				E8F5705A1B3F7255003F020C /* AppDelegate.h */,
				E8F5705B1B3F7255003F020C /* AppDelegate.m */,
				E85DAFD81B453D4D00C738A8 /* GlobalMenu.h */,
				E85DAFD91B453D4D00C738A8 /* GlobalMenu.m */,
				E86C65A51B4BD44000E2ABFE /* ImageLibrary.h */,
				E86C65A61B4BD44000E2ABFE /* ImageLibrary.m */,
			);
			name = Base;
			sourceTree = "<group>";
		};
		E82FBB2C1B4613F10009AB6D /* Pages */ = {
			isa = PBXGroup;
			children = (
				E80F721D1B5275D200F35528 /* Caches Offline */,
				E8DA95CA1B4261B1003E46A4 /* GroupsViewController.h */,
				E8DA95CB1B4261B1003E46A4 /* GroupsViewController.m */,
				E8DA95CD1B426B71003E46A4 /* FilesViewController.h */,
				E8DA95CE1B426B71003E46A4 /* FilesViewController.m */,
				E85DAFDB1B45429500C738A8 /* UserProfileViewController.h */,
				E85DAFDC1B45429500C738A8 /* UserProfileViewController.m */,
				E8DF1A831B42AF7900FFCC95 /* NullViewController.h */,
				E8DF1A841B42AF7900FFCC95 /* NullViewController.m */,
				E80F73711B530C4600F35528 /* ImportGPXViewController.h */,
				E80F73721B530C4600F35528 /* ImportGPXViewController.m */,
			);
			name = Pages;
			sourceTree = "<group>";
		};
		E85DAFD11B450C1900C738A8 /* DOPNavbarMenu */ = {
			isa = PBXGroup;
			children = (
				E85DAFD51B450EAA00C738A8 /* UIView+DOPExtension.h */,
				E85DAFD61B450EAA00C738A8 /* UIView+DOPExtension.m */,
				E85DAFD21B450C3600C738A8 /* DOPNavbarMenu.h */,
				E85DAFD31B450C3600C738A8 /* DOPNavbarMenu.m */,
			);
			name = DOPNavbarMenu;
			sourceTree = "<group>";
		};
		E86C65751B4BCE2E00E2ABFE /* cache icons */ = {
			isa = PBXGroup;
			children = (
				E86C65A81B4D388600E2ABFE /* cache - giga - 30x30.png */,
				E86C65971B4BD3D300E2ABFE /* waypoint - finish - 30x30.png */,
				E86C65981B4BD3D300E2ABFE /* waypoint - flag - 30x30.png */,
				E86C65991B4BD3D300E2ABFE /* waypoint - multi - 30x30.png */,
				E86C659A1B4BD3D300E2ABFE /* waypoint - parking - 30x30.png */,
				E86C659B1B4BD3D300E2ABFE /* waypoint - question - 30x30.png */,
				E86C659C1B4BD3D300E2ABFE /* waypoint - trailhead - 30x30.png */,
				E86C659D1B4BD3D300E2ABFE /* waypoint - unknown - 30x30.png */,
				E86C658A1B4BCE7100E2ABFE /* cache - traditional - 30x30.png */,
				E86C658B1B4BCE7100E2ABFE /* cache - unknown - 30x30.png */,
				E86C658C1B4BCE7100E2ABFE /* cache - virtual - 30x30.png */,
				E86C658D1B4BCE7100E2ABFE /* cache - waymark - 30x30.png */,
				E86C658E1B4BCE7100E2ABFE /* cache - webcam - 30x30.png */,
				E86C658F1B4BCE7100E2ABFE /* cache - whereigo - 30x30.png */,
				E86C65761B4BCE4600E2ABFE /* cache - benchmark - 30x30.png */,
				E86C65771B4BCE4600E2ABFE /* cache - cito - 30x30.png */,
				E86C65781B4BCE4600E2ABFE /* cache - earth - 30x30.png */,
				E86C65791B4BCE4600E2ABFE /* cache - event - 30x30.png */,
				E86C657A1B4BCE4600E2ABFE /* cache - groundspeak hq - 30x30.png */,
				E86C657B1B4BCE4600E2ABFE /* cache - letterbox - 30x30.png */,
				E86C657C1B4BCE4600E2ABFE /* cache - maze - 30x30.png */,
				E86C657D1B4BCE4600E2ABFE /* cache - mega - 30x30.png */,
				E86C657E1B4BCE4600E2ABFE /* cache - multi - 30x30.png */,
				E86C657F1B4BCE4600E2ABFE /* cache - mystery - 30x30.png */,
			);
			name = "cache icons";
			sourceTree = "<group>";
		};
		E86C65961B4BCE7D00E2ABFE /* waypoint view */ = {
			isa = PBXGroup;
			children = (
				E86C65731B4BC81D00E2ABFE /* waypoint rating star off 18x18.png */,
				E86C656D1B4BC74200E2ABFE /* waypoint rating star half 18x18.png */,
				E86C656F1B4BC74200E2ABFE /* waypoint rating star on 19x18.png */,
				E86C656B1B4BC57900E2ABFE /* waypoint favourites 20x30.png */,
			);
			name = "waypoint view";
			sourceTree = "<group>";
		};
		E8740F9C1B4E6645002527DA /* Cache Viewing */ = {
			isa = PBXGroup;
			children = (
				E8740F991B4E3C6A002527DA /* CacheViewController.h */,
				E8740F9A1B4E3C6A002527DA /* CacheViewController.m */,
				E8740FE01B4FDD1A002527DA /* CacheDescriptionViewController.h */,
				E8740FE11B4FDD1A002527DA /* CacheDescriptionViewController.m */,
				E8740FE31B4FFB46002527DA /* CacheHintViewController.h */,
				E8740FE41B4FFB46002527DA /* CacheHintViewController.m */,
				E8740FE61B508BBE002527DA /* CacheLogsViewController.h */,
				E8740FE71B508BBE002527DA /* CacheLogsViewController.m */,
				E862F7C11B50C134007C3470 /* CacheGroupsViewController.h */,
				E862F7C21B50C134007C3470 /* CacheGroupsViewController.m */,
			);
			name = "Cache Viewing";
			sourceTree = "<group>";
		};
		E8740FA31B4E86BB002527DA /* logs */ = {
			isa = PBXGroup;
			children = (
				E8740FC21B4E870D002527DA /* log - unknown - 30x30.png */,
				E8740FC31B4E870D002527DA /* log - willattend - 30x30.png */,
				E8740FB11B4E86F6002527DA /* log - found - 30x30.png */,
				E8740FB21B4E86F6002527DA /* log - needsarchiving - 30x30.png */,
				E8740FB31B4E86F6002527DA /* log - needsmaintenance - 30x30.png */,
				E8740FB41B4E86F6002527DA /* log - note - 30x30.png */,
				E8740FB51B4E86F6002527DA /* log - ownermaintenance - 30x30.png */,
				E8740FB61B4E86F6002527DA /* log - published - 30x30.png */,
				E8740FB71B4E86F6002527DA /* log - reviewernote - 30x30.png */,
				E8740FB81B4E86F6002527DA /* log - unarchived - 30x30.png */,
				E8740FA41B4E86D9002527DA /* log - archived - 30x30.png */,
				E8740FA51B4E86D9002527DA /* log - attended - 30x30.png */,
				E8740FA61B4E86D9002527DA /* log - coordinates - 30x30.png */,
				E8740FA71B4E86D9002527DA /* log - didnotfind - 30x30.png */,
				E8740FA81B4E86D9002527DA /* log - disabled - 18x18.png */,
				E8740FA91B4E86D9002527DA /* log - enabled - 30x30.png */,
			);
			name = logs;
			sourceTree = "<group>";
		};
		E8740FCE1B4E9D49002527DA /* containers */ = {
			isa = PBXGroup;
			children = (
				E8740FDB1B4E9DBB002527DA /* container - other - 70x20.png */,
				E8740FCF1B4E9D76002527DA /* container - large - 70x20.png */,
				E8740FD01B4E9D76002527DA /* container - micro - 70x20.png */,
				E8740FD11B4E9D76002527DA /* container - notchosen - 70x20.png */,
				E8740FD21B4E9D76002527DA /* container - regular - 70x20.png */,
				E8740FD31B4E9D76002527DA /* container - small - 70x20.png */,
				E8740FD41B4E9D76002527DA /* container - unknown - 70x20.png */,
			);
			name = containers;
			sourceTree = "<group>";
		};
		E8740FE91B509540002527DA /* TableViewCells */ = {
			isa = PBXGroup;
			children = (
				E86C65601B4B243000E2ABFE /* WaypointTableViewCell.h */,
				E86C65611B4B243000E2ABFE /* WaypointTableViewCell.m */,
				E862F7C41B50CC0B007C3470 /* CacheHeaderTableViewCell.h */,
				E862F7C51B50CC0B007C3470 /* CacheHeaderTableViewCell.m */,
				E8740FEA1B509575002527DA /* LogTableViewCell.h */,
				E8740FEB1B509575002527DA /* LogTableViewCell.m */,
			);
			name = TableViewCells;
			sourceTree = "<group>";
		};
		E8A3F44F1B51D932009F2F46 /* map */ = {
			isa = PBXGroup;
			children = (
				E8A3F4561B51E9AD009F2F46 /* map - cross dnf - 19x19.png */,
				E8A3F4571B51E9AD009F2F46 /* map - dnf stick - 35x42.png */,
				E8A3F4581B51E9AD009F2F46 /* map - found stick - 35x42.png */,
				E8A3F4591B51E9AD009F2F46 /* map - own overlay - 18x18.png */,
				E8A3F45A1B51E9AD009F2F46 /* map - pin stick - 35x42.png */,
				E8A3F45B1B51E9AD009F2F46 /* map - pinhead black - 15x15.png */,
				E8A3F45C1B51E9AD009F2F46 /* map - pinhead green - 15x15.png */,
				E8A3F45D1B51E9AD009F2F46 /* map - pinhead pink - 15x15.png */,
				E8A3F45E1B51E9AD009F2F46 /* map - pinhead purple - 15x15.png */,
				E8A3F45F1B51E9AD009F2F46 /* map - pinhead red - 15x15.png */,
				E8A3F4601B51E9AD009F2F46 /* map - pinhead white - 15x15.png */,
				E8A3F4611B51E9AD009F2F46 /* map - pinhead yellow - 15x15.png */,
				E8A3F4621B51E9AD009F2F46 /* map - tick found - 24x21.png */,
			);
			name = map;
			sourceTree = "<group>";
		};
		E8BD82481B46A4CB0029CDC9 /* Images */ = {
			isa = PBXGroup;
			children = (
				E8A3F44F1B51D932009F2F46 /* map */,
				E8740FCE1B4E9D49002527DA /* containers */,
				E8740FA31B4E86BB002527DA /* logs */,
				E8740F9D1B4E6C5F002527DA /* icons - sad - 30x30.png */,
				E8740F9E1B4E6C5F002527DA /* icons - smiley - 15x15.png */,
				E8740FC61B4E8824002527DA /* icons - smiley - 30x30.png */,
				E8740F9F1B4E6C5F002527DA /* icons - target - 20x20.png */,
				E86C65961B4BCE7D00E2ABFE /* waypoint view */,
				E86C65751B4BCE2E00E2ABFE /* cache icons */,
				E8BD82491B46A4E50029CDC9 /* global menu icon.png */,
			);
			name = Images;
			sourceTree = "<group>";
		};
		E8F5704A1B3F7255003F020C = {
			isa = PBXGroup;
			children = (
				E8F570B91B3FF668003F020C /* System Libraries */,
				E8F570551B3F7255003F020C /* Geocube */,
				E8F5706F1B3F7255003F020C /* GeocubeTests */,
				E8F570541B3F7255003F020C /* Products */,
				C52879D9FDE55D2D5B94688C /* Pods */,
				6917C4AD2B052674BDDB3A0D /* Frameworks */,
			);
			sourceTree = "<group>";
		};
		E8F570541B3F7255003F020C /* Products */ = {
			isa = PBXGroup;
			children = (
				E8F570531B3F7255003F020C /* Geocube.app */,
				E8F5706C1B3F7255003F020C /* GeocubeTests.xctest */,
			);
			name = Products;
			sourceTree = "<group>";
		};
		E8F570551B3F7255003F020C /* Geocube */ = {
			isa = PBXGroup;
			children = (
				E8F570BF1B400166003F020C /* Geocube.h */,
				E8F570BA1B3FFB7F003F020C /* Convertors */,
				E8F570B21B3FECDF003F020C /* Tools */,
				E8F570A91B3FE52C003F020C /* Network */,
				E8F570A81B3FE522003F020C /* Database */,
				E8F570931B3F7EE1003F020C /* External modules */,
				E8F570B61B3FF266003F020C /* GUI */,
				E8F570601B3F7255003F020C /* Main.storyboard */,
				E8F570631B3F7255003F020C /* Images.xcassets */,
				E8F570651B3F7255003F020C /* LaunchScreen.xib */,
				E8F5707C1B3F75D1003F020C /* Data files */,
				E8BD82481B46A4CB0029CDC9 /* Images */,
				E8F570561B3F7255003F020C /* Supporting Files */,
			);
			path = Geocube;
			sourceTree = "<group>";
		};
		E8F570561B3F7255003F020C /* Supporting Files */ = {
			isa = PBXGroup;
			children = (
				E8F570571B3F7255003F020C /* Info.plist */,
				E8F570581B3F7255003F020C /* main.m */,
				E8F570B71B3FF4AA003F020C /* Settings.bundle */,
				E8467C8F1B4E06F800FFA253 /* Geocube-Prefix.pch */,
			);
			name = "Supporting Files";
			sourceTree = "<group>";
		};
		E8F5706F1B3F7255003F020C /* GeocubeTests */ = {
			isa = PBXGroup;
			children = (
				E8F570721B3F7255003F020C /* GeocubeTests.m */,
				E8F570701B3F7255003F020C /* Supporting Files */,
			);
			path = GeocubeTests;
			sourceTree = "<group>";
		};
		E8F570701B3F7255003F020C /* Supporting Files */ = {
			isa = PBXGroup;
			children = (
				E8F570711B3F7255003F020C /* Info.plist */,
			);
			name = "Supporting Files";
			sourceTree = "<group>";
		};
		E8F5707C1B3F75D1003F020C /* Data files */ = {
			isa = PBXGroup;
			children = (
				E8F570BD1B400137003F020C /* empty.db */,
				E8DA95C51B423EBC003E46A4 /* GCA - 7248.zip */,
				E8F5708F1B3F7A9C003F020C /* GC - 15670269_ACT-1.zip */,
			);
			name = "Data files";
			sourceTree = "<group>";
		};
		E8F570931B3F7EE1003F020C /* External modules */ = {
			isa = PBXGroup;
			children = (
				E8F570961B3F7F6A003F020C /* SSZipArchive */,
				E85DAFD11B450C1900C738A8 /* DOPNavbarMenu */,
			);
			name = "External modules";
			sourceTree = "<group>";
		};
		E8F570961B3F7F6A003F020C /* SSZipArchive */ = {
			isa = PBXGroup;
			children = (
				E8F570971B3F7F6A003F020C /* minizip */,
				E8F570A11B3F7F6A003F020C /* SSZipArchive.h */,
				E8F570A21B3F7F6A003F020C /* SSZipArchive.m */,
			);
			path = SSZipArchive;
			sourceTree = "<group>";
		};
		E8F570971B3F7F6A003F020C /* minizip */ = {
			isa = PBXGroup;
			children = (
				E8F570981B3F7F6A003F020C /* crypt.h */,
				E8F570991B3F7F6A003F020C /* ioapi.c */,
				E8F5709A1B3F7F6A003F020C /* ioapi.h */,
				E8F5709B1B3F7F6A003F020C /* mztools.c */,
				E8F5709C1B3F7F6A003F020C /* mztools.h */,
				E8F5709D1B3F7F6A003F020C /* unzip.c */,
				E8F5709E1B3F7F6A003F020C /* unzip.h */,
				E8F5709F1B3F7F6A003F020C /* zip.c */,
				E8F570A01B3F7F6A003F020C /* zip.h */,
			);
			path = minizip;
			sourceTree = "<group>";
		};
		E8F570A81B3FE522003F020C /* Database */ = {
			isa = PBXGroup;
			children = (
				E8F570BB1B400124003F020C /* schema.sql */,
				E8F570AB1B3FE5C6003F020C /* database.h */,
				E8F570AC1B3FE5C6003F020C /* database.m */,
				E86C65AA1B4D431100E2ABFE /* database-cache.h */,
				E86C65AB1B4D431100E2ABFE /* database-cache.m */,
				E86C65AF1B4DCEE400E2ABFE /* dbObject.h */,
				E86C65AD1B4DCC6900E2ABFE /* dbObject.m */,
				E8F570C31B40059F003F020C /* dbConfig.h */,
				E8F570C41B40059F003F020C /* dbConfig.m */,
				E8F570C61B4008C3003F020C /* dbWaypoint.h */,
				E8F570C71B4008C3003F020C /* dbWaypoint.m */,
				E8F570C91B4008DD003F020C /* dbWaypointType.h */,
				E8F570CA1B4008DD003F020C /* dbWaypointType.m */,
				E88FD8F11B4160A700D0CCE7 /* dbWaypointGroup.h */,
				E88FD8F21B4160A700D0CCE7 /* dbWaypointGroup.m */,
				E8740FC81B4E90D7002527DA /* dbContainerType.h */,
				E8740FC91B4E90D7002527DA /* dbContainerType.m */,
				E8740FCB1B4E90EB002527DA /* dbLogType.h */,
				E8740FCC1B4E90EB002527DA /* dbLogType.m */,
				E8740FDD1B4F87D2002527DA /* dbLog.h */,
				E8740FDE1B4F87D2002527DA /* dbLog.m */,
				E82840F31B510AE10055EE59 /* dbContainerSize.h */,
				E82840F41B510AE10055EE59 /* dbContainerSize.m */,
			);
			name = Database;
			sourceTree = "<group>";
		};
		E8F570A91B3FE52C003F020C /* Network */ = {
			isa = PBXGroup;
			children = (
			);
			name = Network;
			sourceTree = "<group>";
		};
		E8F570B21B3FECDF003F020C /* Tools */ = {
			isa = PBXGroup;
			children = (
				E8F570B51B3FED24003F020C /* My Tools.h */,
				E8F570B31B3FED0A003F020C /* My Tools.m */,
				E8467C8C1B4E04EE00FFA253 /* Coordinates.h */,
				E8467C8D1B4E04EE00FFA253 /* Coordinates.m */,
			);
			name = Tools;
			sourceTree = "<group>";
		};
		E8F570B61B3FF266003F020C /* GUI */ = {
			isa = PBXGroup;
			children = (
				E82FBB2B1B4613E90009AB6D /* Base */,
				E8740FE91B509540002527DA /* TableViewCells */,
				E82FBB2C1B4613F10009AB6D /* Pages */,
				E8740F9C1B4E6645002527DA /* Cache Viewing */,
			);
			name = GUI;
			sourceTree = "<group>";
		};
		E8F570B91B3FF668003F020C /* System Libraries */ = {
			isa = PBXGroup;
			children = (
				E8F570AE1B3FE711003F020C /* libsqlite3.dylib */,
				E8F570911B3F7CAE003F020C /* libz.dylib */,
			);
			name = "System Libraries";
			sourceTree = "<group>";
		};
		E8F570BA1B3FFB7F003F020C /* Convertors */ = {
			isa = PBXGroup;
			children = (
				E8F570CC1B40147E003F020C /* Import_GPX.h */,
				E8F570CD1B40147E003F020C /* Import_GPX.m */,
			);
			name = Convertors;
			sourceTree = "<group>";
		};
/* End PBXGroup section */

/* Begin PBXNativeTarget section */
		E8F570521B3F7255003F020C /* Geocube */ = {
			isa = PBXNativeTarget;
			buildConfigurationList = E8F570761B3F7255003F020C /* Build configuration list for PBXNativeTarget "Geocube" */;
			buildPhases = (
				9254E849F0A5BD2FD44239AC /* Check Pods Manifest.lock */,
				E8F5704F1B3F7255003F020C /* Sources */,
				E8F570501B3F7255003F020C /* Frameworks */,
				E8F570511B3F7255003F020C /* Resources */,
				A6786FD4ECC5DEE28B247D4B /* Copy Pods Resources */,
			);
			buildRules = (
			);
			dependencies = (
			);
			name = Geocube;
			productName = Geocube;
			productReference = E8F570531B3F7255003F020C /* Geocube.app */;
			productType = "com.apple.product-type.application";
		};
		E8F5706B1B3F7255003F020C /* GeocubeTests */ = {
			isa = PBXNativeTarget;
			buildConfigurationList = E8F570791B3F7255003F020C /* Build configuration list for PBXNativeTarget "GeocubeTests" */;
			buildPhases = (
				E8F570681B3F7255003F020C /* Sources */,
				E8F570691B3F7255003F020C /* Frameworks */,
				E8F5706A1B3F7255003F020C /* Resources */,
			);
			buildRules = (
			);
			dependencies = (
				E8F5706E1B3F7255003F020C /* PBXTargetDependency */,
			);
			name = GeocubeTests;
			productName = GeocubeTests;
			productReference = E8F5706C1B3F7255003F020C /* GeocubeTests.xctest */;
			productType = "com.apple.product-type.bundle.unit-test";
		};
/* End PBXNativeTarget section */

/* Begin PBXProject section */
		E8F5704B1B3F7255003F020C /* Project object */ = {
			isa = PBXProject;
			attributes = {
				LastUpgradeCheck = 0630;
				ORGANIZATIONNAME = "Edwin Groothuis";
				TargetAttributes = {
					E8F570521B3F7255003F020C = {
						CreatedOnToolsVersion = 6.3.2;
					};
					E8F5706B1B3F7255003F020C = {
						CreatedOnToolsVersion = 6.3.2;
						TestTargetID = E8F570521B3F7255003F020C;
					};
				};
			};
			buildConfigurationList = E8F5704E1B3F7255003F020C /* Build configuration list for PBXProject "Geocube" */;
			compatibilityVersion = "Xcode 3.2";
			developmentRegion = English;
			hasScannedForEncodings = 0;
			knownRegions = (
				en,
				Base,
			);
			mainGroup = E8F5704A1B3F7255003F020C;
			productRefGroup = E8F570541B3F7255003F020C /* Products */;
			projectDirPath = "";
			projectRoot = "";
			targets = (
				E8F570521B3F7255003F020C /* Geocube */,
				E8F5706B1B3F7255003F020C /* GeocubeTests */,
			);
		};
/* End PBXProject section */

/* Begin PBXResourcesBuildPhase section */
		E8F570511B3F7255003F020C /* Resources */ = {
			isa = PBXResourcesBuildPhase;
			buildActionMask = 2147483647;
			files = (
				E8740FAB1B4E86D9002527DA /* log - attended - 30x30.png in Resources */,
				E8A3F46F1B51E9AD009F2F46 /* map - tick found - 24x21.png in Resources */,
				E86C65861B4BCE4600E2ABFE /* cache - maze - 30x30.png in Resources */,
				E8A3F46B1B51E9AD009F2F46 /* map - pinhead purple - 15x15.png in Resources */,
				E8A3F46D1B51E9AD009F2F46 /* map - pinhead white - 15x15.png in Resources */,
				E8F570901B3F7A9C003F020C /* GC - 15670269_ACT-1.zip in Resources */,
				E8740FC51B4E870D002527DA /* log - willattend - 30x30.png in Resources */,
				E86C65721B4BC74200E2ABFE /* waypoint rating star on 19x18.png in Resources */,
				E86C65951B4BCE7100E2ABFE /* cache - whereigo - 30x30.png in Resources */,
				E8740FDA1B4E9D76002527DA /* container - unknown - 70x20.png in Resources */,
				E86C65701B4BC74200E2ABFE /* waypoint rating star half 18x18.png in Resources */,
				E8740FD91B4E9D76002527DA /* container - small - 70x20.png in Resources */,
				E8740FC41B4E870D002527DA /* log - unknown - 30x30.png in Resources */,
				E86C65A11B4BD3D300E2ABFE /* waypoint - parking - 30x30.png in Resources */,
				E86C65801B4BCE4600E2ABFE /* cache - benchmark - 30x30.png in Resources */,
				E86C659E1B4BD3D300E2ABFE /* waypoint - finish - 30x30.png in Resources */,
				E86C65A31B4BD3D300E2ABFE /* waypoint - trailhead - 30x30.png in Resources */,
				E8A3F4641B51E9AD009F2F46 /* map - dnf stick - 35x42.png in Resources */,
				E8A3F4691B51E9AD009F2F46 /* map - pinhead green - 15x15.png in Resources */,
				E8F570BE1B400137003F020C /* empty.db in Resources */,
				E86C65931B4BCE7100E2ABFE /* cache - waymark - 30x30.png in Resources */,
				E8A3F4671B51E9AD009F2F46 /* map - pin stick - 35x42.png in Resources */,
				E8740FDC1B4E9DBB002527DA /* container - other - 70x20.png in Resources */,
				E8F570621B3F7255003F020C /* Main.storyboard in Resources */,
				E8740FBE1B4E86F6002527DA /* log - ownermaintenance - 30x30.png in Resources */,
				E8F570B81B3FF4AA003F020C /* Settings.bundle in Resources */,
				E8F570BC1B400124003F020C /* schema.sql in Resources */,
				E8A3F46A1B51E9AD009F2F46 /* map - pinhead pink - 15x15.png in Resources */,
				E8740FA11B4E6C5F002527DA /* icons - smiley - 15x15.png in Resources */,
				E8740FBD1B4E86F6002527DA /* log - note - 30x30.png in Resources */,
				E86C65901B4BCE7100E2ABFE /* cache - traditional - 30x30.png in Resources */,
				E8A3F4681B51E9AD009F2F46 /* map - pinhead black - 15x15.png in Resources */,
				E8740FAF1B4E86D9002527DA /* log - enabled - 30x30.png in Resources */,
				E86C65A01B4BD3D300E2ABFE /* waypoint - multi - 30x30.png in Resources */,
				E86C65831B4BCE4600E2ABFE /* cache - event - 30x30.png in Resources */,
				E8740FBB1B4E86F6002527DA /* log - needsarchiving - 30x30.png in Resources */,
				E8740FD51B4E9D76002527DA /* container - large - 70x20.png in Resources */,
				E86C659F1B4BD3D300E2ABFE /* waypoint - flag - 30x30.png in Resources */,
				E8740FC01B4E86F6002527DA /* log - reviewernote - 30x30.png in Resources */,
				E8740FA01B4E6C5F002527DA /* icons - sad - 30x30.png in Resources */,
				E86C65941B4BCE7100E2ABFE /* cache - webcam - 30x30.png in Resources */,
				E86C65841B4BCE4600E2ABFE /* cache - groundspeak hq - 30x30.png in Resources */,
				E8740FAE1B4E86D9002527DA /* log - disabled - 18x18.png in Resources */,
				E8F570671B3F7255003F020C /* LaunchScreen.xib in Resources */,
				E8740FC11B4E86F6002527DA /* log - unarchived - 30x30.png in Resources */,
				E8A3F46E1B51E9AD009F2F46 /* map - pinhead yellow - 15x15.png in Resources */,
				E8740FAA1B4E86D9002527DA /* log - archived - 30x30.png in Resources */,
				E8A3F4651B51E9AD009F2F46 /* map - found stick - 35x42.png in Resources */,
				E8740FD81B4E9D76002527DA /* container - regular - 70x20.png in Resources */,
				E8A3F46C1B51E9AD009F2F46 /* map - pinhead red - 15x15.png in Resources */,
				E8BD824A1B46A4E50029CDC9 /* global menu icon.png in Resources */,
				E8740FD61B4E9D76002527DA /* container - micro - 70x20.png in Resources */,
				E86C65A21B4BD3D300E2ABFE /* waypoint - question - 30x30.png in Resources */,
				E86C65891B4BCE4600E2ABFE /* cache - mystery - 30x30.png in Resources */,
				E8740FAC1B4E86D9002527DA /* log - coordinates - 30x30.png in Resources */,
				E86C65921B4BCE7100E2ABFE /* cache - virtual - 30x30.png in Resources */,
				E8740FBA1B4E86F6002527DA /* log - found - 30x30.png in Resources */,
				E8DA95C61B423EBC003E46A4 /* GCA - 7248.zip in Resources */,
				E86C65911B4BCE7100E2ABFE /* cache - unknown - 30x30.png in Resources */,
				E8A3F4631B51E9AD009F2F46 /* map - cross dnf - 19x19.png in Resources */,
				E8740FAD1B4E86D9002527DA /* log - didnotfind - 30x30.png in Resources */,
				E8F570641B3F7255003F020C /* Images.xcassets in Resources */,
				E8740FA21B4E6C5F002527DA /* icons - target - 20x20.png in Resources */,
				E86C65821B4BCE4600E2ABFE /* cache - earth - 30x30.png in Resources */,
				E86C656C1B4BC57900E2ABFE /* waypoint favourites 20x30.png in Resources */,
				E8A3F4661B51E9AD009F2F46 /* map - own overlay - 18x18.png in Resources */,
				E8740FD71B4E9D76002527DA /* container - notchosen - 70x20.png in Resources */,
				E86C65871B4BCE4600E2ABFE /* cache - mega - 30x30.png in Resources */,
				E86C65811B4BCE4600E2ABFE /* cache - cito - 30x30.png in Resources */,
				E86C65A41B4BD3D300E2ABFE /* waypoint - unknown - 30x30.png in Resources */,
				E8740FBC1B4E86F6002527DA /* log - needsmaintenance - 30x30.png in Resources */,
				E8740FBF1B4E86F6002527DA /* log - published - 30x30.png in Resources */,
				E86C65A91B4D388600E2ABFE /* cache - giga - 30x30.png in Resources */,
				E86C65741B4BC81D00E2ABFE /* waypoint rating star off 18x18.png in Resources */,
				E86C65851B4BCE4600E2ABFE /* cache - letterbox - 30x30.png in Resources */,
				E8740FC71B4E8824002527DA /* icons - smiley - 30x30.png in Resources */,
				E86C65881B4BCE4600E2ABFE /* cache - multi - 30x30.png in Resources */,
			);
			runOnlyForDeploymentPostprocessing = 0;
		};
		E8F5706A1B3F7255003F020C /* Resources */ = {
			isa = PBXResourcesBuildPhase;
			buildActionMask = 2147483647;
			files = (
			);
			runOnlyForDeploymentPostprocessing = 0;
		};
/* End PBXResourcesBuildPhase section */

/* Begin PBXShellScriptBuildPhase section */
		9254E849F0A5BD2FD44239AC /* Check Pods Manifest.lock */ = {
			isa = PBXShellScriptBuildPhase;
			buildActionMask = 2147483647;
			files = (
			);
			inputPaths = (
			);
			name = "Check Pods Manifest.lock";
			outputPaths = (
			);
			runOnlyForDeploymentPostprocessing = 0;
			shellPath = /bin/sh;
			shellScript = "diff \"${PODS_ROOT}/../Podfile.lock\" \"${PODS_ROOT}/Manifest.lock\" > /dev/null\nif [[ $? != 0 ]] ; then\n    cat << EOM\nerror: The sandbox is not in sync with the Podfile.lock. Run 'pod install' or update your CocoaPods installation.\nEOM\n    exit 1\nfi\n";
			showEnvVarsInLog = 0;
		};
		A6786FD4ECC5DEE28B247D4B /* Copy Pods Resources */ = {
			isa = PBXShellScriptBuildPhase;
			buildActionMask = 2147483647;
			files = (
			);
			inputPaths = (
			);
			name = "Copy Pods Resources";
			outputPaths = (
			);
			runOnlyForDeploymentPostprocessing = 0;
			shellPath = /bin/sh;
			shellScript = "\"${SRCROOT}/Pods/Target Support Files/Pods/Pods-resources.sh\"\n";
			showEnvVarsInLog = 0;
		};
/* End PBXShellScriptBuildPhase section */

/* Begin PBXSourcesBuildPhase section */
		E8F5704F1B3F7255003F020C /* Sources */ = {
			isa = PBXSourcesBuildPhase;
			buildActionMask = 2147483647;
			files = (
				E86C65AC1B4D431100E2ABFE /* database-cache.m in Sources */,
				E8F570A51B3F7F6A003F020C /* unzip.c in Sources */,
				E85DAFD41B450C3600C738A8 /* DOPNavbarMenu.m in Sources */,
				E86C65621B4B243000E2ABFE /* WaypointTableViewCell.m in Sources */,
				E8740FE81B508BBE002527DA /* CacheLogsViewController.m in Sources */,
				E8740FDF1B4F87D2002527DA /* dbLog.m in Sources */,
				E8027BD01B514956003FD5A6 /* CachingsOfflineGoogleMapsViewController.m in Sources */,
				E862F7C61B50CC0B007C3470 /* CacheHeaderTableViewCell.m in Sources */,
				E8740FCD1B4E90EB002527DA /* dbLogType.m in Sources */,
				E82840F51B510AE10055EE59 /* dbContainerSize.m in Sources */,
				E8467C8E1B4E04EE00FFA253 /* Coordinates.m in Sources */,
				E8F570B41B3FED0A003F020C /* My Tools.m in Sources */,
				E8F5705C1B3F7255003F020C /* AppDelegate.m in Sources */,
				E85DAFDD1B45429500C738A8 /* UserProfileViewController.m in Sources */,
				E8F570A31B3F7F6A003F020C /* ioapi.c in Sources */,
				E8740FE51B4FFB46002527DA /* CacheHintViewController.m in Sources */,
				E8F570C81B4008C3003F020C /* dbWaypoint.m in Sources */,
				E80F73731B530C4600F35528 /* ImportGPXViewController.m in Sources */,
				E8740FCA1B4E90D7002527DA /* dbContainerType.m in Sources */,
				E88FD8F31B4160A700D0CCE7 /* dbWaypointGroup.m in Sources */,
				E8740F9B1B4E3C6A002527DA /* CacheViewController.m in Sources */,
				E8F570CE1B40147E003F020C /* Import_GPX.m in Sources */,
				E85DAFD71B450EAA00C738A8 /* UIView+DOPExtension.m in Sources */,
				E82FBB2A1B4613D70009AB6D /* GCTableViewController.m in Sources */,
				E8F570A71B3F7F6A003F020C /* SSZipArchive.m in Sources */,
				E86C65A71B4BD44000E2ABFE /* ImageLibrary.m in Sources */,
				E8F570A61B3F7F6A003F020C /* zip.c in Sources */,
				E85DAFDA1B453D4D00C738A8 /* GlobalMenu.m in Sources */,
				E8DA95CF1B426B71003E46A4 /* FilesViewController.m in Sources */,
				E8F570591B3F7255003F020C /* main.m in Sources */,
				E8F570AD1B3FE5C6003F020C /* database.m in Sources */,
				E8F570CB1B4008DD003F020C /* dbWaypointType.m in Sources */,
				E8740FE21B4FDD1A002527DA /* CacheDescriptionViewController.m in Sources */,
				E8DA95CC1B4261B1003E46A4 /* GroupsViewController.m in Sources */,
				E86C655C1B49EC5C00E2ABFE /* CachesOfflineListViewController.m in Sources */,
				E8DF1A851B42AF7900FFCC95 /* NullViewController.m in Sources */,
				E8F570A41B3F7F6A003F020C /* mztools.c in Sources */,
				E862F7C31B50C134007C3470 /* CacheGroupsViewController.m in Sources */,
				E8740FEC1B509575002527DA /* LogTableViewCell.m in Sources */,
				E8F570C51B40059F003F020C /* dbConfig.m in Sources */,
				E86C65AE1B4DCC6900E2ABFE /* dbObject.m in Sources */,
				E82FBB271B4613C20009AB6D /* GCViewController.m in Sources */,
			);
			runOnlyForDeploymentPostprocessing = 0;
		};
		E8F570681B3F7255003F020C /* Sources */ = {
			isa = PBXSourcesBuildPhase;
			buildActionMask = 2147483647;
			files = (
				E8F570731B3F7255003F020C /* GeocubeTests.m in Sources */,
			);
			runOnlyForDeploymentPostprocessing = 0;
		};
/* End PBXSourcesBuildPhase section */

/* Begin PBXTargetDependency section */
		E8F5706E1B3F7255003F020C /* PBXTargetDependency */ = {
			isa = PBXTargetDependency;
			target = E8F570521B3F7255003F020C /* Geocube */;
			targetProxy = E8F5706D1B3F7255003F020C /* PBXContainerItemProxy */;
		};
/* End PBXTargetDependency section */

/* Begin PBXVariantGroup section */
		E8F570601B3F7255003F020C /* Main.storyboard */ = {
			isa = PBXVariantGroup;
			children = (
				E8F570611B3F7255003F020C /* Base */,
			);
			name = Main.storyboard;
			sourceTree = "<group>";
		};
		E8F570651B3F7255003F020C /* LaunchScreen.xib */ = {
			isa = PBXVariantGroup;
			children = (
				E8F570661B3F7255003F020C /* Base */,
			);
			name = LaunchScreen.xib;
			sourceTree = "<group>";
		};
/* End PBXVariantGroup section */

/* Begin XCBuildConfiguration section */
		E8F570741B3F7255003F020C /* Debug */ = {
			isa = XCBuildConfiguration;
			buildSettings = {
				ALWAYS_SEARCH_USER_PATHS = NO;
				CLANG_CXX_LANGUAGE_STANDARD = "gnu++0x";
				CLANG_CXX_LIBRARY = "libc++";
				CLANG_ENABLE_MODULES = YES;
				CLANG_ENABLE_OBJC_ARC = YES;
				CLANG_WARN_BOOL_CONVERSION = YES;
				CLANG_WARN_CONSTANT_CONVERSION = YES;
				CLANG_WARN_DIRECT_OBJC_ISA_USAGE = YES_ERROR;
				CLANG_WARN_EMPTY_BODY = YES;
				CLANG_WARN_ENUM_CONVERSION = YES;
				CLANG_WARN_INT_CONVERSION = YES;
				CLANG_WARN_OBJC_ROOT_CLASS = YES_ERROR;
				CLANG_WARN_UNREACHABLE_CODE = YES;
				CLANG_WARN__DUPLICATE_METHOD_MATCH = YES;
				"CODE_SIGN_IDENTITY[sdk=iphoneos*]" = "iPhone Developer";
				COPY_PHASE_STRIP = NO;
				DEBUG_INFORMATION_FORMAT = "dwarf-with-dsym";
				ENABLE_STRICT_OBJC_MSGSEND = YES;
				GCC_C_LANGUAGE_STANDARD = gnu99;
				GCC_DYNAMIC_NO_PIC = NO;
				GCC_NO_COMMON_BLOCKS = YES;
				GCC_OPTIMIZATION_LEVEL = 0;
				GCC_PRECOMPILE_PREFIX_HEADER = YES;
				GCC_PREPROCESSOR_DEFINITIONS = (
					"DEBUG=1",
					"$(inherited)",
				);
				GCC_SYMBOLS_PRIVATE_EXTERN = NO;
				GCC_WARN_64_TO_32_BIT_CONVERSION = YES;
				GCC_WARN_ABOUT_RETURN_TYPE = YES_ERROR;
				GCC_WARN_UNDECLARED_SELECTOR = YES;
				GCC_WARN_UNINITIALIZED_AUTOS = YES_AGGRESSIVE;
				GCC_WARN_UNUSED_FUNCTION = YES;
				GCC_WARN_UNUSED_VARIABLE = YES;
				IPHONEOS_DEPLOYMENT_TARGET = 8.3;
				MTL_ENABLE_DEBUG_INFO = YES;
				ONLY_ACTIVE_ARCH = YES;
				SDKROOT = iphoneos;
				TARGETED_DEVICE_FAMILY = "1,2";
			};
			name = Debug;
		};
		E8F570751B3F7255003F020C /* Release */ = {
			isa = XCBuildConfiguration;
			buildSettings = {
				ALWAYS_SEARCH_USER_PATHS = NO;
				CLANG_CXX_LANGUAGE_STANDARD = "gnu++0x";
				CLANG_CXX_LIBRARY = "libc++";
				CLANG_ENABLE_MODULES = YES;
				CLANG_ENABLE_OBJC_ARC = YES;
				CLANG_WARN_BOOL_CONVERSION = YES;
				CLANG_WARN_CONSTANT_CONVERSION = YES;
				CLANG_WARN_DIRECT_OBJC_ISA_USAGE = YES_ERROR;
				CLANG_WARN_EMPTY_BODY = YES;
				CLANG_WARN_ENUM_CONVERSION = YES;
				CLANG_WARN_INT_CONVERSION = YES;
				CLANG_WARN_OBJC_ROOT_CLASS = YES_ERROR;
				CLANG_WARN_UNREACHABLE_CODE = YES;
				CLANG_WARN__DUPLICATE_METHOD_MATCH = YES;
				"CODE_SIGN_IDENTITY[sdk=iphoneos*]" = "iPhone Developer";
				COPY_PHASE_STRIP = NO;
				DEBUG_INFORMATION_FORMAT = "dwarf-with-dsym";
				ENABLE_NS_ASSERTIONS = NO;
				ENABLE_STRICT_OBJC_MSGSEND = YES;
				GCC_C_LANGUAGE_STANDARD = gnu99;
				GCC_NO_COMMON_BLOCKS = YES;
				GCC_PRECOMPILE_PREFIX_HEADER = YES;
				GCC_WARN_64_TO_32_BIT_CONVERSION = YES;
				GCC_WARN_ABOUT_RETURN_TYPE = YES_ERROR;
				GCC_WARN_UNDECLARED_SELECTOR = YES;
				GCC_WARN_UNINITIALIZED_AUTOS = YES_AGGRESSIVE;
				GCC_WARN_UNUSED_FUNCTION = YES;
				GCC_WARN_UNUSED_VARIABLE = YES;
				IPHONEOS_DEPLOYMENT_TARGET = 8.3;
				MTL_ENABLE_DEBUG_INFO = NO;
				SDKROOT = iphoneos;
				TARGETED_DEVICE_FAMILY = "1,2";
				VALIDATE_PRODUCT = YES;
			};
			name = Release;
		};
		E8F570771B3F7255003F020C /* Debug */ = {
			isa = XCBuildConfiguration;
			baseConfigurationReference = 8C1A9513093211440A37A173 /* Pods.debug.xcconfig */;
			buildSettings = {
				ASSETCATALOG_COMPILER_APPICON_NAME = AppIcon;
				GCC_PRECOMPILE_PREFIX_HEADER = YES;
				INFOPLIST_FILE = Geocube/Info.plist;
				LD_RUNPATH_SEARCH_PATHS = "$(inherited) @executable_path/Frameworks";
				PRODUCT_NAME = "$(TARGET_NAME)";
			};
			name = Debug;
		};
		E8F570781B3F7255003F020C /* Release */ = {
			isa = XCBuildConfiguration;
			baseConfigurationReference = A98980CF2A6219D8CB3D4A89 /* Pods.release.xcconfig */;
			buildSettings = {
				ASSETCATALOG_COMPILER_APPICON_NAME = AppIcon;
				GCC_PRECOMPILE_PREFIX_HEADER = YES;
				INFOPLIST_FILE = Geocube/Info.plist;
				LD_RUNPATH_SEARCH_PATHS = "$(inherited) @executable_path/Frameworks";
				PRODUCT_NAME = "$(TARGET_NAME)";
			};
			name = Release;
		};
		E8F5707A1B3F7255003F020C /* Debug */ = {
			isa = XCBuildConfiguration;
			buildSettings = {
				BUNDLE_LOADER = "$(TEST_HOST)";
				FRAMEWORK_SEARCH_PATHS = (
					"$(SDKROOT)/Developer/Library/Frameworks",
					"$(inherited)",
				);
				GCC_PREPROCESSOR_DEFINITIONS = (
					"DEBUG=1",
					"$(inherited)",
				);
				INFOPLIST_FILE = GeocubeTests/Info.plist;
				LD_RUNPATH_SEARCH_PATHS = "$(inherited) @executable_path/Frameworks @loader_path/Frameworks";
				PRODUCT_NAME = "$(TARGET_NAME)";
				TEST_HOST = "$(BUILT_PRODUCTS_DIR)/Geocube.app/Geocube";
			};
			name = Debug;
		};
		E8F5707B1B3F7255003F020C /* Release */ = {
			isa = XCBuildConfiguration;
			buildSettings = {
				BUNDLE_LOADER = "$(TEST_HOST)";
				FRAMEWORK_SEARCH_PATHS = (
					"$(SDKROOT)/Developer/Library/Frameworks",
					"$(inherited)",
				);
				INFOPLIST_FILE = GeocubeTests/Info.plist;
				LD_RUNPATH_SEARCH_PATHS = "$(inherited) @executable_path/Frameworks @loader_path/Frameworks";
				PRODUCT_NAME = "$(TARGET_NAME)";
				TEST_HOST = "$(BUILT_PRODUCTS_DIR)/Geocube.app/Geocube";
			};
			name = Release;
		};
/* End XCBuildConfiguration section */

/* Begin XCConfigurationList section */
		E8F5704E1B3F7255003F020C /* Build configuration list for PBXProject "Geocube" */ = {
			isa = XCConfigurationList;
			buildConfigurations = (
				E8F570741B3F7255003F020C /* Debug */,
				E8F570751B3F7255003F020C /* Release */,
			);
			defaultConfigurationIsVisible = 0;
			defaultConfigurationName = Release;
		};
		E8F570761B3F7255003F020C /* Build configuration list for PBXNativeTarget "Geocube" */ = {
			isa = XCConfigurationList;
			buildConfigurations = (
				E8F570771B3F7255003F020C /* Debug */,
				E8F570781B3F7255003F020C /* Release */,
			);
			defaultConfigurationIsVisible = 0;
			defaultConfigurationName = Release;
		};
		E8F570791B3F7255003F020C /* Build configuration list for PBXNativeTarget "GeocubeTests" */ = {
			isa = XCConfigurationList;
			buildConfigurations = (
				E8F5707A1B3F7255003F020C /* Debug */,
				E8F5707B1B3F7255003F020C /* Release */,
			);
			defaultConfigurationIsVisible = 0;
			defaultConfigurationName = Release;
		};
/* End XCConfigurationList section */
	};
	rootObject = E8F5704B1B3F7255003F020C /* Project object */;
}
