// !$*UTF8*$!
{
	archiveVersion = 1;
	classes = {
	};
	objectVersion = 46;
	objects = {

/* Begin PBXBuildFile section */
		E84F365A1F6A5A0800C7BD20 /* ContribLibrary.h in CopyFiles */ = {isa = PBXBuildFile; fileRef = E84F36571F6A5A0800C7BD20 /* ContribLibrary.h */; };
		E895535B1F6BE8EA0026582B /* PropertyUtil.m in Sources */ = {isa = PBXBuildFile; fileRef = E89553501F6BE8EA0026582B /* PropertyUtil.m */; };
		E895535C1F6BE8EA0026582B /* Reachability.m in Sources */ = {isa = PBXBuildFile; fileRef = E89553521F6BE8EA0026582B /* Reachability.m */; };
		E895535D1F6BE8EA0026582B /* THLabel.m in Sources */ = {isa = PBXBuildFile; fileRef = E89553541F6BE8EA0026582B /* THLabel.m */; };
		E895535E1F6BE8EA0026582B /* VKSideMenu.m in Sources */ = {isa = PBXBuildFile; fileRef = E89553561F6BE8EA0026582B /* VKSideMenu.m */; };
		E895535F1F6BE8EA0026582B /* XMLDictionary.m in Sources */ = {isa = PBXBuildFile; fileRef = E89553581F6BE8EA0026582B /* XMLDictionary.m */; };
		E89553601F6BE8EA0026582B /* XMLReader.m in Sources */ = {isa = PBXBuildFile; fileRef = E895535A1F6BE8EA0026582B /* XMLReader.m */; };
/* End PBXBuildFile section */

/* Begin PBXCopyFilesBuildPhase section */
		E84F36521F6A5A0800C7BD20 /* CopyFiles */ = {
			isa = PBXCopyFilesBuildPhase;
			buildActionMask = 2147483647;
			dstPath = "include/$(PRODUCT_NAME)";
			dstSubfolderSpec = 16;
			files = (
				E84F365A1F6A5A0800C7BD20 /* ContribLibrary.h in CopyFiles */,
			);
			runOnlyForDeploymentPostprocessing = 0;
		};
/* End PBXCopyFilesBuildPhase section */

/* Begin PBXFileReference section */
		E84F36541F6A5A0800C7BD20 /* libContribLibrary.a */ = {isa = PBXFileReference; explicitFileType = archive.ar; includeInIndex = 0; path = libContribLibrary.a; sourceTree = BUILT_PRODUCTS_DIR; };
		E84F36571F6A5A0800C7BD20 /* ContribLibrary.h */ = {isa = PBXFileReference; lastKnownFileType = sourcecode.c.h; path = ContribLibrary.h; sourceTree = "<group>"; };
		E895534F1F6BE8EA0026582B /* PropertyUtil.h */ = {isa = PBXFileReference; fileEncoding = 4; lastKnownFileType = sourcecode.c.h; name = PropertyUtil.h; path = Others/PropertyUtil.h; sourceTree = "<group>"; };
		E89553501F6BE8EA0026582B /* PropertyUtil.m */ = {isa = PBXFileReference; fileEncoding = 4; lastKnownFileType = sourcecode.c.objc; name = PropertyUtil.m; path = Others/PropertyUtil.m; sourceTree = "<group>"; };
		E89553511F6BE8EA0026582B /* Reachability.h */ = {isa = PBXFileReference; fileEncoding = 4; lastKnownFileType = sourcecode.c.h; name = Reachability.h; path = Others/Reachability.h; sourceTree = "<group>"; };
		E89553521F6BE8EA0026582B /* Reachability.m */ = {isa = PBXFileReference; fileEncoding = 4; lastKnownFileType = sourcecode.c.objc; name = Reachability.m; path = Others/Reachability.m; sourceTree = "<group>"; };
		E89553531F6BE8EA0026582B /* THLabel.h */ = {isa = PBXFileReference; fileEncoding = 4; lastKnownFileType = sourcecode.c.h; name = THLabel.h; path = Others/THLabel.h; sourceTree = "<group>"; };
		E89553541F6BE8EA0026582B /* THLabel.m */ = {isa = PBXFileReference; fileEncoding = 4; lastKnownFileType = sourcecode.c.objc; name = THLabel.m; path = Others/THLabel.m; sourceTree = "<group>"; };
		E89553551F6BE8EA0026582B /* VKSideMenu.h */ = {isa = PBXFileReference; fileEncoding = 4; lastKnownFileType = sourcecode.c.h; name = VKSideMenu.h; path = Others/VKSideMenu.h; sourceTree = "<group>"; };
		E89553561F6BE8EA0026582B /* VKSideMenu.m */ = {isa = PBXFileReference; fileEncoding = 4; lastKnownFileType = sourcecode.c.objc; name = VKSideMenu.m; path = Others/VKSideMenu.m; sourceTree = "<group>"; };
		E89553571F6BE8EA0026582B /* XMLDictionary.h */ = {isa = PBXFileReference; fileEncoding = 4; lastKnownFileType = sourcecode.c.h; name = XMLDictionary.h; path = Others/XMLDictionary.h; sourceTree = "<group>"; };
		E89553581F6BE8EA0026582B /* XMLDictionary.m */ = {isa = PBXFileReference; fileEncoding = 4; lastKnownFileType = sourcecode.c.objc; name = XMLDictionary.m; path = Others/XMLDictionary.m; sourceTree = "<group>"; };
		E89553591F6BE8EA0026582B /* XMLReader.h */ = {isa = PBXFileReference; fileEncoding = 4; lastKnownFileType = sourcecode.c.h; name = XMLReader.h; path = Others/XMLReader.h; sourceTree = "<group>"; };
		E895535A1F6BE8EA0026582B /* XMLReader.m */ = {isa = PBXFileReference; fileEncoding = 4; lastKnownFileType = sourcecode.c.objc; name = XMLReader.m; path = Others/XMLReader.m; sourceTree = "<group>"; };
/* End PBXFileReference section */

/* Begin PBXFrameworksBuildPhase section */
		E84F36511F6A5A0800C7BD20 /* Frameworks */ = {
			isa = PBXFrameworksBuildPhase;
			buildActionMask = 2147483647;
			files = (
			);
			runOnlyForDeploymentPostprocessing = 0;
		};
/* End PBXFrameworksBuildPhase section */

/* Begin PBXGroup section */
		E84F364B1F6A5A0800C7BD20 = {
			isa = PBXGroup;
			children = (
				E84F36561F6A5A0800C7BD20 /* ContribLibrary */,
				E84F36551F6A5A0800C7BD20 /* Products */,
			);
			sourceTree = "<group>";
		};
		E84F36551F6A5A0800C7BD20 /* Products */ = {
			isa = PBXGroup;
			children = (
				E84F36541F6A5A0800C7BD20 /* libContribLibrary.a */,
			);
			name = Products;
			sourceTree = "<group>";
		};
		E84F36561F6A5A0800C7BD20 /* ContribLibrary */ = {
			isa = PBXGroup;
			children = (
				E89553691F6BEE970026582B /* TouchXML */,
				E89553681F6BEE820026582B /* YIPopupTextView */,
				E89553671F6BEE790026582B /* TFHppleLibrary */,
				E89553661F6BEE6F0026582B /* SSZipArchive */,
				E89553651F6BEE660026582B /* SimpleKML */,
				E89553621F6BEE440026582B /* KxIntro */,
				E89553631F6BEE4B0026582B /* NVHTarGzip */,
				E89553641F6BEE5A0026582B /* RNCryptor */,
				E89553611F6BEE370026582B /* GMUGeometry */,
				E84F36571F6A5A0800C7BD20 /* ContribLibrary.h */,
				E895534E1F6BE8440026582B /* Others */,
			);
			path = ContribLibrary;
			sourceTree = "<group>";
		};
		E895534E1F6BE8440026582B /* Others */ = {
			isa = PBXGroup;
			children = (
				E895534F1F6BE8EA0026582B /* PropertyUtil.h */,
				E89553501F6BE8EA0026582B /* PropertyUtil.m */,
				E89553511F6BE8EA0026582B /* Reachability.h */,
				E89553521F6BE8EA0026582B /* Reachability.m */,
				E89553531F6BE8EA0026582B /* THLabel.h */,
				E89553541F6BE8EA0026582B /* THLabel.m */,
				E89553551F6BE8EA0026582B /* VKSideMenu.h */,
				E89553561F6BE8EA0026582B /* VKSideMenu.m */,
				E89553571F6BE8EA0026582B /* XMLDictionary.h */,
				E89553581F6BE8EA0026582B /* XMLDictionary.m */,
				E89553591F6BE8EA0026582B /* XMLReader.h */,
				E895535A1F6BE8EA0026582B /* XMLReader.m */,
			);
			name = Others;
			sourceTree = "<group>";
		};
		E89553611F6BEE370026582B /* GMUGeometry */ = {
			isa = PBXGroup;
			children = (
			);
			name = GMUGeometry;
			sourceTree = "<group>";
		};
		E89553621F6BEE440026582B /* KxIntro */ = {
			isa = PBXGroup;
			children = (
			);
			name = KxIntro;
			sourceTree = "<group>";
		};
		E89553631F6BEE4B0026582B /* NVHTarGzip */ = {
			isa = PBXGroup;
			children = (
			);
			name = NVHTarGzip;
			sourceTree = "<group>";
		};
		E89553641F6BEE5A0026582B /* RNCryptor */ = {
			isa = PBXGroup;
			children = (
			);
			name = RNCryptor;
			sourceTree = "<group>";
		};
		E89553651F6BEE660026582B /* SimpleKML */ = {
			isa = PBXGroup;
			children = (
			);
			name = SimpleKML;
			sourceTree = "<group>";
		};
		E89553661F6BEE6F0026582B /* SSZipArchive */ = {
			isa = PBXGroup;
			children = (
			);
			name = SSZipArchive;
			sourceTree = "<group>";
		};
		E89553671F6BEE790026582B /* TFHppleLibrary */ = {
			isa = PBXGroup;
			children = (
			);
			name = TFHppleLibrary;
			sourceTree = "<group>";
		};
		E89553681F6BEE820026582B /* YIPopupTextView */ = {
			isa = PBXGroup;
			children = (
			);
			name = YIPopupTextView;
			sourceTree = "<group>";
		};
		E89553691F6BEE970026582B /* TouchXML */ = {
			isa = PBXGroup;
			children = (
			);
			name = TouchXML;
			sourceTree = "<group>";
		};
/* End PBXGroup section */

/* Begin PBXNativeTarget section */
		E84F36531F6A5A0800C7BD20 /* ContribLibrary */ = {
			isa = PBXNativeTarget;
			buildConfigurationList = E84F365D1F6A5A0800C7BD20 /* Build configuration list for PBXNativeTarget "ContribLibrary" */;
			buildPhases = (
				E84F36501F6A5A0800C7BD20 /* Sources */,
				E84F36511F6A5A0800C7BD20 /* Frameworks */,
				E84F36521F6A5A0800C7BD20 /* CopyFiles */,
			);
			buildRules = (
			);
			dependencies = (
			);
			name = ContribLibrary;
			productName = ContribLibrary;
			productReference = E84F36541F6A5A0800C7BD20 /* libContribLibrary.a */;
			productType = "com.apple.product-type.library.static";
		};
/* End PBXNativeTarget section */

/* Begin PBXProject section */
		E84F364C1F6A5A0800C7BD20 /* Project object */ = {
			isa = PBXProject;
			attributes = {
				LastUpgradeCheck = 0830;
				ORGANIZATIONNAME = "Edwin Groothuis";
				TargetAttributes = {
					E84F36531F6A5A0800C7BD20 = {
						CreatedOnToolsVersion = 8.3.3;
						DevelopmentTeam = NRQ2A5FE8M;
						ProvisioningStyle = Automatic;
					};
				};
			};
			buildConfigurationList = E84F364F1F6A5A0800C7BD20 /* Build configuration list for PBXProject "ContribLibrary" */;
			compatibilityVersion = "Xcode 3.2";
			developmentRegion = English;
			hasScannedForEncodings = 0;
			knownRegions = (
				en,
			);
			mainGroup = E84F364B1F6A5A0800C7BD20;
			productRefGroup = E84F36551F6A5A0800C7BD20 /* Products */;
			projectDirPath = "";
			projectRoot = "";
			targets = (
				E84F36531F6A5A0800C7BD20 /* ContribLibrary */,
			);
		};
/* End PBXProject section */

/* Begin PBXSourcesBuildPhase section */
		E84F36501F6A5A0800C7BD20 /* Sources */ = {
			isa = PBXSourcesBuildPhase;
			buildActionMask = 2147483647;
			files = (
				E895535F1F6BE8EA0026582B /* XMLDictionary.m in Sources */,
				E895535C1F6BE8EA0026582B /* Reachability.m in Sources */,
				E895535D1F6BE8EA0026582B /* THLabel.m in Sources */,
				E895535E1F6BE8EA0026582B /* VKSideMenu.m in Sources */,
				E89553601F6BE8EA0026582B /* XMLReader.m in Sources */,
				E895535B1F6BE8EA0026582B /* PropertyUtil.m in Sources */,
			);
			runOnlyForDeploymentPostprocessing = 0;
		};
/* End PBXSourcesBuildPhase section */

/* Begin XCBuildConfiguration section */
		E84F365B1F6A5A0800C7BD20 /* Debug */ = {
			isa = XCBuildConfiguration;
			buildSettings = {
				ALWAYS_SEARCH_USER_PATHS = NO;
				CLANG_ANALYZER_NONNULL = YES;
				CLANG_ANALYZER_NUMBER_OBJECT_CONVERSION = YES_AGGRESSIVE;
				CLANG_CXX_LANGUAGE_STANDARD = "gnu++0x";
				CLANG_CXX_LIBRARY = "libc++";
				CLANG_ENABLE_MODULES = YES;
				CLANG_ENABLE_OBJC_ARC = YES;
				CLANG_WARN_BOOL_CONVERSION = YES;
				CLANG_WARN_CONSTANT_CONVERSION = YES;
				CLANG_WARN_DIRECT_OBJC_ISA_USAGE = YES_ERROR;
				CLANG_WARN_DOCUMENTATION_COMMENTS = YES;
				CLANG_WARN_EMPTY_BODY = YES;
				CLANG_WARN_ENUM_CONVERSION = YES;
				CLANG_WARN_INFINITE_RECURSION = YES;
				CLANG_WARN_INT_CONVERSION = YES;
				CLANG_WARN_OBJC_ROOT_CLASS = YES_ERROR;
				CLANG_WARN_SUSPICIOUS_MOVE = YES;
				CLANG_WARN_UNREACHABLE_CODE = YES;
				CLANG_WARN__DUPLICATE_METHOD_MATCH = YES;
				"CODE_SIGN_IDENTITY[sdk=iphoneos*]" = "iPhone Developer";
				COPY_PHASE_STRIP = NO;
				DEBUG_INFORMATION_FORMAT = dwarf;
				ENABLE_STRICT_OBJC_MSGSEND = YES;
				ENABLE_TESTABILITY = YES;
				GCC_C_LANGUAGE_STANDARD = gnu99;
				GCC_DYNAMIC_NO_PIC = NO;
				GCC_NO_COMMON_BLOCKS = YES;
				GCC_OPTIMIZATION_LEVEL = 0;
				GCC_PREPROCESSOR_DEFINITIONS = (
					"DEBUG=1",
					"$(inherited)",
				);
				GCC_WARN_64_TO_32_BIT_CONVERSION = YES;
				GCC_WARN_ABOUT_RETURN_TYPE = YES_ERROR;
				GCC_WARN_UNDECLARED_SELECTOR = YES;
				GCC_WARN_UNINITIALIZED_AUTOS = YES_AGGRESSIVE;
				GCC_WARN_UNUSED_FUNCTION = YES;
				GCC_WARN_UNUSED_VARIABLE = YES;
				IPHONEOS_DEPLOYMENT_TARGET = 9.1;
				MTL_ENABLE_DEBUG_INFO = YES;
				ONLY_ACTIVE_ARCH = YES;
				SDKROOT = iphoneos;
			};
			name = Debug;
		};
		E84F365C1F6A5A0800C7BD20 /* Release */ = {
			isa = XCBuildConfiguration;
			buildSettings = {
				ALWAYS_SEARCH_USER_PATHS = NO;
				CLANG_ANALYZER_NONNULL = YES;
				CLANG_ANALYZER_NUMBER_OBJECT_CONVERSION = YES_AGGRESSIVE;
				CLANG_CXX_LANGUAGE_STANDARD = "gnu++0x";
				CLANG_CXX_LIBRARY = "libc++";
				CLANG_ENABLE_MODULES = YES;
				CLANG_ENABLE_OBJC_ARC = YES;
				CLANG_WARN_BOOL_CONVERSION = YES;
				CLANG_WARN_CONSTANT_CONVERSION = YES;
				CLANG_WARN_DIRECT_OBJC_ISA_USAGE = YES_ERROR;
				CLANG_WARN_DOCUMENTATION_COMMENTS = YES;
				CLANG_WARN_EMPTY_BODY = YES;
				CLANG_WARN_ENUM_CONVERSION = YES;
				CLANG_WARN_INFINITE_RECURSION = YES;
				CLANG_WARN_INT_CONVERSION = YES;
				CLANG_WARN_OBJC_ROOT_CLASS = YES_ERROR;
				CLANG_WARN_SUSPICIOUS_MOVE = YES;
				CLANG_WARN_UNREACHABLE_CODE = YES;
				CLANG_WARN__DUPLICATE_METHOD_MATCH = YES;
				"CODE_SIGN_IDENTITY[sdk=iphoneos*]" = "iPhone Developer";
				COPY_PHASE_STRIP = NO;
				DEBUG_INFORMATION_FORMAT = "dwarf-with-dsym";
				ENABLE_NS_ASSERTIONS = NO;
				ENABLE_STRICT_OBJC_MSGSEND = YES;
				GCC_C_LANGUAGE_STANDARD = gnu99;
				GCC_NO_COMMON_BLOCKS = YES;
				GCC_WARN_64_TO_32_BIT_CONVERSION = YES;
				GCC_WARN_ABOUT_RETURN_TYPE = YES_ERROR;
				GCC_WARN_UNDECLARED_SELECTOR = YES;
				GCC_WARN_UNINITIALIZED_AUTOS = YES_AGGRESSIVE;
				GCC_WARN_UNUSED_FUNCTION = YES;
				GCC_WARN_UNUSED_VARIABLE = YES;
				IPHONEOS_DEPLOYMENT_TARGET = 9.1;
				MTL_ENABLE_DEBUG_INFO = NO;
				SDKROOT = iphoneos;
				VALIDATE_PRODUCT = YES;
			};
			name = Release;
		};
		E84F365E1F6A5A0800C7BD20 /* Debug */ = {
			isa = XCBuildConfiguration;
			buildSettings = {
				DEVELOPMENT_TEAM = NRQ2A5FE8M;
				OTHER_LDFLAGS = "-ObjC";
				PRODUCT_NAME = "$(TARGET_NAME)";
				SKIP_INSTALL = YES;
			};
			name = Debug;
		};
		E84F365F1F6A5A0800C7BD20 /* Release */ = {
			isa = XCBuildConfiguration;
			buildSettings = {
				DEVELOPMENT_TEAM = NRQ2A5FE8M;
				OTHER_LDFLAGS = "-ObjC";
				PRODUCT_NAME = "$(TARGET_NAME)";
				SKIP_INSTALL = YES;
			};
			name = Release;
		};
/* End XCBuildConfiguration section */

/* Begin XCConfigurationList section */
		E84F364F1F6A5A0800C7BD20 /* Build configuration list for PBXProject "ContribLibrary" */ = {
			isa = XCConfigurationList;
			buildConfigurations = (
				E84F365B1F6A5A0800C7BD20 /* Debug */,
				E84F365C1F6A5A0800C7BD20 /* Release */,
			);
			defaultConfigurationIsVisible = 0;
			defaultConfigurationName = Release;
		};
		E84F365D1F6A5A0800C7BD20 /* Build configuration list for PBXNativeTarget "ContribLibrary" */ = {
			isa = XCConfigurationList;
			buildConfigurations = (
				E84F365E1F6A5A0800C7BD20 /* Debug */,
				E84F365F1F6A5A0800C7BD20 /* Release */,
			);
			defaultConfigurationIsVisible = 0;
			defaultConfigurationName = Release;
		};
/* End XCConfigurationList section */
	};
	rootObject = E84F364C1F6A5A0800C7BD20 /* Project object */;
}
