// !$*UTF8*$!
{
	archiveVersion = 1;
	classes = {
	};
	objectVersion = 46;
	objects = {

/* Begin PBXBuildFile section */
		E8A272751F6A3438008D4370 /* RNCryptorLibrary.h in CopyFiles */ = {isa = PBXBuildFile; fileRef = E8A272721F6A3438008D4370 /* RNCryptorLibrary.h */; };
		E8A2728C1F6A3472008D4370 /* RNCryptor.m in Sources */ = {isa = PBXBuildFile; fileRef = E8A272831F6A3472008D4370 /* RNCryptor.m */; };
		E8A2728D1F6A3472008D4370 /* RNCryptorEngine.m in Sources */ = {isa = PBXBuildFile; fileRef = E8A272861F6A3472008D4370 /* RNCryptorEngine.m */; };
		E8A2728F1F6A3472008D4370 /* RNDecryptor.m in Sources */ = {isa = PBXBuildFile; fileRef = E8A272891F6A3472008D4370 /* RNDecryptor.m */; };
		E8A272901F6A3472008D4370 /* RNEncryptor.m in Sources */ = {isa = PBXBuildFile; fileRef = E8A2728B1F6A3472008D4370 /* RNEncryptor.m */; };
		E8F5534A1F6A36680054806E /* RNCryptor.h in CopyFiles */ = {isa = PBXBuildFile; fileRef = E8A272821F6A3472008D4370 /* RNCryptor.h */; };
		E8F5534B1F6A36680054806E /* RNDecryptor.h in CopyFiles */ = {isa = PBXBuildFile; fileRef = E8A272881F6A3472008D4370 /* RNDecryptor.h */; };
		E8F5534C1F6A36680054806E /* RNEncryptor.h in CopyFiles */ = {isa = PBXBuildFile; fileRef = E8A2728A1F6A3472008D4370 /* RNEncryptor.h */; };
/* End PBXBuildFile section */

/* Begin PBXCopyFilesBuildPhase section */
		E8A2726D1F6A3438008D4370 /* CopyFiles */ = {
			isa = PBXCopyFilesBuildPhase;
			buildActionMask = 2147483647;
			dstPath = "include/$(PRODUCT_NAME)";
			dstSubfolderSpec = 16;
			files = (
				E8F5534A1F6A36680054806E /* RNCryptor.h in CopyFiles */,
				E8F5534B1F6A36680054806E /* RNDecryptor.h in CopyFiles */,
				E8F5534C1F6A36680054806E /* RNEncryptor.h in CopyFiles */,
				E8A272751F6A3438008D4370 /* RNCryptorLibrary.h in CopyFiles */,
			);
			runOnlyForDeploymentPostprocessing = 0;
		};
/* End PBXCopyFilesBuildPhase section */

/* Begin PBXFileReference section */
		E8A2726F1F6A3438008D4370 /* libRNCryptorLibrary.a */ = {isa = PBXFileReference; explicitFileType = archive.ar; includeInIndex = 0; path = libRNCryptorLibrary.a; sourceTree = BUILT_PRODUCTS_DIR; };
		E8A272721F6A3438008D4370 /* RNCryptorLibrary.h */ = {isa = PBXFileReference; lastKnownFileType = sourcecode.c.h; path = RNCryptorLibrary.h; sourceTree = "<group>"; };
		E8A272811F6A3472008D4370 /* RNCryptor-Prefix.pch */ = {isa = PBXFileReference; fileEncoding = 4; lastKnownFileType = sourcecode.c.h; path = "RNCryptor-Prefix.pch"; sourceTree = "<group>"; };
		E8A272821F6A3472008D4370 /* RNCryptor.h */ = {isa = PBXFileReference; fileEncoding = 4; lastKnownFileType = sourcecode.c.h; path = RNCryptor.h; sourceTree = "<group>"; };
		E8A272831F6A3472008D4370 /* RNCryptor.m */ = {isa = PBXFileReference; fileEncoding = 4; lastKnownFileType = sourcecode.c.objc; path = RNCryptor.m; sourceTree = "<group>"; };
		E8A272841F6A3472008D4370 /* RNCryptor+Private.h */ = {isa = PBXFileReference; fileEncoding = 4; lastKnownFileType = sourcecode.c.h; path = "RNCryptor+Private.h"; sourceTree = "<group>"; };
		E8A272851F6A3472008D4370 /* RNCryptorEngine.h */ = {isa = PBXFileReference; fileEncoding = 4; lastKnownFileType = sourcecode.c.h; path = RNCryptorEngine.h; sourceTree = "<group>"; };
		E8A272861F6A3472008D4370 /* RNCryptorEngine.m */ = {isa = PBXFileReference; fileEncoding = 4; lastKnownFileType = sourcecode.c.objc; path = RNCryptorEngine.m; sourceTree = "<group>"; };
		E8A272881F6A3472008D4370 /* RNDecryptor.h */ = {isa = PBXFileReference; fileEncoding = 4; lastKnownFileType = sourcecode.c.h; path = RNDecryptor.h; sourceTree = "<group>"; };
		E8A272891F6A3472008D4370 /* RNDecryptor.m */ = {isa = PBXFileReference; fileEncoding = 4; lastKnownFileType = sourcecode.c.objc; path = RNDecryptor.m; sourceTree = "<group>"; };
		E8A2728A1F6A3472008D4370 /* RNEncryptor.h */ = {isa = PBXFileReference; fileEncoding = 4; lastKnownFileType = sourcecode.c.h; path = RNEncryptor.h; sourceTree = "<group>"; };
		E8A2728B1F6A3472008D4370 /* RNEncryptor.m */ = {isa = PBXFileReference; fileEncoding = 4; lastKnownFileType = sourcecode.c.objc; path = RNEncryptor.m; sourceTree = "<group>"; };
/* End PBXFileReference section */

/* Begin PBXFrameworksBuildPhase section */
		E8A2726C1F6A3438008D4370 /* Frameworks */ = {
			isa = PBXFrameworksBuildPhase;
			buildActionMask = 2147483647;
			files = (
			);
			runOnlyForDeploymentPostprocessing = 0;
		};
/* End PBXFrameworksBuildPhase section */

/* Begin PBXGroup section */
		E8A272661F6A3438008D4370 = {
			isa = PBXGroup;
			children = (
				E8A272711F6A3438008D4370 /* RNCryptorLibrary */,
				E8A272701F6A3438008D4370 /* Products */,
			);
			sourceTree = "<group>";
		};
		E8A272701F6A3438008D4370 /* Products */ = {
			isa = PBXGroup;
			children = (
				E8A2726F1F6A3438008D4370 /* libRNCryptorLibrary.a */,
			);
			name = Products;
			sourceTree = "<group>";
		};
		E8A272711F6A3438008D4370 /* RNCryptorLibrary */ = {
			isa = PBXGroup;
			children = (
				E8A272721F6A3438008D4370 /* RNCryptorLibrary.h */,
				E8A272811F6A3472008D4370 /* RNCryptor-Prefix.pch */,
				E8A272821F6A3472008D4370 /* RNCryptor.h */,
				E8A272831F6A3472008D4370 /* RNCryptor.m */,
				E8A272841F6A3472008D4370 /* RNCryptor+Private.h */,
				E8A272851F6A3472008D4370 /* RNCryptorEngine.h */,
				E8A272861F6A3472008D4370 /* RNCryptorEngine.m */,
				E8A272881F6A3472008D4370 /* RNDecryptor.h */,
				E8A272891F6A3472008D4370 /* RNDecryptor.m */,
				E8A2728A1F6A3472008D4370 /* RNEncryptor.h */,
				E8A2728B1F6A3472008D4370 /* RNEncryptor.m */,
			);
			path = RNCryptorLibrary;
			sourceTree = "<group>";
		};
/* End PBXGroup section */

/* Begin PBXNativeTarget section */
		E8A2726E1F6A3438008D4370 /* RNCryptorLibrary */ = {
			isa = PBXNativeTarget;
			buildConfigurationList = E8A272781F6A3438008D4370 /* Build configuration list for PBXNativeTarget "RNCryptorLibrary" */;
			buildPhases = (
				E8A2726B1F6A3438008D4370 /* Sources */,
				E8A2726C1F6A3438008D4370 /* Frameworks */,
				E8A2726D1F6A3438008D4370 /* CopyFiles */,
			);
			buildRules = (
			);
			dependencies = (
			);
			name = RNCryptorLibrary;
			productName = RNCryptorLibrary;
			productReference = E8A2726F1F6A3438008D4370 /* libRNCryptorLibrary.a */;
			productType = "com.apple.product-type.library.static";
		};
/* End PBXNativeTarget section */

/* Begin PBXProject section */
		E8A272671F6A3438008D4370 /* Project object */ = {
			isa = PBXProject;
			attributes = {
				LastUpgradeCheck = 0830;
				ORGANIZATIONNAME = "Edwin Groothuis";
				TargetAttributes = {
					E8A2726E1F6A3438008D4370 = {
						CreatedOnToolsVersion = 8.3.3;
						DevelopmentTeam = NRQ2A5FE8M;
						ProvisioningStyle = Automatic;
					};
				};
			};
			buildConfigurationList = E8A2726A1F6A3438008D4370 /* Build configuration list for PBXProject "RNCryptorLibrary" */;
			compatibilityVersion = "Xcode 3.2";
			developmentRegion = English;
			hasScannedForEncodings = 0;
			knownRegions = (
				en,
			);
			mainGroup = E8A272661F6A3438008D4370;
			productRefGroup = E8A272701F6A3438008D4370 /* Products */;
			projectDirPath = "";
			projectRoot = "";
			targets = (
				E8A2726E1F6A3438008D4370 /* RNCryptorLibrary */,
			);
		};
/* End PBXProject section */

/* Begin PBXSourcesBuildPhase section */
		E8A2726B1F6A3438008D4370 /* Sources */ = {
			isa = PBXSourcesBuildPhase;
			buildActionMask = 2147483647;
			files = (
				E8A2728F1F6A3472008D4370 /* RNDecryptor.m in Sources */,
				E8A2728C1F6A3472008D4370 /* RNCryptor.m in Sources */,
				E8A272901F6A3472008D4370 /* RNEncryptor.m in Sources */,
				E8A2728D1F6A3472008D4370 /* RNCryptorEngine.m in Sources */,
			);
			runOnlyForDeploymentPostprocessing = 0;
		};
/* End PBXSourcesBuildPhase section */

/* Begin XCBuildConfiguration section */
		E8A272761F6A3438008D4370 /* Debug */ = {
			isa = XCBuildConfiguration;
			buildSettings = {
				ALWAYS_SEARCH_USER_PATHS = NO;
				CLANG_ANALYZER_NONNULL = YES;
				CLANG_ANALYZER_NUMBER_OBJECT_CONVERSION = YES_AGGRESSIVE;
				CLANG_CXX_LANGUAGE_STANDARD = "gnu++0x";
				CLANG_CXX_LIBRARY = "libc++";
				CLANG_ENABLE_MODULES = YES;
				CLANG_ENABLE_OBJC_ARC = YES;
				CLANG_WARN_BOOL_CONVERSION = YES;
				CLANG_WARN_CONSTANT_CONVERSION = YES;
				CLANG_WARN_DIRECT_OBJC_ISA_USAGE = YES_ERROR;
				CLANG_WARN_DOCUMENTATION_COMMENTS = YES;
				CLANG_WARN_EMPTY_BODY = YES;
				CLANG_WARN_ENUM_CONVERSION = YES;
				CLANG_WARN_INFINITE_RECURSION = YES;
				CLANG_WARN_INT_CONVERSION = YES;
				CLANG_WARN_OBJC_ROOT_CLASS = YES_ERROR;
				CLANG_WARN_SUSPICIOUS_MOVE = YES;
				CLANG_WARN_UNREACHABLE_CODE = YES;
				CLANG_WARN__DUPLICATE_METHOD_MATCH = YES;
				"CODE_SIGN_IDENTITY[sdk=iphoneos*]" = "iPhone Developer";
				COPY_PHASE_STRIP = NO;
				DEBUG_INFORMATION_FORMAT = dwarf;
				ENABLE_STRICT_OBJC_MSGSEND = YES;
				ENABLE_TESTABILITY = YES;
				GCC_C_LANGUAGE_STANDARD = gnu99;
				GCC_DYNAMIC_NO_PIC = NO;
				GCC_NO_COMMON_BLOCKS = YES;
				GCC_OPTIMIZATION_LEVEL = 0;
				GCC_PREPROCESSOR_DEFINITIONS = (
					"DEBUG=1",
					"$(inherited)",
				);
				GCC_WARN_64_TO_32_BIT_CONVERSION = YES;
				GCC_WARN_ABOUT_RETURN_TYPE = YES_ERROR;
				GCC_WARN_UNDECLARED_SELECTOR = YES;
				GCC_WARN_UNINITIALIZED_AUTOS = YES_AGGRESSIVE;
				GCC_WARN_UNUSED_FUNCTION = YES;
				GCC_WARN_UNUSED_VARIABLE = YES;
				IPHONEOS_DEPLOYMENT_TARGET = 10.3;
				MTL_ENABLE_DEBUG_INFO = YES;
				ONLY_ACTIVE_ARCH = YES;
				SDKROOT = iphoneos;
			};
			name = Debug;
		};
		E8A272771F6A3438008D4370 /* Release */ = {
			isa = XCBuildConfiguration;
			buildSettings = {
				ALWAYS_SEARCH_USER_PATHS = NO;
				CLANG_ANALYZER_NONNULL = YES;
				CLANG_ANALYZER_NUMBER_OBJECT_CONVERSION = YES_AGGRESSIVE;
				CLANG_CXX_LANGUAGE_STANDARD = "gnu++0x";
				CLANG_CXX_LIBRARY = "libc++";
				CLANG_ENABLE_MODULES = YES;
				CLANG_ENABLE_OBJC_ARC = YES;
				CLANG_WARN_BOOL_CONVERSION = YES;
				CLANG_WARN_CONSTANT_CONVERSION = YES;
				CLANG_WARN_DIRECT_OBJC_ISA_USAGE = YES_ERROR;
				CLANG_WARN_DOCUMENTATION_COMMENTS = YES;
				CLANG_WARN_EMPTY_BODY = YES;
				CLANG_WARN_ENUM_CONVERSION = YES;
				CLANG_WARN_INFINITE_RECURSION = YES;
				CLANG_WARN_INT_CONVERSION = YES;
				CLANG_WARN_OBJC_ROOT_CLASS = YES_ERROR;
				CLANG_WARN_SUSPICIOUS_MOVE = YES;
				CLANG_WARN_UNREACHABLE_CODE = YES;
				CLANG_WARN__DUPLICATE_METHOD_MATCH = YES;
				"CODE_SIGN_IDENTITY[sdk=iphoneos*]" = "iPhone Developer";
				COPY_PHASE_STRIP = NO;
				DEBUG_INFORMATION_FORMAT = "dwarf-with-dsym";
				ENABLE_NS_ASSERTIONS = NO;
				ENABLE_STRICT_OBJC_MSGSEND = YES;
				GCC_C_LANGUAGE_STANDARD = gnu99;
				GCC_NO_COMMON_BLOCKS = YES;
				GCC_WARN_64_TO_32_BIT_CONVERSION = YES;
				GCC_WARN_ABOUT_RETURN_TYPE = YES_ERROR;
				GCC_WARN_UNDECLARED_SELECTOR = YES;
				GCC_WARN_UNINITIALIZED_AUTOS = YES_AGGRESSIVE;
				GCC_WARN_UNUSED_FUNCTION = YES;
				GCC_WARN_UNUSED_VARIABLE = YES;
				IPHONEOS_DEPLOYMENT_TARGET = 10.3;
				MTL_ENABLE_DEBUG_INFO = NO;
				SDKROOT = iphoneos;
				VALIDATE_PRODUCT = YES;
			};
			name = Release;
		};
		E8A272791F6A3438008D4370 /* Debug */ = {
			isa = XCBuildConfiguration;
			buildSettings = {
				DEVELOPMENT_TEAM = NRQ2A5FE8M;
				IPHONEOS_DEPLOYMENT_TARGET = 9.1;
				OTHER_LDFLAGS = "-ObjC";
				PRODUCT_NAME = "$(TARGET_NAME)";
				SKIP_INSTALL = YES;
			};
			name = Debug;
		};
		E8A2727A1F6A3438008D4370 /* Release */ = {
			isa = XCBuildConfiguration;
			buildSettings = {
				DEVELOPMENT_TEAM = NRQ2A5FE8M;
				IPHONEOS_DEPLOYMENT_TARGET = 9.1;
				OTHER_LDFLAGS = "-ObjC";
				PRODUCT_NAME = "$(TARGET_NAME)";
				SKIP_INSTALL = YES;
			};
			name = Release;
		};
/* End XCBuildConfiguration section */

/* Begin XCConfigurationList section */
		E8A2726A1F6A3438008D4370 /* Build configuration list for PBXProject "RNCryptorLibrary" */ = {
			isa = XCConfigurationList;
			buildConfigurations = (
				E8A272761F6A3438008D4370 /* Debug */,
				E8A272771F6A3438008D4370 /* Release */,
			);
			defaultConfigurationIsVisible = 0;
			defaultConfigurationName = Release;
		};
		E8A272781F6A3438008D4370 /* Build configuration list for PBXNativeTarget "RNCryptorLibrary" */ = {
			isa = XCConfigurationList;
			buildConfigurations = (
				E8A272791F6A3438008D4370 /* Debug */,
				E8A2727A1F6A3438008D4370 /* Release */,
			);
			defaultConfigurationIsVisible = 0;
			defaultConfigurationName = Release;
		};
/* End XCConfigurationList section */
	};
	rootObject = E8A272671F6A3438008D4370 /* Project object */;
}
